// !$*UTF8*$!
{
	archiveVersion = 1;
	classes = {
	};
	objectVersion = 46;
	objects = {

/* Begin PBXBuildFile section */
		3405129B18D717800010BE72 /* FrontmostWindow.m in Sources */ = {isa = PBXBuildFile; fileRef = 3405129A18D717800010BE72 /* FrontmostWindow.m */; };
		345EEADF18D2D6EB006A6210 /* main.m in Sources */ = {isa = PBXBuildFile; fileRef = 345EEADE18D2D6EB006A6210 /* main.m */; };
/* End PBXBuildFile section */

/* Begin PBXCopyFilesBuildPhase section */
		345EEAD918D2D6EB006A6210 /* CopyFiles */ = {
			isa = PBXCopyFilesBuildPhase;
			buildActionMask = 2147483647;
			dstPath = /usr/share/man/man1/;
			dstSubfolderSpec = 0;
			files = (
			);
			runOnlyForDeploymentPostprocessing = 1;
		};
/* End PBXCopyFilesBuildPhase section */

/* Begin PBXFileReference section */
		3405129918D717800010BE72 /* FrontmostWindow.h */ = {isa = PBXFileReference; fileEncoding = 4; lastKnownFileType = sourcecode.c.h; name = FrontmostWindow.h; path = Classes/FrontmostWindow.h; sourceTree = "<group>"; };
		3405129A18D717800010BE72 /* FrontmostWindow.m */ = {isa = PBXFileReference; fileEncoding = 4; lastKnownFileType = sourcecode.c.objc; name = FrontmostWindow.m; path = Classes/FrontmostWindow.m; sourceTree = "<group>"; };
		345EEADB18D2D6EB006A6210 /* warp-mouse-cursor-position */ = {isa = PBXFileReference; explicitFileType = "compiled.mach-o.executable"; includeInIndex = 0; path = "warp-mouse-cursor-position"; sourceTree = BUILT_PRODUCTS_DIR; };
		345EEADE18D2D6EB006A6210 /* main.m */ = {isa = PBXFileReference; lastKnownFileType = sourcecode.c.objc; path = main.m; sourceTree = "<group>"; };
/* End PBXFileReference section */

/* Begin PBXFrameworksBuildPhase section */
		345EEAD818D2D6EB006A6210 /* Frameworks */ = {
			isa = PBXFrameworksBuildPhase;
			buildActionMask = 2147483647;
			files = (
			);
			runOnlyForDeploymentPostprocessing = 0;
		};
/* End PBXFrameworksBuildPhase section */

/* Begin PBXGroup section */
		3405129818D717780010BE72 /* Classes */ = {
			isa = PBXGroup;
			children = (
				3405129918D717800010BE72 /* FrontmostWindow.h */,
				3405129A18D717800010BE72 /* FrontmostWindow.m */,
			);
			name = Classes;
			sourceTree = "<group>";
		};
		345EEAD218D2D6EB006A6210 = {
			isa = PBXGroup;
			children = (
				345EEADD18D2D6EB006A6210 /* warp-mouse-cursor-position */,
				345EEADC18D2D6EB006A6210 /* Products */,
			);
			sourceTree = "<group>";
		};
		345EEADC18D2D6EB006A6210 /* Products */ = {
			isa = PBXGroup;
			children = (
				345EEADB18D2D6EB006A6210 /* warp-mouse-cursor-position */,
			);
			name = Products;
			sourceTree = "<group>";
		};
		345EEADD18D2D6EB006A6210 /* warp-mouse-cursor-position */ = {
			isa = PBXGroup;
			children = (
				3405129818D717780010BE72 /* Classes */,
				345EEADE18D2D6EB006A6210 /* main.m */,
			);
			path = "warp-mouse-cursor-position";
			sourceTree = "<group>";
		};
/* End PBXGroup section */

/* Begin PBXNativeTarget section */
		345EEADA18D2D6EB006A6210 /* warp-mouse-cursor-position */ = {
			isa = PBXNativeTarget;
			buildConfigurationList = 345EEAE418D2D6EB006A6210 /* Build configuration list for PBXNativeTarget "warp-mouse-cursor-position" */;
			buildPhases = (
				345EEAD718D2D6EB006A6210 /* Sources */,
				345EEAD818D2D6EB006A6210 /* Frameworks */,
				345EEAD918D2D6EB006A6210 /* CopyFiles */,
			);
			buildRules = (
			);
			dependencies = (
			);
			name = "warp-mouse-cursor-position";
			productName = "warp-mouse-cursor-position";
			productReference = 345EEADB18D2D6EB006A6210 /* warp-mouse-cursor-position */;
			productType = "com.apple.product-type.tool";
		};
/* End PBXNativeTarget section */

/* Begin PBXProject section */
		345EEAD318D2D6EB006A6210 /* Project object */ = {
			isa = PBXProject;
			attributes = {
				LastUpgradeCheck = 0510;
				ORGANIZATIONNAME = "Takayama Fumihiko";
			};
			buildConfigurationList = 345EEAD618D2D6EB006A6210 /* Build configuration list for PBXProject "warp-mouse-cursor-position" */;
			compatibilityVersion = "Xcode 3.2";
			developmentRegion = English;
			hasScannedForEncodings = 0;
			knownRegions = (
				en,
			);
			mainGroup = 345EEAD218D2D6EB006A6210;
			productRefGroup = 345EEADC18D2D6EB006A6210 /* Products */;
			projectDirPath = "";
			projectRoot = "";
			targets = (
				345EEADA18D2D6EB006A6210 /* warp-mouse-cursor-position */,
			);
		};
/* End PBXProject section */

/* Begin PBXSourcesBuildPhase section */
		345EEAD718D2D6EB006A6210 /* Sources */ = {
			isa = PBXSourcesBuildPhase;
			buildActionMask = 2147483647;
			files = (
				3405129B18D717800010BE72 /* FrontmostWindow.m in Sources */,
				345EEADF18D2D6EB006A6210 /* main.m in Sources */,
			);
			runOnlyForDeploymentPostprocessing = 0;
		};
/* End PBXSourcesBuildPhase section */

/* Begin XCBuildConfiguration section */
		345EEAE318D2D6EB006A6210 /* Release */ = {
			isa = XCBuildConfiguration;
			buildSettings = {
				ALWAYS_SEARCH_USER_PATHS = NO;
				CLANG_CXX_LANGUAGE_STANDARD = "gnu++0x";
				CLANG_CXX_LIBRARY = "libc++";
				CLANG_ENABLE_MODULES = YES;
				CLANG_ENABLE_OBJC_ARC = YES;
				CLANG_WARN_BOOL_CONVERSION = YES;
				CLANG_WARN_CONSTANT_CONVERSION = YES;
				CLANG_WARN_DIRECT_OBJC_ISA_USAGE = YES_ERROR;
				CLANG_WARN_EMPTY_BODY = YES;
				CLANG_WARN_ENUM_CONVERSION = YES;
				CLANG_WARN_INT_CONVERSION = YES;
				CLANG_WARN_OBJC_ROOT_CLASS = YES_ERROR;
				CLANG_WARN__DUPLICATE_METHOD_MATCH = YES;
				COPY_PHASE_STRIP = YES;
				DEBUG_INFORMATION_FORMAT = "dwarf-with-dsym";
				ENABLE_NS_ASSERTIONS = NO;
				GCC_C_LANGUAGE_STANDARD = gnu99;
				GCC_ENABLE_OBJC_EXCEPTIONS = YES;
				GCC_TREAT_WARNINGS_AS_ERRORS = YES;
				GCC_WARN_64_TO_32_BIT_CONVERSION = YES;
				GCC_WARN_ABOUT_MISSING_NEWLINE = YES;
				GCC_WARN_ABOUT_MISSING_PROTOTYPES = YES;
				GCC_WARN_ABOUT_RETURN_TYPE = YES;
				GCC_WARN_CHECK_SWITCH_STATEMENTS = YES;
				GCC_WARN_MISSING_PARENTHESES = YES;
				GCC_WARN_NON_VIRTUAL_DESTRUCTOR = YES;
				GCC_WARN_SHADOW = YES;
				GCC_WARN_SIGN_COMPARE = YES;
				GCC_WARN_UNDECLARED_SELECTOR = YES;
				GCC_WARN_UNINITIALIZED_AUTOS = YES;
				GCC_WARN_UNUSED_FUNCTION = YES;
				GCC_WARN_UNUSED_LABEL = YES;
				GCC_WARN_UNUSED_VALUE = YES;
				GCC_WARN_UNUSED_VARIABLE = YES;
				MACOSX_DEPLOYMENT_TARGET = 10.9;
				RUN_CLANG_STATIC_ANALYZER = YES;
				SDKROOT = macosx;
			};
			name = Release;
		};
		345EEAE618D2D6EB006A6210 /* Release */ = {
			isa = XCBuildConfiguration;
			buildSettings = {
				PRODUCT_NAME = "$(TARGET_NAME)";
			};
			name = Release;
		};
/* End XCBuildConfiguration section */

/* Begin XCConfigurationList section */
		345EEAD618D2D6EB006A6210 /* Build configuration list for PBXProject "warp-mouse-cursor-position" */ = {
			isa = XCConfigurationList;
			buildConfigurations = (
				345EEAE318D2D6EB006A6210 /* Release */,
			);
			defaultConfigurationIsVisible = 0;
			defaultConfigurationName = Release;
		};
		345EEAE418D2D6EB006A6210 /* Build configuration list for PBXNativeTarget "warp-mouse-cursor-position" */ = {
			isa = XCConfigurationList;
			buildConfigurations = (
				345EEAE618D2D6EB006A6210 /* Release */,
			);
			defaultConfigurationIsVisible = 0;
			defaultConfigurationName = Release;
		};
/* End XCConfigurationList section */
	};
	rootObject = 345EEAD318D2D6EB006A6210 /* Project object */;
}
