// !$*UTF8*$!
{
	archiveVersion = 1;
	classes = {
	};
	objectVersion = 47;
	objects = {

/* Begin PBXBuildFile section */
		1DDD58160DA1D0A300B32029 /* MainMenu.xib in Resources */ = {isa = PBXBuildFile; fileRef = 1DDD58140DA1D0A300B32029 /* MainMenu.xib */; };
		256AC3DA0F4B6AC300CF3369 /* AppDelegate.m in Sources */ = {isa = PBXBuildFile; fileRef = 256AC3D90F4B6AC300CF3369 /* AppDelegate.m */; };
		341A9EDC1CDB87C400101C1B /* CheckboxTree.m in Sources */ = {isa = PBXBuildFile; fileRef = 341A9EDB1CDB87C400101C1B /* CheckboxTree.m */; };
		341A9EDF1CDB87D400101C1B /* ParameterTree.m in Sources */ = {isa = PBXBuildFile; fileRef = 341A9EDE1CDB87D400101C1B /* ParameterTree.m */; };
		343481641CC93EF300ECB9B3 /* SharedUtilities.m in Sources */ = {isa = PBXBuildFile; fileRef = 343481631CC93EF300ECB9B3 /* SharedUtilities.m */; };
		3434816A1CCA7C5800ECB9B3 /* PreferencesModel.m in Sources */ = {isa = PBXBuildFile; fileRef = 343481691CCA7C5800ECB9B3 /* PreferencesModel.m */; };
		343BB0CA13E055B10037A81F /* app.icns in Resources */ = {isa = PBXBuildFile; fileRef = 343BB0C913E055B10037A81F /* app.icns */; };
		34C0681E1CDE1DEC0036D220 /* PreferencesClient.m in Sources */ = {isa = PBXBuildFile; fileRef = 34C0681D1CDE1DEC0036D220 /* PreferencesClient.m */; };
		34FB06391CD8878500491F58 /* CheckboxBackgroundView.m in Sources */ = {isa = PBXBuildFile; fileRef = 34FB061C1CD8878400491F58 /* CheckboxBackgroundView.m */; };
		34FB063A1CD8878500491F58 /* CheckboxCellView.m in Sources */ = {isa = PBXBuildFile; fileRef = 34FB061E1CD8878400491F58 /* CheckboxCellView.m */; };
		34FB063B1CD8878500491F58 /* CheckboxOutlineView.m in Sources */ = {isa = PBXBuildFile; fileRef = 34FB06201CD8878400491F58 /* CheckboxOutlineView.m */; };
		34FB063C1CD8878500491F58 /* CheckboxOutlineViewDataSource.m in Sources */ = {isa = PBXBuildFile; fileRef = 34FB06221CD8878400491F58 /* CheckboxOutlineViewDataSource.m */; };
		34FB063D1CD8878500491F58 /* CheckboxOutlineViewDelegate.m in Sources */ = {isa = PBXBuildFile; fileRef = 34FB06241CD8878400491F58 /* CheckboxOutlineViewDelegate.m */; };
		34FB063E1CD8878500491F58 /* ParameterDiffCellView.m in Sources */ = {isa = PBXBuildFile; fileRef = 34FB06261CD8878400491F58 /* ParameterDiffCellView.m */; };
		34FB063F1CD8878500491F58 /* ParameterOutlineView.m in Sources */ = {isa = PBXBuildFile; fileRef = 34FB06281CD8878400491F58 /* ParameterOutlineView.m */; };
		34FB06401CD8878500491F58 /* ParameterOutlineViewDataSource.m in Sources */ = {isa = PBXBuildFile; fileRef = 34FB062A1CD8878400491F58 /* ParameterOutlineViewDataSource.m */; };
		34FB06411CD8878500491F58 /* ParameterOutlineViewDelegate.m in Sources */ = {isa = PBXBuildFile; fileRef = 34FB062C1CD8878500491F58 /* ParameterOutlineViewDelegate.m */; };
		34FB06421CD8878500491F58 /* ParameterValueCellView.m in Sources */ = {isa = PBXBuildFile; fileRef = 34FB062E1CD8878500491F58 /* ParameterValueCellView.m */; };
		34FB06431CD8878500491F58 /* PreferencesWindowController.m in Sources */ = {isa = PBXBuildFile; fileRef = 34FB06301CD8878500491F58 /* PreferencesWindowController.m */; };
		34FB06441CD8878500491F58 /* ProfileCellView.m in Sources */ = {isa = PBXBuildFile; fileRef = 34FB06321CD8878500491F58 /* ProfileCellView.m */; };
		34FB06451CD8878500491F58 /* ProfileTableView.m in Sources */ = {isa = PBXBuildFile; fileRef = 34FB06341CD8878500491F58 /* ProfileTableView.m */; };
		34FB06461CD8878500491F58 /* ProfileTableViewDataSource.m in Sources */ = {isa = PBXBuildFile; fileRef = 34FB06361CD8878500491F58 /* ProfileTableViewDataSource.m */; };
		34FB06471CD8878500491F58 /* ProfileTableViewDelegate.m in Sources */ = {isa = PBXBuildFile; fileRef = 34FB06381CD8878500491F58 /* ProfileTableViewDelegate.m */; };
		34FB064A1CD88E5C00491F58 /* ServerClient.m in Sources */ = {isa = PBXBuildFile; fileRef = 34FB06491CD88E5C00491F58 /* ServerClient.m */; };
		34FB064E1CD8E23100491F58 /* Relauncher.m in Sources */ = {isa = PBXBuildFile; fileRef = 34FB064D1CD8E23100491F58 /* Relauncher.m */; };
		8D11072D0486CEB800E47090 /* main.m in Sources */ = {isa = PBXBuildFile; fileRef = 29B97316FDCFA39411CA2CEA /* main.m */; settings = {ATTRIBUTES = (); }; };
		8D11072F0486CEB800E47090 /* Cocoa.framework in Frameworks */ = {isa = PBXBuildFile; fileRef = 1058C7A1FEA54F0111CA2CBB /* Cocoa.framework */; };
/* End PBXBuildFile section */

/* Begin PBXCopyFilesBuildPhase section */
		340A05911302CE8E00B7E1B1 /* Copy Files */ = {
			isa = PBXCopyFilesBuildPhase;
			buildActionMask = 2147483647;
			dstPath = "";
			dstSubfolderSpec = 10;
			files = (
			);
			name = "Copy Files";
			runOnlyForDeploymentPostprocessing = 0;
		};
/* End PBXCopyFilesBuildPhase section */

/* Begin PBXFileReference section */
		1058C7A1FEA54F0111CA2CBB /* Cocoa.framework */ = {isa = PBXFileReference; lastKnownFileType = wrapper.framework; name = Cocoa.framework; path = /System/Library/Frameworks/Cocoa.framework; sourceTree = "<absolute>"; };
		13E42FB307B3F0F600E4EEF1 /* CoreData.framework */ = {isa = PBXFileReference; lastKnownFileType = wrapper.framework; name = CoreData.framework; path = /System/Library/Frameworks/CoreData.framework; sourceTree = "<absolute>"; };
		256AC3D80F4B6AC300CF3369 /* AppDelegate.h */ = {isa = PBXFileReference; fileEncoding = 4; lastKnownFileType = sourcecode.c.h; path = AppDelegate.h; sourceTree = "<group>"; };
		256AC3D90F4B6AC300CF3369 /* AppDelegate.m */ = {isa = PBXFileReference; fileEncoding = 4; lastKnownFileType = sourcecode.c.objc; path = AppDelegate.m; sourceTree = "<group>"; };
		256AC3F00F4B6AF500CF3369 /* PreferencesWindow_Prefix.pch */ = {isa = PBXFileReference; fileEncoding = 4; lastKnownFileType = sourcecode.c.h; path = PreferencesWindow_Prefix.pch; sourceTree = "<group>"; };
		29B97316FDCFA39411CA2CEA /* main.m */ = {isa = PBXFileReference; fileEncoding = 4; lastKnownFileType = sourcecode.c.objc; path = main.m; sourceTree = "<group>"; };
		29B97324FDCFA39411CA2CEA /* AppKit.framework */ = {isa = PBXFileReference; lastKnownFileType = wrapper.framework; name = AppKit.framework; path = /System/Library/Frameworks/AppKit.framework; sourceTree = "<absolute>"; };
		29B97325FDCFA39411CA2CEA /* Foundation.framework */ = {isa = PBXFileReference; lastKnownFileType = wrapper.framework; name = Foundation.framework; path = /System/Library/Frameworks/Foundation.framework; sourceTree = "<absolute>"; };
		3401D0DE16586C0700CF962F /* ServerClientProtocol.h */ = {isa = PBXFileReference; fileEncoding = 4; lastKnownFileType = sourcecode.c.h; name = ServerClientProtocol.h; path = ../../share/ServerClientProtocol.h; sourceTree = "<group>"; };
		341A9EDA1CDB87C400101C1B /* CheckboxTree.h */ = {isa = PBXFileReference; fileEncoding = 4; lastKnownFileType = sourcecode.c.h; name = CheckboxTree.h; path = ../../share/CheckboxTree.h; sourceTree = "<group>"; };
		341A9EDB1CDB87C400101C1B /* CheckboxTree.m */ = {isa = PBXFileReference; fileEncoding = 4; lastKnownFileType = sourcecode.c.objc; name = CheckboxTree.m; path = ../../share/CheckboxTree.m; sourceTree = "<group>"; };
		341A9EDD1CDB87D400101C1B /* ParameterTree.h */ = {isa = PBXFileReference; fileEncoding = 4; lastKnownFileType = sourcecode.c.h; name = ParameterTree.h; path = ../../share/ParameterTree.h; sourceTree = "<group>"; };
		341A9EDE1CDB87D400101C1B /* ParameterTree.m */ = {isa = PBXFileReference; fileEncoding = 4; lastKnownFileType = sourcecode.c.objc; name = ParameterTree.m; path = ../../share/ParameterTree.m; sourceTree = "<group>"; };
		343481621CC93EF300ECB9B3 /* SharedUtilities.h */ = {isa = PBXFileReference; fileEncoding = 4; lastKnownFileType = sourcecode.c.h; name = SharedUtilities.h; path = ../../share/SharedUtilities.h; sourceTree = "<group>"; };
		343481631CC93EF300ECB9B3 /* SharedUtilities.m */ = {isa = PBXFileReference; fileEncoding = 4; lastKnownFileType = sourcecode.c.objc; name = SharedUtilities.m; path = ../../share/SharedUtilities.m; sourceTree = "<group>"; };
		343481681CCA7C5800ECB9B3 /* PreferencesModel.h */ = {isa = PBXFileReference; fileEncoding = 4; lastKnownFileType = sourcecode.c.h; name = PreferencesModel.h; path = ../../share/PreferencesModel.h; sourceTree = "<group>"; };
		343481691CCA7C5800ECB9B3 /* PreferencesModel.m */ = {isa = PBXFileReference; fileEncoding = 4; lastKnownFileType = sourcecode.c.objc; name = PreferencesModel.m; path = ../../share/PreferencesModel.m; sourceTree = "<group>"; };
		343522DA1DC64708003B3FE9 /* Base */ = {isa = PBXFileReference; lastKnownFileType = file.xib; name = Base; path = Base.lproj/MainMenu.xib; sourceTree = "<group>"; };
		343BB0C913E055B10037A81F /* app.icns */ = {isa = PBXFileReference; lastKnownFileType = image.icns; name = app.icns; path = ../../share/Resources/app.icns; sourceTree = "<group>"; };
		346971B21CE47D69004034E1 /* weakify.h */ = {isa = PBXFileReference; fileEncoding = 4; lastKnownFileType = sourcecode.c.h; name = weakify.h; path = ../../share/weakify.h; sourceTree = "<group>"; };
		34B2A65A13745B6000694134 /* SharedKeys.h */ = {isa = PBXFileReference; fileEncoding = 4; lastKnownFileType = sourcecode.c.h; name = SharedKeys.h; path = ../../share/SharedKeys.h; sourceTree = "<group>"; };
		34C0681C1CDE1DEC0036D220 /* PreferencesClient.h */ = {isa = PBXFileReference; fileEncoding = 4; lastKnownFileType = sourcecode.c.h; name = PreferencesClient.h; path = ../../share/PreferencesClient.h; sourceTree = "<group>"; };
		34C0681D1CDE1DEC0036D220 /* PreferencesClient.m */ = {isa = PBXFileReference; fileEncoding = 4; lastKnownFileType = sourcecode.c.objc; name = PreferencesClient.m; path = ../../share/PreferencesClient.m; sourceTree = "<group>"; };
		34FB061B1CD8878400491F58 /* CheckboxBackgroundView.h */ = {isa = PBXFileReference; fileEncoding = 4; lastKnownFileType = sourcecode.c.h; name = CheckboxBackgroundView.h; path = Classes/CheckboxBackgroundView.h; sourceTree = "<group>"; };
		34FB061C1CD8878400491F58 /* CheckboxBackgroundView.m */ = {isa = PBXFileReference; fileEncoding = 4; lastKnownFileType = sourcecode.c.objc; name = CheckboxBackgroundView.m; path = Classes/CheckboxBackgroundView.m; sourceTree = "<group>"; };
		34FB061D1CD8878400491F58 /* CheckboxCellView.h */ = {isa = PBXFileReference; fileEncoding = 4; lastKnownFileType = sourcecode.c.h; name = CheckboxCellView.h; path = Classes/CheckboxCellView.h; sourceTree = "<group>"; };
		34FB061E1CD8878400491F58 /* CheckboxCellView.m */ = {isa = PBXFileReference; fileEncoding = 4; lastKnownFileType = sourcecode.c.objc; name = CheckboxCellView.m; path = Classes/CheckboxCellView.m; sourceTree = "<group>"; };
		34FB061F1CD8878400491F58 /* CheckboxOutlineView.h */ = {isa = PBXFileReference; fileEncoding = 4; lastKnownFileType = sourcecode.c.h; name = CheckboxOutlineView.h; path = Classes/CheckboxOutlineView.h; sourceTree = "<group>"; };
		34FB06201CD8878400491F58 /* CheckboxOutlineView.m */ = {isa = PBXFileReference; fileEncoding = 4; lastKnownFileType = sourcecode.c.objc; name = CheckboxOutlineView.m; path = Classes/CheckboxOutlineView.m; sourceTree = "<group>"; };
		34FB06211CD8878400491F58 /* CheckboxOutlineViewDataSource.h */ = {isa = PBXFileReference; fileEncoding = 4; lastKnownFileType = sourcecode.c.h; name = CheckboxOutlineViewDataSource.h; path = Classes/CheckboxOutlineViewDataSource.h; sourceTree = "<group>"; };
		34FB06221CD8878400491F58 /* CheckboxOutlineViewDataSource.m */ = {isa = PBXFileReference; fileEncoding = 4; lastKnownFileType = sourcecode.c.objc; name = CheckboxOutlineViewDataSource.m; path = Classes/CheckboxOutlineViewDataSource.m; sourceTree = "<group>"; };
		34FB06231CD8878400491F58 /* CheckboxOutlineViewDelegate.h */ = {isa = PBXFileReference; fileEncoding = 4; lastKnownFileType = sourcecode.c.h; name = CheckboxOutlineViewDelegate.h; path = Classes/CheckboxOutlineViewDelegate.h; sourceTree = "<group>"; };
		34FB06241CD8878400491F58 /* CheckboxOutlineViewDelegate.m */ = {isa = PBXFileReference; fileEncoding = 4; lastKnownFileType = sourcecode.c.objc; name = CheckboxOutlineViewDelegate.m; path = Classes/CheckboxOutlineViewDelegate.m; sourceTree = "<group>"; };
		34FB06251CD8878400491F58 /* ParameterDiffCellView.h */ = {isa = PBXFileReference; fileEncoding = 4; lastKnownFileType = sourcecode.c.h; name = ParameterDiffCellView.h; path = Classes/ParameterDiffCellView.h; sourceTree = "<group>"; };
		34FB06261CD8878400491F58 /* ParameterDiffCellView.m */ = {isa = PBXFileReference; fileEncoding = 4; lastKnownFileType = sourcecode.c.objc; name = ParameterDiffCellView.m; path = Classes/ParameterDiffCellView.m; sourceTree = "<group>"; };
		34FB06271CD8878400491F58 /* ParameterOutlineView.h */ = {isa = PBXFileReference; fileEncoding = 4; lastKnownFileType = sourcecode.c.h; name = ParameterOutlineView.h; path = Classes/ParameterOutlineView.h; sourceTree = "<group>"; };
		34FB06281CD8878400491F58 /* ParameterOutlineView.m */ = {isa = PBXFileReference; fileEncoding = 4; lastKnownFileType = sourcecode.c.objc; name = ParameterOutlineView.m; path = Classes/ParameterOutlineView.m; sourceTree = "<group>"; };
		34FB06291CD8878400491F58 /* ParameterOutlineViewDataSource.h */ = {isa = PBXFileReference; fileEncoding = 4; lastKnownFileType = sourcecode.c.h; name = ParameterOutlineViewDataSource.h; path = Classes/ParameterOutlineViewDataSource.h; sourceTree = "<group>"; };
		34FB062A1CD8878400491F58 /* ParameterOutlineViewDataSource.m */ = {isa = PBXFileReference; fileEncoding = 4; lastKnownFileType = sourcecode.c.objc; name = ParameterOutlineViewDataSource.m; path = Classes/ParameterOutlineViewDataSource.m; sourceTree = "<group>"; };
		34FB062B1CD8878500491F58 /* ParameterOutlineViewDelegate.h */ = {isa = PBXFileReference; fileEncoding = 4; lastKnownFileType = sourcecode.c.h; name = ParameterOutlineViewDelegate.h; path = Classes/ParameterOutlineViewDelegate.h; sourceTree = "<group>"; };
		34FB062C1CD8878500491F58 /* ParameterOutlineViewDelegate.m */ = {isa = PBXFileReference; fileEncoding = 4; lastKnownFileType = sourcecode.c.objc; name = ParameterOutlineViewDelegate.m; path = Classes/ParameterOutlineViewDelegate.m; sourceTree = "<group>"; };
		34FB062D1CD8878500491F58 /* ParameterValueCellView.h */ = {isa = PBXFileReference; fileEncoding = 4; lastKnownFileType = sourcecode.c.h; name = ParameterValueCellView.h; path = Classes/ParameterValueCellView.h; sourceTree = "<group>"; };
		34FB062E1CD8878500491F58 /* ParameterValueCellView.m */ = {isa = PBXFileReference; fileEncoding = 4; lastKnownFileType = sourcecode.c.objc; name = ParameterValueCellView.m; path = Classes/ParameterValueCellView.m; sourceTree = "<group>"; };
		34FB062F1CD8878500491F58 /* PreferencesWindowController.h */ = {isa = PBXFileReference; fileEncoding = 4; lastKnownFileType = sourcecode.c.h; name = PreferencesWindowController.h; path = Classes/PreferencesWindowController.h; sourceTree = "<group>"; };
		34FB06301CD8878500491F58 /* PreferencesWindowController.m */ = {isa = PBXFileReference; fileEncoding = 4; lastKnownFileType = sourcecode.c.objc; name = PreferencesWindowController.m; path = Classes/PreferencesWindowController.m; sourceTree = "<group>"; };
		34FB06311CD8878500491F58 /* ProfileCellView.h */ = {isa = PBXFileReference; fileEncoding = 4; lastKnownFileType = sourcecode.c.h; name = ProfileCellView.h; path = Classes/ProfileCellView.h; sourceTree = "<group>"; };
		34FB06321CD8878500491F58 /* ProfileCellView.m */ = {isa = PBXFileReference; fileEncoding = 4; lastKnownFileType = sourcecode.c.objc; name = ProfileCellView.m; path = Classes/ProfileCellView.m; sourceTree = "<group>"; };
		34FB06331CD8878500491F58 /* ProfileTableView.h */ = {isa = PBXFileReference; fileEncoding = 4; lastKnownFileType = sourcecode.c.h; name = ProfileTableView.h; path = Classes/ProfileTableView.h; sourceTree = "<group>"; };
		34FB06341CD8878500491F58 /* ProfileTableView.m */ = {isa = PBXFileReference; fileEncoding = 4; lastKnownFileType = sourcecode.c.objc; name = ProfileTableView.m; path = Classes/ProfileTableView.m; sourceTree = "<group>"; };
		34FB06351CD8878500491F58 /* ProfileTableViewDataSource.h */ = {isa = PBXFileReference; fileEncoding = 4; lastKnownFileType = sourcecode.c.h; name = ProfileTableViewDataSource.h; path = Classes/ProfileTableViewDataSource.h; sourceTree = "<group>"; };
		34FB06361CD8878500491F58 /* ProfileTableViewDataSource.m */ = {isa = PBXFileReference; fileEncoding = 4; lastKnownFileType = sourcecode.c.objc; name = ProfileTableViewDataSource.m; path = Classes/ProfileTableViewDataSource.m; sourceTree = "<group>"; };
		34FB06371CD8878500491F58 /* ProfileTableViewDelegate.h */ = {isa = PBXFileReference; fileEncoding = 4; lastKnownFileType = sourcecode.c.h; name = ProfileTableViewDelegate.h; path = Classes/ProfileTableViewDelegate.h; sourceTree = "<group>"; };
		34FB06381CD8878500491F58 /* ProfileTableViewDelegate.m */ = {isa = PBXFileReference; fileEncoding = 4; lastKnownFileType = sourcecode.c.objc; name = ProfileTableViewDelegate.m; path = Classes/ProfileTableViewDelegate.m; sourceTree = "<group>"; };
		34FB06481CD88E5C00491F58 /* ServerClient.h */ = {isa = PBXFileReference; fileEncoding = 4; lastKnownFileType = sourcecode.c.h; name = ServerClient.h; path = ../../share/ServerClient.h; sourceTree = "<group>"; };
		34FB06491CD88E5C00491F58 /* ServerClient.m */ = {isa = PBXFileReference; fileEncoding = 4; lastKnownFileType = sourcecode.c.objc; name = ServerClient.m; path = ../../share/ServerClient.m; sourceTree = "<group>"; };
		34FB064B1CD8DD8C00491F58 /* NotificationKeys.h */ = {isa = PBXFileReference; fileEncoding = 4; lastKnownFileType = sourcecode.c.h; name = NotificationKeys.h; path = Classes/NotificationKeys.h; sourceTree = "<group>"; };
		34FB064C1CD8E23100491F58 /* Relauncher.h */ = {isa = PBXFileReference; fileEncoding = 4; lastKnownFileType = sourcecode.c.h; name = Relauncher.h; path = ../../share/Relauncher.h; sourceTree = "<group>"; };
		34FB064D1CD8E23100491F58 /* Relauncher.m */ = {isa = PBXFileReference; fileEncoding = 4; lastKnownFileType = sourcecode.c.objc; name = Relauncher.m; path = ../../share/Relauncher.m; sourceTree = "<group>"; };
		8D1107310486CEB800E47090 /* Info.plist */ = {isa = PBXFileReference; fileEncoding = 4; lastKnownFileType = text.plist.xml; path = Info.plist; sourceTree = "<group>"; };
		8D1107320486CEB800E47090 /* Karabiner Preferences.app */ = {isa = PBXFileReference; explicitFileType = wrapper.application; includeInIndex = 0; path = "Karabiner Preferences.app"; sourceTree = BUILT_PRODUCTS_DIR; };
/* End PBXFileReference section */

/* Begin PBXFrameworksBuildPhase section */
		8D11072E0486CEB800E47090 /* Frameworks */ = {
			isa = PBXFrameworksBuildPhase;
			buildActionMask = 2147483647;
			files = (
				8D11072F0486CEB800E47090 /* Cocoa.framework in Frameworks */,
			);
			runOnlyForDeploymentPostprocessing = 0;
		};
/* End PBXFrameworksBuildPhase section */

/* Begin PBXGroup section */
		080E96DDFE201D6D7F000001 /* Classes */ = {
			isa = PBXGroup;
			children = (
				256AC3D80F4B6AC300CF3369 /* AppDelegate.h */,
				256AC3D90F4B6AC300CF3369 /* AppDelegate.m */,
				34FB061B1CD8878400491F58 /* CheckboxBackgroundView.h */,
				34FB061C1CD8878400491F58 /* CheckboxBackgroundView.m */,
				34FB061D1CD8878400491F58 /* CheckboxCellView.h */,
				34FB061E1CD8878400491F58 /* CheckboxCellView.m */,
				34FB061F1CD8878400491F58 /* CheckboxOutlineView.h */,
				34FB06201CD8878400491F58 /* CheckboxOutlineView.m */,
				34FB06211CD8878400491F58 /* CheckboxOutlineViewDataSource.h */,
				34FB06221CD8878400491F58 /* CheckboxOutlineViewDataSource.m */,
				34FB06231CD8878400491F58 /* CheckboxOutlineViewDelegate.h */,
				34FB06241CD8878400491F58 /* CheckboxOutlineViewDelegate.m */,
				34FB064B1CD8DD8C00491F58 /* NotificationKeys.h */,
				34FB06251CD8878400491F58 /* ParameterDiffCellView.h */,
				34FB06261CD8878400491F58 /* ParameterDiffCellView.m */,
				34FB06271CD8878400491F58 /* ParameterOutlineView.h */,
				34FB06281CD8878400491F58 /* ParameterOutlineView.m */,
				34FB06291CD8878400491F58 /* ParameterOutlineViewDataSource.h */,
				34FB062A1CD8878400491F58 /* ParameterOutlineViewDataSource.m */,
				34FB062B1CD8878500491F58 /* ParameterOutlineViewDelegate.h */,
				34FB062C1CD8878500491F58 /* ParameterOutlineViewDelegate.m */,
				34FB062D1CD8878500491F58 /* ParameterValueCellView.h */,
				34FB062E1CD8878500491F58 /* ParameterValueCellView.m */,
				34FB062F1CD8878500491F58 /* PreferencesWindowController.h */,
				34FB06301CD8878500491F58 /* PreferencesWindowController.m */,
				34FB06311CD8878500491F58 /* ProfileCellView.h */,
				34FB06321CD8878500491F58 /* ProfileCellView.m */,
				34FB06331CD8878500491F58 /* ProfileTableView.h */,
				34FB06341CD8878500491F58 /* ProfileTableView.m */,
				34FB06351CD8878500491F58 /* ProfileTableViewDataSource.h */,
				34FB06361CD8878500491F58 /* ProfileTableViewDataSource.m */,
				34FB06371CD8878500491F58 /* ProfileTableViewDelegate.h */,
				34FB06381CD8878500491F58 /* ProfileTableViewDelegate.m */,
				34D944401932164F0062E422 /* share */,
			);
			name = Classes;
			sourceTree = "<group>";
		};
		1058C7A0FEA54F0111CA2CBB /* Linked Frameworks */ = {
			isa = PBXGroup;
			children = (
				1058C7A1FEA54F0111CA2CBB /* Cocoa.framework */,
			);
			name = "Linked Frameworks";
			sourceTree = "<group>";
		};
		1058C7A2FEA54F0111CA2CBB /* Other Frameworks */ = {
			isa = PBXGroup;
			children = (
				29B97324FDCFA39411CA2CEA /* AppKit.framework */,
				13E42FB307B3F0F600E4EEF1 /* CoreData.framework */,
				29B97325FDCFA39411CA2CEA /* Foundation.framework */,
			);
			name = "Other Frameworks";
			sourceTree = "<group>";
		};
		19C28FACFE9D520D11CA2CBB /* Products */ = {
			isa = PBXGroup;
			children = (
				8D1107320486CEB800E47090 /* Karabiner Preferences.app */,
			);
			name = Products;
			sourceTree = "<group>";
		};
		29B97314FDCFA39411CA2CEA /* PreferencesWindow */ = {
			isa = PBXGroup;
			children = (
				080E96DDFE201D6D7F000001 /* Classes */,
				29B97315FDCFA39411CA2CEA /* Other Sources */,
				29B97317FDCFA39411CA2CEA /* Resources */,
				29B97323FDCFA39411CA2CEA /* Frameworks */,
				19C28FACFE9D520D11CA2CBB /* Products */,
			);
			name = PreferencesWindow;
			sourceTree = "<group>";
		};
		29B97315FDCFA39411CA2CEA /* Other Sources */ = {
			isa = PBXGroup;
			children = (
				256AC3F00F4B6AF500CF3369 /* PreferencesWindow_Prefix.pch */,
				29B97316FDCFA39411CA2CEA /* main.m */,
			);
			name = "Other Sources";
			sourceTree = "<group>";
		};
		29B97317FDCFA39411CA2CEA /* Resources */ = {
			isa = PBXGroup;
			children = (
				343BB0C913E055B10037A81F /* app.icns */,
				8D1107310486CEB800E47090 /* Info.plist */,
				1DDD58140DA1D0A300B32029 /* MainMenu.xib */,
			);
			name = Resources;
			sourceTree = "<group>";
		};
		29B97323FDCFA39411CA2CEA /* Frameworks */ = {
			isa = PBXGroup;
			children = (
				1058C7A0FEA54F0111CA2CBB /* Linked Frameworks */,
				1058C7A2FEA54F0111CA2CBB /* Other Frameworks */,
			);
			name = Frameworks;
			sourceTree = "<group>";
		};
		34D944401932164F0062E422 /* share */ = {
			isa = PBXGroup;
			children = (
				341A9EDA1CDB87C400101C1B /* CheckboxTree.h */,
				341A9EDB1CDB87C400101C1B /* CheckboxTree.m */,
				341A9EDD1CDB87D400101C1B /* ParameterTree.h */,
				341A9EDE1CDB87D400101C1B /* ParameterTree.m */,
				34C0681C1CDE1DEC0036D220 /* PreferencesClient.h */,
				34C0681D1CDE1DEC0036D220 /* PreferencesClient.m */,
				343481681CCA7C5800ECB9B3 /* PreferencesModel.h */,
				343481691CCA7C5800ECB9B3 /* PreferencesModel.m */,
				34FB064C1CD8E23100491F58 /* Relauncher.h */,
				34FB064D1CD8E23100491F58 /* Relauncher.m */,
				34FB06481CD88E5C00491F58 /* ServerClient.h */,
				34FB06491CD88E5C00491F58 /* ServerClient.m */,
				3401D0DE16586C0700CF962F /* ServerClientProtocol.h */,
				34B2A65A13745B6000694134 /* SharedKeys.h */,
				343481621CC93EF300ECB9B3 /* SharedUtilities.h */,
				343481631CC93EF300ECB9B3 /* SharedUtilities.m */,
				346971B21CE47D69004034E1 /* weakify.h */,
			);
			name = share;
			sourceTree = "<group>";
		};
/* End PBXGroup section */

/* Begin PBXNativeTarget section */
		8D1107260486CEB800E47090 /* PreferencesWindow */ = {
			isa = PBXNativeTarget;
			buildConfigurationList = C01FCF4A08A954540054247B /* Build configuration list for PBXNativeTarget "PreferencesWindow" */;
			buildPhases = (
				340A05911302CE8E00B7E1B1 /* Copy Files */,
				8D1107290486CEB800E47090 /* Resources */,
				8D11072C0486CEB800E47090 /* Sources */,
				8D11072E0486CEB800E47090 /* Frameworks */,
			);
			buildRules = (
			);
			dependencies = (
			);
			name = PreferencesWindow;
			productInstallPath = "$(HOME)/Applications";
			productName = PreferencesWindow;
			productReference = 8D1107320486CEB800E47090 /* Karabiner Preferences.app */;
			productType = "com.apple.product-type.application";
		};
/* End PBXNativeTarget section */

/* Begin PBXProject section */
		29B97313FDCFA39411CA2CEA /* Project object */ = {
			isa = PBXProject;
			attributes = {
				LastUpgradeCheck = 0810;
			};
			buildConfigurationList = C01FCF4E08A954540054247B /* Build configuration list for PBXProject "PreferencesWindow" */;
			compatibilityVersion = "Xcode 6.3";
			developmentRegion = English;
			hasScannedForEncodings = 1;
			knownRegions = (
				en,
			);
			mainGroup = 29B97314FDCFA39411CA2CEA /* PreferencesWindow */;
			projectDirPath = "";
			projectRoot = "";
			targets = (
				8D1107260486CEB800E47090 /* PreferencesWindow */,
			);
		};
/* End PBXProject section */

/* Begin PBXResourcesBuildPhase section */
		8D1107290486CEB800E47090 /* Resources */ = {
			isa = PBXResourcesBuildPhase;
			buildActionMask = 2147483647;
			files = (
				1DDD58160DA1D0A300B32029 /* MainMenu.xib in Resources */,
				343BB0CA13E055B10037A81F /* app.icns in Resources */,
			);
			runOnlyForDeploymentPostprocessing = 0;
		};
/* End PBXResourcesBuildPhase section */

/* Begin PBXSourcesBuildPhase section */
		8D11072C0486CEB800E47090 /* Sources */ = {
			isa = PBXSourcesBuildPhase;
			buildActionMask = 2147483647;
			files = (
				34FB06401CD8878500491F58 /* ParameterOutlineViewDataSource.m in Sources */,
				8D11072D0486CEB800E47090 /* main.m in Sources */,
				341A9EDC1CDB87C400101C1B /* CheckboxTree.m in Sources */,
				34FB064A1CD88E5C00491F58 /* ServerClient.m in Sources */,
				34FB06461CD8878500491F58 /* ProfileTableViewDataSource.m in Sources */,
				256AC3DA0F4B6AC300CF3369 /* AppDelegate.m in Sources */,
				34FB063D1CD8878500491F58 /* CheckboxOutlineViewDelegate.m in Sources */,
				341A9EDF1CDB87D400101C1B /* ParameterTree.m in Sources */,
				34FB06391CD8878500491F58 /* CheckboxBackgroundView.m in Sources */,
				34FB06441CD8878500491F58 /* ProfileCellView.m in Sources */,
				34FB06471CD8878500491F58 /* ProfileTableViewDelegate.m in Sources */,
				34FB06411CD8878500491F58 /* ParameterOutlineViewDelegate.m in Sources */,
				34FB063F1CD8878500491F58 /* ParameterOutlineView.m in Sources */,
				3434816A1CCA7C5800ECB9B3 /* PreferencesModel.m in Sources */,
				343481641CC93EF300ECB9B3 /* SharedUtilities.m in Sources */,
				34FB064E1CD8E23100491F58 /* Relauncher.m in Sources */,
				34FB063B1CD8878500491F58 /* CheckboxOutlineView.m in Sources */,
				34C0681E1CDE1DEC0036D220 /* PreferencesClient.m in Sources */,
				34FB06451CD8878500491F58 /* ProfileTableView.m in Sources */,
				34FB06421CD8878500491F58 /* ParameterValueCellView.m in Sources */,
				34FB063A1CD8878500491F58 /* CheckboxCellView.m in Sources */,
				34FB06431CD8878500491F58 /* PreferencesWindowController.m in Sources */,
				34FB063C1CD8878500491F58 /* CheckboxOutlineViewDataSource.m in Sources */,
				34FB063E1CD8878500491F58 /* ParameterDiffCellView.m in Sources */,
			);
			runOnlyForDeploymentPostprocessing = 0;
		};
/* End PBXSourcesBuildPhase section */

/* Begin PBXVariantGroup section */
		1DDD58140DA1D0A300B32029 /* MainMenu.xib */ = {
			isa = PBXVariantGroup;
			children = (
				343522DA1DC64708003B3FE9 /* Base */,
			);
			name = MainMenu.xib;
			sourceTree = "<group>";
		};
/* End PBXVariantGroup section */

/* Begin XCBuildConfiguration section */
		C01FCF4C08A954540054247B /* Release */ = {
			isa = XCBuildConfiguration;
			buildSettings = {
				ALWAYS_SEARCH_USER_PATHS = NO;
				CLANG_ENABLE_OBJC_ARC = YES;
				COMBINE_HIDPI_IMAGES = YES;
				DEBUG_INFORMATION_FORMAT = "dwarf-with-dsym";
				GCC_MODEL_TUNING = G5;
				GCC_PRECOMPILE_PREFIX_HEADER = YES;
				GCC_PREFIX_HEADER = PreferencesWindow_Prefix.pch;
				INFOPLIST_FILE = Info.plist;
				INSTALL_PATH = "$(HOME)/Applications";
				LIBRARY_SEARCH_PATHS = (
					"$(inherited)",
					"\"$(SRCROOT)/../../lib/xml_compiler/build/Release\"",
				);
				PRODUCT_BUNDLE_IDENTIFIER = "org.pqrs.Karabiner-Preferences";
				PRODUCT_NAME = "Karabiner Preferences";
			};
			name = Release;
		};
		C01FCF5008A954540054247B /* Release */ = {
			isa = XCBuildConfiguration;
			buildSettings = {
				CLANG_ENABLE_MODULES = YES;
				CLANG_WARN_BOOL_CONVERSION = YES;
				CLANG_WARN_CONSTANT_CONVERSION = YES;
				CLANG_WARN_EMPTY_BODY = YES;
				CLANG_WARN_ENUM_CONVERSION = YES;
				CLANG_WARN_INFINITE_RECURSION = YES;
				CLANG_WARN_INT_CONVERSION = YES;
				CLANG_WARN_SUSPICIOUS_MOVE = YES;
				CLANG_WARN_UNREACHABLE_CODE = YES;
				CLANG_WARN__DUPLICATE_METHOD_MATCH = YES;
				ENABLE_STRICT_OBJC_MSGSEND = YES;
				GCC_C_LANGUAGE_STANDARD = gnu99;
				GCC_NO_COMMON_BLOCKS = YES;
				GCC_TREAT_WARNINGS_AS_ERRORS = YES;
				GCC_WARN_64_TO_32_BIT_CONVERSION = YES;
				GCC_WARN_ABOUT_MISSING_NEWLINE = YES;
				GCC_WARN_ABOUT_MISSING_PROTOTYPES = YES;
				GCC_WARN_ABOUT_RETURN_TYPE = YES;
				GCC_WARN_CHECK_SWITCH_STATEMENTS = YES;
				GCC_WARN_MISSING_PARENTHESES = YES;
				GCC_WARN_NON_VIRTUAL_DESTRUCTOR = YES;
				GCC_WARN_SHADOW = YES;
				GCC_WARN_SIGN_COMPARE = YES;
				GCC_WARN_UNDECLARED_SELECTOR = YES;
				GCC_WARN_UNINITIALIZED_AUTOS = YES;
				GCC_WARN_UNUSED_FUNCTION = YES;
				GCC_WARN_UNUSED_LABEL = YES;
				GCC_WARN_UNUSED_VALUE = YES;
				GCC_WARN_UNUSED_VARIABLE = YES;
				LD_RUNPATH_SEARCH_PATHS = "";
				MACOSX_DEPLOYMENT_TARGET = 10.9;
				RUN_CLANG_STATIC_ANALYZER = YES;
				SDKROOT = macosx;
				USER_HEADER_SEARCH_PATHS = ../../lib/xml_compiler/include;
			};
			name = Release;
		};
/* End XCBuildConfiguration section */

/* Begin XCConfigurationList section */
		C01FCF4A08A954540054247B /* Build configuration list for PBXNativeTarget "PreferencesWindow" */ = {
			isa = XCConfigurationList;
			buildConfigurations = (
				C01FCF4C08A954540054247B /* Release */,
			);
			defaultConfigurationIsVisible = 0;
			defaultConfigurationName = Release;
		};
		C01FCF4E08A954540054247B /* Build configuration list for PBXProject "PreferencesWindow" */ = {
			isa = XCConfigurationList;
			buildConfigurations = (
				C01FCF5008A954540054247B /* Release */,
			);
			defaultConfigurationIsVisible = 0;
			defaultConfigurationName = Release;
		};
/* End XCConfigurationList section */
	};
	rootObject = 29B97313FDCFA39411CA2CEA /* Project object */;
}
