// !$*UTF8*$!
{
	archiveVersion = 1;
	classes = {
	};
	objectVersion = 46;
	objects = {

/* Begin PBXBuildFile section */
		34CB6DB911F140A40006531C /* SetCapsDelay.cpp in Sources */ = {isa = PBXBuildFile; fileRef = 34CB6DB711F140A40006531C /* SetCapsDelay.cpp */; };
		34CB6DBA11F140A40006531C /* SetCapsDelay.hpp in Headers */ = {isa = PBXBuildFile; fileRef = 34CB6DB811F140A40006531C /* SetCapsDelay.hpp */; };
		34DA85F60D06E4CB00AE69E6 /* base.hpp in Headers */ = {isa = PBXBuildFile; fileRef = 34DA85EF0D06E4CB00AE69E6 /* base.hpp */; };
		34DA86010D06E4EA00AE69E6 /* InfoPlist.strings in Resources */ = {isa = PBXBuildFile; fileRef = 34DA85FE0D06E4EA00AE69E6 /* InfoPlist.strings */; };
		34DA86020D06E4EA00AE69E6 /* Info.plist in Resources */ = {isa = PBXBuildFile; fileRef = 34DA86000D06E4EA00AE69E6 /* Info.plist */; };
/* End PBXBuildFile section */

/* Begin PBXFileReference section */
		34CB6DB611F140970006531C /* SetCapsDelay.kext */ = {isa = PBXFileReference; explicitFileType = wrapper.cfbundle; includeInIndex = 0; path = SetCapsDelay.kext; sourceTree = BUILT_PRODUCTS_DIR; };
		34CB6DB711F140A40006531C /* SetCapsDelay.cpp */ = {isa = PBXFileReference; fileEncoding = 4; lastKnownFileType = sourcecode.cpp.cpp; name = SetCapsDelay.cpp; path = ../common/SetCapsDelay.cpp; sourceTree = SOURCE_ROOT; };
		34CB6DB811F140A40006531C /* SetCapsDelay.hpp */ = {isa = PBXFileReference; fileEncoding = 4; lastKnownFileType = sourcecode.cpp.h; name = SetCapsDelay.hpp; path = ../common/SetCapsDelay.hpp; sourceTree = SOURCE_ROOT; };
		34DA85EF0D06E4CB00AE69E6 /* base.hpp */ = {isa = PBXFileReference; fileEncoding = 4; lastKnownFileType = sourcecode.cpp.h; name = base.hpp; path = ../common/base.hpp; sourceTree = SOURCE_ROOT; };
		34DA85FF0D06E4EA00AE69E6 /* English */ = {isa = PBXFileReference; fileEncoding = 4; lastKnownFileType = text.plist.strings; name = English; path = InfoPlist.strings; sourceTree = "<group>"; };
		34DA86000D06E4EA00AE69E6 /* Info.plist */ = {isa = PBXFileReference; fileEncoding = 4; lastKnownFileType = text.plist.xml; name = Info.plist; path = ../common/Info.plist; sourceTree = SOURCE_ROOT; };
		8DA8362C06AD9B9200E5AC22 /* Kernel.framework */ = {isa = PBXFileReference; lastKnownFileType = wrapper.framework; name = Kernel.framework; path = /System/Library/Frameworks/Kernel.framework; sourceTree = "<absolute>"; };
/* End PBXFileReference section */

/* Begin PBXFrameworksBuildPhase section */
		32D94FCB0562CBF700B6AF17 /* Frameworks */ = {
			isa = PBXFrameworksBuildPhase;
			buildActionMask = 2147483647;
			files = (
			);
			runOnlyForDeploymentPostprocessing = 0;
		};
/* End PBXFrameworksBuildPhase section */

/* Begin PBXGroup section */
		089C166AFE841209C02AAC07 /* SetEjectDelay */ = {
			isa = PBXGroup;
			children = (
				247142CAFF3F8F9811CA285C /* Source */,
				8DA8362C06AD9B9200E5AC22 /* Kernel.framework */,
				089C167CFE841241C02AAC07 /* Resources */,
				19C28FB6FE9D52B211CA2CBB /* Products */,
			);
			name = SetEjectDelay;
			sourceTree = "<group>";
		};
		089C167CFE841241C02AAC07 /* Resources */ = {
			isa = PBXGroup;
			children = (
				34DA85FD0D06E4EA00AE69E6 /* English.lproj */,
				34DA86000D06E4EA00AE69E6 /* Info.plist */,
			);
			name = Resources;
			sourceTree = "<group>";
		};
		19C28FB6FE9D52B211CA2CBB /* Products */ = {
			isa = PBXGroup;
			children = (
				34CB6DB611F140970006531C /* SetCapsDelay.kext */,
			);
			name = Products;
			sourceTree = "<group>";
		};
		247142CAFF3F8F9811CA285C /* Source */ = {
			isa = PBXGroup;
			children = (
				34CB6DB711F140A40006531C /* SetCapsDelay.cpp */,
				34CB6DB811F140A40006531C /* SetCapsDelay.hpp */,
				34DA85EF0D06E4CB00AE69E6 /* base.hpp */,
			);
			name = Source;
			sourceTree = "<group>";
		};
		34DA85FD0D06E4EA00AE69E6 /* English.lproj */ = {
			isa = PBXGroup;
			children = (
				34DA85FE0D06E4EA00AE69E6 /* InfoPlist.strings */,
			);
			name = English.lproj;
			path = ../common/English.lproj;
			sourceTree = SOURCE_ROOT;
		};
/* End PBXGroup section */

/* Begin PBXHeadersBuildPhase section */
		32D94FC50562CBF700B6AF17 /* Headers */ = {
			isa = PBXHeadersBuildPhase;
			buildActionMask = 2147483647;
			files = (
				34DA85F60D06E4CB00AE69E6 /* base.hpp in Headers */,
				34CB6DBA11F140A40006531C /* SetCapsDelay.hpp in Headers */,
			);
			runOnlyForDeploymentPostprocessing = 0;
		};
/* End PBXHeadersBuildPhase section */

/* Begin PBXNativeTarget section */
		32D94FC30562CBF700B6AF17 /* SetCapsDelay */ = {
			isa = PBXNativeTarget;
			buildConfigurationList = 1DEB91D908733DB10010E9CD /* Build configuration list for PBXNativeTarget "SetCapsDelay" */;
			buildPhases = (
				32D94FC50562CBF700B6AF17 /* Headers */,
				32D94FC70562CBF700B6AF17 /* Resources */,
				32D94FC90562CBF700B6AF17 /* Sources */,
				32D94FCB0562CBF700B6AF17 /* Frameworks */,
				32D94FCC0562CBF700B6AF17 /* Rez */,
			);
			buildRules = (
			);
			dependencies = (
			);
			name = SetCapsDelay;
			productInstallPath = "$(SYSTEM_LIBRARY_DIR)/Extensions";
			productName = SetEjectDelay;
			productReference = 34CB6DB611F140970006531C /* SetCapsDelay.kext */;
			productType = "com.apple.product-type.kernel-extension.iokit";
		};
/* End PBXNativeTarget section */

/* Begin PBXProject section */
		089C1669FE841209C02AAC07 /* Project object */ = {
			isa = PBXProject;
			buildConfigurationList = 1DEB91DD08733DB10010E9CD /* Build configuration list for PBXProject "SetCapsDelay" */;
			compatibilityVersion = "Xcode 3.2";
			hasScannedForEncodings = 1;
			mainGroup = 089C166AFE841209C02AAC07 /* SetEjectDelay */;
			projectDirPath = "";
			projectRoot = "";
			targets = (
				32D94FC30562CBF700B6AF17 /* SetCapsDelay */,
			);
		};
/* End PBXProject section */

/* Begin PBXResourcesBuildPhase section */
		32D94FC70562CBF700B6AF17 /* Resources */ = {
			isa = PBXResourcesBuildPhase;
			buildActionMask = 2147483647;
			files = (
				34DA86010D06E4EA00AE69E6 /* InfoPlist.strings in Resources */,
				34DA86020D06E4EA00AE69E6 /* Info.plist in Resources */,
			);
			runOnlyForDeploymentPostprocessing = 0;
		};
/* End PBXResourcesBuildPhase section */

/* Begin PBXRezBuildPhase section */
		32D94FCC0562CBF700B6AF17 /* Rez */ = {
			isa = PBXRezBuildPhase;
			buildActionMask = 2147483647;
			files = (
			);
			runOnlyForDeploymentPostprocessing = 0;
		};
/* End PBXRezBuildPhase section */

/* Begin PBXSourcesBuildPhase section */
		32D94FC90562CBF700B6AF17 /* Sources */ = {
			isa = PBXSourcesBuildPhase;
			buildActionMask = 2147483647;
			files = (
				34CB6DB911F140A40006531C /* SetCapsDelay.cpp in Sources */,
			);
			runOnlyForDeploymentPostprocessing = 0;
		};
/* End PBXSourcesBuildPhase section */

/* Begin PBXVariantGroup section */
		34DA85FE0D06E4EA00AE69E6 /* InfoPlist.strings */ = {
			isa = PBXVariantGroup;
			children = (
				34DA85FF0D06E4EA00AE69E6 /* English */,
			);
			name = InfoPlist.strings;
			sourceTree = "<group>";
		};
/* End PBXVariantGroup section */

/* Begin XCBuildConfiguration section */
		1DEB91DB08733DB10010E9CD /* Release */ = {
			isa = XCBuildConfiguration;
			buildSettings = {
				CURRENT_PROJECT_VERSION = 1.0.0d1;
				GCC_GENERATE_DEBUGGING_SYMBOLS = NO;
				GCC_MODEL_TUNING = G5;
				INFOPLIST_FILE = ../common/Info.plist;
				INFOPLIST_PREPROCESS = YES;
				INSTALL_PATH = "$(SYSTEM_LIBRARY_DIR)/Extensions";
				LD_MAP_FILE_PATH = "$(TARGET_TEMP_DIR)/$(PRODUCT_NAME)-LinkMap-$(CURRENT_VARIANT)-$(CURRENT_ARCH).txt";
				MODULE_NAME = org.pqrs.driver.SetCapsDelay;
				MODULE_VERSION = 1.0.0d1;
				PRODUCT_NAME = SetCapsDelay;
				WRAPPER_EXTENSION = kext;
			};
			name = Release;
		};
		1DEB91DF08733DB10010E9CD /* Release */ = {
			isa = XCBuildConfiguration;
			buildSettings = {
				ARCHS = "$(ARCHS_STANDARD_32_64_BIT)";
				GCC_ENABLE_OBJC_GC = unsupported;
				GCC_TREAT_WARNINGS_AS_ERRORS = YES;
				GCC_WARN_64_TO_32_BIT_CONVERSION = YES;
				GCC_WARN_ABOUT_MISSING_NEWLINE = YES;
				GCC_WARN_ABOUT_MISSING_PROTOTYPES = YES;
				GCC_WARN_ABOUT_RETURN_TYPE = YES;
				GCC_WARN_CHECK_SWITCH_STATEMENTS = YES;
				GCC_WARN_MISSING_PARENTHESES = YES;
				GCC_WARN_SHADOW = YES;
				GCC_WARN_SIGN_COMPARE = YES;
				GCC_WARN_UNINITIALIZED_AUTOS = YES;
				GCC_WARN_UNUSED_FUNCTION = YES;
				GCC_WARN_UNUSED_LABEL = YES;
				GCC_WARN_UNUSED_VALUE = YES;
				GCC_WARN_UNUSED_VARIABLE = YES;
				HEADER_SEARCH_PATHS = "";
				OTHER_CFLAGS = "-no-cpp-precomp";
				OTHER_CPLUSPLUSFLAGS = "-no-cpp-precomp";
				PREBINDING = NO;
				PRECOMPS_INCLUDE_HEADERS_FROM_BUILT_PRODUCTS_DIR = YES;
				SDKROOT = macosx10.6;
				USER_HEADER_SEARCH_PATHS = "include ../common /Developer/SDKs/MacOSX10.6.sdk/System/Library/Frameworks/Kernel.framework/Versions/A/Headers/IOKit/**";
				VALID_ARCHS = "i386 x86_64";
			};
			name = Release;
		};
/* End XCBuildConfiguration section */

/* Begin XCConfigurationList section */
		1DEB91D908733DB10010E9CD /* Build configuration list for PBXNativeTarget "SetCapsDelay" */ = {
			isa = XCConfigurationList;
			buildConfigurations = (
				1DEB91DB08733DB10010E9CD /* Release */,
			);
			defaultConfigurationIsVisible = 0;
			defaultConfigurationName = Release;
		};
		1DEB91DD08733DB10010E9CD /* Build configuration list for PBXProject "SetCapsDelay" */ = {
			isa = XCConfigurationList;
			buildConfigurations = (
				1DEB91DF08733DB10010E9CD /* Release */,
			);
			defaultConfigurationIsVisible = 0;
			defaultConfigurationName = Release;
		};
/* End XCConfigurationList section */
	};
	rootObject = 089C1669FE841209C02AAC07 /* Project object */;
}
