<?xml version="1.0" encoding="UTF-8"?>
<!DOCTYPE plist PUBLIC "-//Apple//DTD PLIST 1.0//EN" "http://www.apple.com/DTDs/PropertyList-1.0.dtd">
<plist version="1.0">
<dict>
	<key>archiveVersion</key>
	<string>1</string>
	<key>classes</key>
	<dict/>
	<key>objectVersion</key>
	<string>46</string>
	<key>objects</key>
	<dict>
		<key>080E96DDFE201D6D7F000001</key>
		<dict>
			<key>children</key>
			<array>
				<string>256AC3D80F4B6AC300CF3369</string>
				<string>256AC3D90F4B6AC300CF3369</string>
				<string>34597768128DBFAE003398BD</string>
				<string>3401D0DB1657DD4800CF962F</string>
				<string>3401D0DC1657DD4800CF962F</string>
				<string>3429B704171A990000C7DB64</string>
				<string>3429B705171A990000C7DB64</string>
				<string>340B7E3D1545090D00FB3237</string>
				<string>340B7E3E1545090D00FB3237</string>
				<string>342D245C16A68C4E00EF070F</string>
				<string>342D245D16A68C4E00EF070F</string>
				<string>34656491194DE8D400235998</string>
				<string>34656492194DE8D400235998</string>
				<string>3401D0FB1658718100CF962F</string>
				<string>34207BFB1666209100E7FD08</string>
				<string>3406F70D1668ED7000FE1E80</string>
				<string>34FB9590128F98510088B235</string>
				<string>34FB9591128F985A0088B235</string>
				<string>3401D0D41657A18C00CF962F</string>
				<string>3401D0D51657A18C00CF962F</string>
				<string>34D944401932164F0062E422</string>
				<string>348C6A2C128E4504005F516D</string>
				<string>348C6A2D128E4504005F516D</string>
				<string>34A5572516EA03B3000E5399</string>
				<string>34D4F82612C4463B001819AA</string>
				<string>34D4F82712C4463B001819AA</string>
				<string>3401D0D81657CE6A00CF962F</string>
				<string>3401D0D91657CE6A00CF962F</string>
				<string>345647341346A7AF00FD0C38</string>
				<string>345647351346A7AF00FD0C38</string>
				<string>34D4F83B12C45CF3001819AA</string>
				<string>34B893FB128E448C00BC955A</string>
				<string>34B893FC128E448C00BC955A</string>
				<string>34848264152F533500A9A3BE</string>
				<string>34848265152F54B700A9A3BE</string>
			</array>
			<key>isa</key>
			<string>PBXGroup</string>
			<key>name</key>
			<string>Classes</string>
			<key>sourceTree</key>
			<string>&lt;group&gt;</string>
		</dict>
		<key>089C165CFE840E0CC02AAC07</key>
		<dict>
			<key>children</key>
			<array>
				<string>089C165DFE840E0CC02AAC07</string>
			</array>
			<key>isa</key>
			<string>PBXVariantGroup</string>
			<key>name</key>
			<string>InfoPlist.strings</string>
			<key>sourceTree</key>
			<string>&lt;group&gt;</string>
		</dict>
		<key>089C165DFE840E0CC02AAC07</key>
		<dict>
			<key>fileEncoding</key>
			<string>4</string>
			<key>isa</key>
			<string>PBXFileReference</string>
			<key>lastKnownFileType</key>
			<string>text.plist.strings</string>
			<key>name</key>
			<string>English</string>
			<key>path</key>
			<string>English.lproj/InfoPlist.strings</string>
			<key>sourceTree</key>
			<string>&lt;group&gt;</string>
		</dict>
		<key>1058C7A0FEA54F0111CA2CBB</key>
		<dict>
			<key>children</key>
			<array>
				<string>1058C7A1FEA54F0111CA2CBB</string>
			</array>
			<key>isa</key>
			<string>PBXGroup</string>
			<key>name</key>
			<string>Linked Frameworks</string>
			<key>sourceTree</key>
			<string>&lt;group&gt;</string>
		</dict>
		<key>1058C7A1FEA54F0111CA2CBB</key>
		<dict>
			<key>isa</key>
			<string>PBXFileReference</string>
			<key>lastKnownFileType</key>
			<string>wrapper.framework</string>
			<key>name</key>
			<string>Cocoa.framework</string>
			<key>path</key>
			<string>/System/Library/Frameworks/Cocoa.framework</string>
			<key>sourceTree</key>
			<string>&lt;absolute&gt;</string>
		</dict>
		<key>1058C7A2FEA54F0111CA2CBB</key>
		<dict>
			<key>children</key>
			<array>
				<string>29B97324FDCFA39411CA2CEA</string>
				<string>13E42FB307B3F0F600E4EEF1</string>
				<string>29B97325FDCFA39411CA2CEA</string>
			</array>
			<key>isa</key>
			<string>PBXGroup</string>
			<key>name</key>
			<string>Other Frameworks</string>
			<key>sourceTree</key>
			<string>&lt;group&gt;</string>
		</dict>
		<key>13E42FB307B3F0F600E4EEF1</key>
		<dict>
			<key>isa</key>
			<string>PBXFileReference</string>
			<key>lastKnownFileType</key>
			<string>wrapper.framework</string>
			<key>name</key>
			<string>CoreData.framework</string>
			<key>path</key>
			<string>/System/Library/Frameworks/CoreData.framework</string>
			<key>sourceTree</key>
			<string>&lt;absolute&gt;</string>
		</dict>
		<key>19C28FACFE9D520D11CA2CBB</key>
		<dict>
			<key>children</key>
			<array>
				<string>8D1107320486CEB800E47090</string>
			</array>
			<key>isa</key>
			<string>PBXGroup</string>
			<key>name</key>
			<string>Products</string>
			<key>sourceTree</key>
			<string>&lt;group&gt;</string>
		</dict>
		<key>1DDD58140DA1D0A300B32029</key>
		<dict>
			<key>children</key>
			<array>
				<string>1DDD58150DA1D0A300B32029</string>
			</array>
			<key>isa</key>
			<string>PBXVariantGroup</string>
			<key>name</key>
			<string>MainMenu.xib</string>
			<key>sourceTree</key>
			<string>&lt;group&gt;</string>
		</dict>
		<key>1DDD58150DA1D0A300B32029</key>
		<dict>
			<key>isa</key>
			<string>PBXFileReference</string>
			<key>lastKnownFileType</key>
			<string>file.xib</string>
			<key>name</key>
			<string>English</string>
			<key>path</key>
			<string>English.lproj/MainMenu.xib</string>
			<key>sourceTree</key>
			<string>&lt;group&gt;</string>
		</dict>
		<key>1DDD58160DA1D0A300B32029</key>
		<dict>
			<key>fileRef</key>
			<string>1DDD58140DA1D0A300B32029</string>
			<key>isa</key>
			<string>PBXBuildFile</string>
		</dict>
		<key>256AC3D80F4B6AC300CF3369</key>
		<dict>
			<key>fileEncoding</key>
			<string>4</string>
			<key>isa</key>
			<string>PBXFileReference</string>
			<key>lastKnownFileType</key>
			<string>sourcecode.c.h</string>
			<key>path</key>
			<string>AppDelegate.h</string>
			<key>sourceTree</key>
			<string>&lt;group&gt;</string>
		</dict>
		<key>256AC3D90F4B6AC300CF3369</key>
		<dict>
			<key>fileEncoding</key>
			<string>4</string>
			<key>isa</key>
			<string>PBXFileReference</string>
			<key>lastKnownFileType</key>
			<string>sourcecode.c.objc</string>
			<key>path</key>
			<string>AppDelegate.m</string>
			<key>sourceTree</key>
			<string>&lt;group&gt;</string>
		</dict>
		<key>256AC3DA0F4B6AC300CF3369</key>
		<dict>
			<key>fileRef</key>
			<string>256AC3D90F4B6AC300CF3369</string>
			<key>isa</key>
			<string>PBXBuildFile</string>
		</dict>
		<key>256AC3F00F4B6AF500CF3369</key>
		<dict>
			<key>fileEncoding</key>
			<string>4</string>
			<key>isa</key>
			<string>PBXFileReference</string>
			<key>lastKnownFileType</key>
			<string>sourcecode.c.h</string>
			<key>path</key>
			<string>Karabiner_server_Prefix.pch</string>
			<key>sourceTree</key>
			<string>&lt;group&gt;</string>
		</dict>
		<key>29B97313FDCFA39411CA2CEA</key>
		<dict>
			<key>attributes</key>
			<dict>
				<key>LastUpgradeCheck</key>
				<string>0510</string>
			</dict>
			<key>buildConfigurationList</key>
			<string>C01FCF4E08A954540054247B</string>
			<key>compatibilityVersion</key>
			<string>Xcode 3.2</string>
			<key>developmentRegion</key>
			<string>English</string>
			<key>hasScannedForEncodings</key>
			<string>1</string>
			<key>isa</key>
			<string>PBXProject</string>
			<key>knownRegions</key>
			<array>
				<string>English</string>
				<string>Japanese</string>
				<string>French</string>
				<string>German</string>
			</array>
			<key>mainGroup</key>
			<string>29B97314FDCFA39411CA2CEA</string>
			<key>projectDirPath</key>
			<string></string>
			<key>projectReferences</key>
			<array/>
			<key>projectRoot</key>
			<string></string>
			<key>targets</key>
			<array>
				<string>8D1107260486CEB800E47090</string>
			</array>
		</dict>
		<key>29B97314FDCFA39411CA2CEA</key>
		<dict>
			<key>children</key>
			<array>
				<string>080E96DDFE201D6D7F000001</string>
				<string>29B97315FDCFA39411CA2CEA</string>
				<string>29B97317FDCFA39411CA2CEA</string>
				<string>29B97323FDCFA39411CA2CEA</string>
				<string>19C28FACFE9D520D11CA2CBB</string>
				<string>95FB7AD060E3F1BF4C00C465</string>
			</array>
			<key>isa</key>
			<string>PBXGroup</string>
			<key>name</key>
			<string>Karabiner_server</string>
			<key>sourceTree</key>
			<string>&lt;group&gt;</string>
		</dict>
		<key>29B97315FDCFA39411CA2CEA</key>
		<dict>
			<key>children</key>
			<array>
				<string>256AC3F00F4B6AF500CF3369</string>
				<string>29B97316FDCFA39411CA2CEA</string>
			</array>
			<key>isa</key>
			<string>PBXGroup</string>
			<key>name</key>
			<string>Other Sources</string>
			<key>sourceTree</key>
			<string>&lt;group&gt;</string>
		</dict>
		<key>29B97316FDCFA39411CA2CEA</key>
		<dict>
			<key>fileEncoding</key>
			<string>4</string>
			<key>isa</key>
			<string>PBXFileReference</string>
			<key>lastKnownFileType</key>
			<string>sourcecode.c.objc</string>
			<key>path</key>
			<string>main.m</string>
			<key>sourceTree</key>
			<string>&lt;group&gt;</string>
		</dict>
		<key>29B97317FDCFA39411CA2CEA</key>
		<dict>
			<key>children</key>
			<array>
				<string>343BB0C913E055B10037A81F</string>
				<string>34A83BCE144B1EAA00AE5687</string>
				<string>34A611921531707E0003894B</string>
				<string>348F120015EA8ADA008A2BDA</string>
				<string>3451A54F14532D400030EAD7</string>
				<string>3451A55014532D400030EAD7</string>
				<string>3431D7CA19E1395D00AE3219</string>
				<string>343B2458153DCC7C0023BA6E</string>
				<string>8D1107310486CEB800E47090</string>
				<string>089C165CFE840E0CC02AAC07</string>
				<string>34F37D53149A2E7800D4694B</string>
				<string>347828F513EE5F3400D50AB1</string>
				<string>1DDD58140DA1D0A300B32029</string>
				<string>34192A8518FEC13000AC2390</string>
				<string>34D590261531983100160DFC</string>
				<string>345248A21298F8A2005447DE</string>
				<string>34FEAE4C148695AE0042D507</string>
				<string>343A17D81529A5B400F2E968</string>
				<string>344F10251936539F00D240DC</string>
				<string>34CE318E160EA045008A171D</string>
				<string>3478EF8816C8C34F00AD2986</string>
				<string>34738784192589CC00F605BD</string>
			</array>
			<key>isa</key>
			<string>PBXGroup</string>
			<key>name</key>
			<string>Resources</string>
			<key>sourceTree</key>
			<string>&lt;group&gt;</string>
		</dict>
		<key>29B97323FDCFA39411CA2CEA</key>
		<dict>
			<key>children</key>
			<array>
				<string>34568414109F350100125F91</string>
				<string>345647411346AE1700FD0C38</string>
				<string>34AFABF1181C354C00146896</string>
				<string>3484825F152F526B00A9A3BE</string>
				<string>1058C7A0FEA54F0111CA2CBB</string>
				<string>1058C7A2FEA54F0111CA2CBB</string>
				<string>8A3CF001E9234DD19371E183</string>
			</array>
			<key>isa</key>
			<string>PBXGroup</string>
			<key>name</key>
			<string>Frameworks</string>
			<key>sourceTree</key>
			<string>&lt;group&gt;</string>
		</dict>
		<key>29B97324FDCFA39411CA2CEA</key>
		<dict>
			<key>isa</key>
			<string>PBXFileReference</string>
			<key>lastKnownFileType</key>
			<string>wrapper.framework</string>
			<key>name</key>
			<string>AppKit.framework</string>
			<key>path</key>
			<string>/System/Library/Frameworks/AppKit.framework</string>
			<key>sourceTree</key>
			<string>&lt;absolute&gt;</string>
		</dict>
		<key>29B97325FDCFA39411CA2CEA</key>
		<dict>
			<key>isa</key>
			<string>PBXFileReference</string>
			<key>lastKnownFileType</key>
			<string>wrapper.framework</string>
			<key>name</key>
			<string>Foundation.framework</string>
			<key>path</key>
			<string>/System/Library/Frameworks/Foundation.framework</string>
			<key>sourceTree</key>
			<string>&lt;absolute&gt;</string>
		</dict>
		<key>3085CBDF22704D4592A84EE8</key>
		<dict>
			<key>fileRef</key>
			<string>8A3CF001E9234DD19371E183</string>
			<key>isa</key>
			<string>PBXBuildFile</string>
		</dict>
		<key>3401D0D41657A18C00CF962F</key>
		<dict>
			<key>fileEncoding</key>
			<string>4</string>
			<key>isa</key>
			<string>PBXFileReference</string>
			<key>lastKnownFileType</key>
			<string>sourcecode.c.h</string>
			<key>name</key>
			<string>ServerForUserspace.h</string>
			<key>path</key>
			<string>Classes/ServerForUserspace.h</string>
			<key>sourceTree</key>
			<string>&lt;group&gt;</string>
		</dict>
		<key>3401D0D51657A18C00CF962F</key>
		<dict>
			<key>fileEncoding</key>
			<string>4</string>
			<key>isa</key>
			<string>PBXFileReference</string>
			<key>lastKnownFileType</key>
			<string>sourcecode.c.objc</string>
			<key>name</key>
			<string>ServerForUserspace.m</string>
			<key>path</key>
			<string>Classes/ServerForUserspace.m</string>
			<key>sourceTree</key>
			<string>&lt;group&gt;</string>
		</dict>
		<key>3401D0D61657A18C00CF962F</key>
		<dict>
			<key>fileRef</key>
			<string>3401D0D51657A18C00CF962F</string>
			<key>isa</key>
			<string>PBXBuildFile</string>
		</dict>
		<key>3401D0D81657CE6A00CF962F</key>
		<dict>
			<key>fileEncoding</key>
			<string>4</string>
			<key>isa</key>
			<string>PBXFileReference</string>
			<key>lastKnownFileType</key>
			<string>sourcecode.c.h</string>
			<key>name</key>
			<string>Updater.h</string>
			<key>path</key>
			<string>Classes/Updater.h</string>
			<key>sourceTree</key>
			<string>&lt;group&gt;</string>
		</dict>
		<key>3401D0D91657CE6A00CF962F</key>
		<dict>
			<key>fileEncoding</key>
			<string>4</string>
			<key>isa</key>
			<string>PBXFileReference</string>
			<key>lastKnownFileType</key>
			<string>sourcecode.c.objc</string>
			<key>name</key>
			<string>Updater.m</string>
			<key>path</key>
			<string>Classes/Updater.m</string>
			<key>sourceTree</key>
			<string>&lt;group&gt;</string>
		</dict>
		<key>3401D0DA1657CE6A00CF962F</key>
		<dict>
			<key>fileRef</key>
			<string>3401D0D91657CE6A00CF962F</string>
			<key>isa</key>
			<string>PBXBuildFile</string>
		</dict>
		<key>3401D0DB1657DD4800CF962F</key>
		<dict>
			<key>fileEncoding</key>
			<string>4</string>
			<key>isa</key>
			<string>PBXFileReference</string>
			<key>lastKnownFileType</key>
			<string>sourcecode.c.h</string>
			<key>name</key>
			<string>ClientForKernelspace.h</string>
			<key>path</key>
			<string>Classes/ClientForKernelspace.h</string>
			<key>sourceTree</key>
			<string>&lt;group&gt;</string>
		</dict>
		<key>3401D0DC1657DD4800CF962F</key>
		<dict>
			<key>fileEncoding</key>
			<string>4</string>
			<key>isa</key>
			<string>PBXFileReference</string>
			<key>lastKnownFileType</key>
			<string>sourcecode.c.objc</string>
			<key>name</key>
			<string>ClientForKernelspace.m</string>
			<key>path</key>
			<string>Classes/ClientForKernelspace.m</string>
			<key>sourceTree</key>
			<string>&lt;group&gt;</string>
		</dict>
		<key>3401D0DD1657DD4800CF962F</key>
		<dict>
			<key>fileRef</key>
			<string>3401D0DC1657DD4800CF962F</string>
			<key>isa</key>
			<string>PBXBuildFile</string>
		</dict>
		<key>3401D0DE16586C0700CF962F</key>
		<dict>
			<key>fileEncoding</key>
			<string>4</string>
			<key>isa</key>
			<string>PBXFileReference</string>
			<key>lastKnownFileType</key>
			<string>sourcecode.c.h</string>
			<key>name</key>
			<string>KarabinerProtocol.h</string>
			<key>path</key>
			<string>../../share/KarabinerProtocol.h</string>
			<key>sourceTree</key>
			<string>&lt;group&gt;</string>
		</dict>
		<key>3401D0FB1658718100CF962F</key>
		<dict>
			<key>fileEncoding</key>
			<string>4</string>
			<key>isa</key>
			<string>PBXFileReference</string>
			<key>lastKnownFileType</key>
			<string>sourcecode.c.h</string>
			<key>name</key>
			<string>NotificationKeys.h</string>
			<key>path</key>
			<string>Classes/NotificationKeys.h</string>
			<key>sourceTree</key>
			<string>&lt;group&gt;</string>
		</dict>
		<key>3406F70D1668ED7000FE1E80</key>
		<dict>
			<key>fileEncoding</key>
			<string>4</string>
			<key>isa</key>
			<string>PBXFileReference</string>
			<key>lastKnownFileType</key>
			<string>sourcecode.c.h</string>
			<key>name</key>
			<string>PreferencesKeys.h</string>
			<key>path</key>
			<string>Classes/PreferencesKeys.h</string>
			<key>sourceTree</key>
			<string>&lt;group&gt;</string>
		</dict>
		<key>3406F70F1668ED7B00FE1E80</key>
		<dict>
			<key>fileEncoding</key>
			<string>4</string>
			<key>isa</key>
			<string>PBXFileReference</string>
			<key>lastKnownFileType</key>
			<string>sourcecode.c.h</string>
			<key>name</key>
			<string>PreferencesController.h</string>
			<key>path</key>
			<string>Classes/Preferences/PreferencesController.h</string>
			<key>sourceTree</key>
			<string>&lt;group&gt;</string>
		</dict>
		<key>3406F7101668ED7B00FE1E80</key>
		<dict>
			<key>fileEncoding</key>
			<string>4</string>
			<key>isa</key>
			<string>PBXFileReference</string>
			<key>lastKnownFileType</key>
			<string>sourcecode.c.objc</string>
			<key>name</key>
			<string>PreferencesController.m</string>
			<key>path</key>
			<string>Classes/Preferences/PreferencesController.m</string>
			<key>sourceTree</key>
			<string>&lt;group&gt;</string>
		</dict>
		<key>3406F7111668ED7B00FE1E80</key>
		<dict>
			<key>fileRef</key>
			<string>3406F7101668ED7B00FE1E80</string>
			<key>isa</key>
			<string>PBXBuildFile</string>
		</dict>
		<key>340A05911302CE8E00B7E1B1</key>
		<dict>
			<key>buildActionMask</key>
			<string>2147483647</string>
			<key>dstPath</key>
			<string></string>
			<key>dstSubfolderSpec</key>
			<string>10</string>
			<key>files</key>
			<array/>
			<key>isa</key>
			<string>PBXCopyFilesBuildPhase</string>
			<key>name</key>
			<string>Copy Files</string>
			<key>runOnlyForDeploymentPostprocessing</key>
			<string>0</string>
		</dict>
		<key>340B7E3D1545090D00FB3237</key>
		<dict>
			<key>fileEncoding</key>
			<string>4</string>
			<key>isa</key>
			<string>PBXFileReference</string>
			<key>lastKnownFileType</key>
			<string>sourcecode.c.h</string>
			<key>name</key>
			<string>InputSource.h</string>
			<key>path</key>
			<string>Classes/InputSource.h</string>
			<key>sourceTree</key>
			<string>&lt;group&gt;</string>
		</dict>
		<key>340B7E3E1545090D00FB3237</key>
		<dict>
			<key>fileEncoding</key>
			<string>4</string>
			<key>isa</key>
			<string>PBXFileReference</string>
			<key>lastKnownFileType</key>
			<string>sourcecode.c.objc</string>
			<key>name</key>
			<string>InputSource.m</string>
			<key>path</key>
			<string>Classes/InputSource.m</string>
			<key>sourceTree</key>
			<string>&lt;group&gt;</string>
		</dict>
		<key>340B7E3F1545090D00FB3237</key>
		<dict>
			<key>fileRef</key>
			<string>340B7E3E1545090D00FB3237</string>
			<key>isa</key>
			<string>PBXBuildFile</string>
		</dict>
		<key>34192A8518FEC13000AC2390</key>
		<dict>
			<key>fileEncoding</key>
			<string>4</string>
			<key>isa</key>
			<string>PBXFileReference</string>
			<key>lastKnownFileType</key>
			<string>text.xml</string>
			<key>name</key>
			<string>modifierdef.xml</string>
			<key>path</key>
			<string>Resources/modifierdef.xml</string>
			<key>sourceTree</key>
			<string>&lt;group&gt;</string>
		</dict>
		<key>34192A8618FEC13000AC2390</key>
		<dict>
			<key>fileRef</key>
			<string>34192A8518FEC13000AC2390</string>
			<key>isa</key>
			<string>PBXBuildFile</string>
		</dict>
		<key>34207BFB1666209100E7FD08</key>
		<dict>
			<key>children</key>
			<array>
				<string>3406F70F1668ED7B00FE1E80</string>
				<string>3406F7101668ED7B00FE1E80</string>
				<string>34207BFD1666209F00E7FD08</string>
				<string>34207BFE1666209F00E7FD08</string>
				<string>34207BFF1666209F00E7FD08</string>
				<string>34207C001666209F00E7FD08</string>
				<string>34207C011666209F00E7FD08</string>
				<string>34207C021666209F00E7FD08</string>
				<string>34207C031666209F00E7FD08</string>
				<string>34207C041666209F00E7FD08</string>
			</array>
			<key>isa</key>
			<string>PBXGroup</string>
			<key>name</key>
			<string>Preferences</string>
			<key>sourceTree</key>
			<string>&lt;group&gt;</string>
		</dict>
		<key>34207BFD1666209F00E7FD08</key>
		<dict>
			<key>fileEncoding</key>
			<string>4</string>
			<key>isa</key>
			<string>PBXFileReference</string>
			<key>lastKnownFileType</key>
			<string>sourcecode.c.h</string>
			<key>name</key>
			<string>OutlineView_checkbox.h</string>
			<key>path</key>
			<string>Classes/Preferences/OutlineView_checkbox.h</string>
			<key>sourceTree</key>
			<string>&lt;group&gt;</string>
		</dict>
		<key>34207BFE1666209F00E7FD08</key>
		<dict>
			<key>fileEncoding</key>
			<string>4</string>
			<key>isa</key>
			<string>PBXFileReference</string>
			<key>lastKnownFileType</key>
			<string>sourcecode.c.objc</string>
			<key>name</key>
			<string>OutlineView_checkbox.m</string>
			<key>path</key>
			<string>Classes/Preferences/OutlineView_checkbox.m</string>
			<key>sourceTree</key>
			<string>&lt;group&gt;</string>
		</dict>
		<key>34207BFF1666209F00E7FD08</key>
		<dict>
			<key>fileEncoding</key>
			<string>4</string>
			<key>isa</key>
			<string>PBXFileReference</string>
			<key>lastKnownFileType</key>
			<string>sourcecode.c.h</string>
			<key>name</key>
			<string>OutlineView_number.h</string>
			<key>path</key>
			<string>Classes/Preferences/OutlineView_number.h</string>
			<key>sourceTree</key>
			<string>&lt;group&gt;</string>
		</dict>
		<key>34207C001666209F00E7FD08</key>
		<dict>
			<key>fileEncoding</key>
			<string>4</string>
			<key>isa</key>
			<string>PBXFileReference</string>
			<key>lastKnownFileType</key>
			<string>sourcecode.c.objc</string>
			<key>name</key>
			<string>OutlineView_number.m</string>
			<key>path</key>
			<string>Classes/Preferences/OutlineView_number.m</string>
			<key>sourceTree</key>
			<string>&lt;group&gt;</string>
		</dict>
		<key>34207C011666209F00E7FD08</key>
		<dict>
			<key>fileEncoding</key>
			<string>4</string>
			<key>isa</key>
			<string>PBXFileReference</string>
			<key>lastKnownFileType</key>
			<string>sourcecode.c.h</string>
			<key>name</key>
			<string>OutlineView.h</string>
			<key>path</key>
			<string>Classes/Preferences/OutlineView.h</string>
			<key>sourceTree</key>
			<string>&lt;group&gt;</string>
		</dict>
		<key>34207C021666209F00E7FD08</key>
		<dict>
			<key>fileEncoding</key>
			<string>4</string>
			<key>isa</key>
			<string>PBXFileReference</string>
			<key>lastKnownFileType</key>
			<string>sourcecode.c.objc</string>
			<key>name</key>
			<string>OutlineView.m</string>
			<key>path</key>
			<string>Classes/Preferences/OutlineView.m</string>
			<key>sourceTree</key>
			<string>&lt;group&gt;</string>
		</dict>
		<key>34207C031666209F00E7FD08</key>
		<dict>
			<key>fileEncoding</key>
			<string>4</string>
			<key>isa</key>
			<string>PBXFileReference</string>
			<key>lastKnownFileType</key>
			<string>sourcecode.c.h</string>
			<key>name</key>
			<string>TableView_configlist.h</string>
			<key>path</key>
			<string>Classes/Preferences/TableView_configlist.h</string>
			<key>sourceTree</key>
			<string>&lt;group&gt;</string>
		</dict>
		<key>34207C041666209F00E7FD08</key>
		<dict>
			<key>fileEncoding</key>
			<string>4</string>
			<key>isa</key>
			<string>PBXFileReference</string>
			<key>lastKnownFileType</key>
			<string>sourcecode.c.objc</string>
			<key>name</key>
			<string>TableView_configlist.m</string>
			<key>path</key>
			<string>Classes/Preferences/TableView_configlist.m</string>
			<key>sourceTree</key>
			<string>&lt;group&gt;</string>
		</dict>
		<key>34207C051666209F00E7FD08</key>
		<dict>
			<key>fileRef</key>
			<string>34207BFE1666209F00E7FD08</string>
			<key>isa</key>
			<string>PBXBuildFile</string>
		</dict>
		<key>34207C061666209F00E7FD08</key>
		<dict>
			<key>fileRef</key>
			<string>34207C001666209F00E7FD08</string>
			<key>isa</key>
			<string>PBXBuildFile</string>
		</dict>
		<key>34207C071666209F00E7FD08</key>
		<dict>
			<key>fileRef</key>
			<string>34207C021666209F00E7FD08</string>
			<key>isa</key>
			<string>PBXBuildFile</string>
		</dict>
		<key>34207C081666209F00E7FD08</key>
		<dict>
			<key>fileRef</key>
			<string>34207C041666209F00E7FD08</string>
			<key>isa</key>
			<string>PBXBuildFile</string>
		</dict>
		<key>3429B704171A990000C7DB64</key>
		<dict>
			<key>fileEncoding</key>
			<string>4</string>
			<key>isa</key>
			<string>PBXFileReference</string>
			<key>lastKnownFileType</key>
			<string>sourcecode.c.h</string>
			<key>name</key>
			<string>EnvironmentChecker.h</string>
			<key>path</key>
			<string>Classes/EnvironmentChecker.h</string>
			<key>sourceTree</key>
			<string>&lt;group&gt;</string>
		</dict>
		<key>3429B705171A990000C7DB64</key>
		<dict>
			<key>fileEncoding</key>
			<string>4</string>
			<key>isa</key>
			<string>PBXFileReference</string>
			<key>lastKnownFileType</key>
			<string>sourcecode.c.objc</string>
			<key>name</key>
			<string>EnvironmentChecker.m</string>
			<key>path</key>
			<string>Classes/EnvironmentChecker.m</string>
			<key>sourceTree</key>
			<string>&lt;group&gt;</string>
		</dict>
		<key>3429B706171A990000C7DB64</key>
		<dict>
			<key>fileRef</key>
			<string>3429B705171A990000C7DB64</string>
			<key>isa</key>
			<string>PBXBuildFile</string>
		</dict>
		<key>342D245C16A68C4E00EF070F</key>
		<dict>
			<key>fileEncoding</key>
			<string>4</string>
			<key>isa</key>
			<string>PBXFileReference</string>
			<key>lastKnownFileType</key>
			<string>sourcecode.c.h</string>
			<key>name</key>
			<string>IOHIDPostEventWrapper.h</string>
			<key>path</key>
			<string>Classes/IOHIDPostEventWrapper.h</string>
			<key>sourceTree</key>
			<string>&lt;group&gt;</string>
		</dict>
		<key>342D245D16A68C4E00EF070F</key>
		<dict>
			<key>fileEncoding</key>
			<string>4</string>
			<key>isa</key>
			<string>PBXFileReference</string>
			<key>lastKnownFileType</key>
			<string>sourcecode.c.objc</string>
			<key>name</key>
			<string>IOHIDPostEventWrapper.m</string>
			<key>path</key>
			<string>Classes/IOHIDPostEventWrapper.m</string>
			<key>sourceTree</key>
			<string>&lt;group&gt;</string>
		</dict>
		<key>342D245E16A68C4E00EF070F</key>
		<dict>
			<key>fileRef</key>
			<string>342D245D16A68C4E00EF070F</string>
			<key>isa</key>
			<string>PBXBuildFile</string>
		</dict>
		<key>3431D7CA19E1395D00AE3219</key>
		<dict>
			<key>isa</key>
			<string>PBXFileReference</string>
			<key>lastKnownFileType</key>
			<string>image.tiff</string>
			<key>name</key>
			<string>icon.statusbar.tif</string>
			<key>path</key>
			<string>Resources/icon.statusbar.tif</string>
			<key>sourceTree</key>
			<string>&lt;group&gt;</string>
		</dict>
		<key>3431D7CB19E1395D00AE3219</key>
		<dict>
			<key>fileRef</key>
			<string>3431D7CA19E1395D00AE3219</string>
			<key>isa</key>
			<string>PBXBuildFile</string>
		</dict>
		<key>343A17D81529A5B400F2E968</key>
		<dict>
			<key>fileEncoding</key>
			<string>4</string>
			<key>isa</key>
			<string>PBXFileReference</string>
			<key>lastKnownFileType</key>
			<string>text.xml</string>
			<key>name</key>
			<string>symbol_map.xml</string>
			<key>path</key>
			<string>Resources/symbol_map.xml</string>
			<key>sourceTree</key>
			<string>&lt;group&gt;</string>
		</dict>
		<key>343A17D91529A5B400F2E968</key>
		<dict>
			<key>fileRef</key>
			<string>343A17D81529A5B400F2E968</string>
			<key>isa</key>
			<string>PBXBuildFile</string>
		</dict>
		<key>343B2458153DCC7C0023BA6E</key>
		<dict>
			<key>isa</key>
			<string>PBXFileReference</string>
			<key>lastKnownFileType</key>
			<string>folder</string>
			<key>name</key>
			<string>include</string>
			<key>path</key>
			<string>Resources/include</string>
			<key>sourceTree</key>
			<string>&lt;group&gt;</string>
		</dict>
		<key>343B2459153DCC7C0023BA6E</key>
		<dict>
			<key>fileRef</key>
			<string>343B2458153DCC7C0023BA6E</string>
			<key>isa</key>
			<string>PBXBuildFile</string>
		</dict>
		<key>343BB0C913E055B10037A81F</key>
		<dict>
			<key>isa</key>
			<string>PBXFileReference</string>
			<key>lastKnownFileType</key>
			<string>image.icns</string>
			<key>name</key>
			<string>app.icns</string>
			<key>path</key>
			<string>../../share/Resources/app.icns</string>
			<key>sourceTree</key>
			<string>&lt;group&gt;</string>
		</dict>
		<key>343BB0CA13E055B10037A81F</key>
		<dict>
			<key>fileRef</key>
			<string>343BB0C913E055B10037A81F</string>
			<key>isa</key>
			<string>PBXBuildFile</string>
		</dict>
		<key>344F10251936539F00D240DC</key>
		<dict>
			<key>fileEncoding</key>
			<string>4</string>
			<key>isa</key>
			<string>PBXFileReference</string>
			<key>lastKnownFileType</key>
			<string>text.xml</string>
			<key>name</key>
			<string>uielementroledef.xml</string>
			<key>path</key>
			<string>Resources/uielementroledef.xml</string>
			<key>sourceTree</key>
			<string>&lt;group&gt;</string>
		</dict>
		<key>344F10261936539F00D240DC</key>
		<dict>
			<key>fileRef</key>
			<string>344F10251936539F00D240DC</string>
			<key>isa</key>
			<string>PBXBuildFile</string>
		</dict>
		<key>3451A54F14532D400030EAD7</key>
		<dict>
			<key>fileEncoding</key>
			<string>4</string>
			<key>isa</key>
			<string>PBXFileReference</string>
			<key>lastKnownFileType</key>
			<string>text.xml</string>
			<key>name</key>
			<string>deviceproductdef.xml</string>
			<key>path</key>
			<string>Resources/deviceproductdef.xml</string>
			<key>sourceTree</key>
			<string>&lt;group&gt;</string>
		</dict>
		<key>3451A55014532D400030EAD7</key>
		<dict>
			<key>fileEncoding</key>
			<string>4</string>
			<key>isa</key>
			<string>PBXFileReference</string>
			<key>lastKnownFileType</key>
			<string>text.xml</string>
			<key>name</key>
			<string>devicevendordef.xml</string>
			<key>path</key>
			<string>Resources/devicevendordef.xml</string>
			<key>sourceTree</key>
			<string>&lt;group&gt;</string>
		</dict>
		<key>3451A55114532D400030EAD7</key>
		<dict>
			<key>fileRef</key>
			<string>3451A54F14532D400030EAD7</string>
			<key>isa</key>
			<string>PBXBuildFile</string>
		</dict>
		<key>3451A55214532D400030EAD7</key>
		<dict>
			<key>fileRef</key>
			<string>3451A55014532D400030EAD7</string>
			<key>isa</key>
			<string>PBXBuildFile</string>
		</dict>
		<key>345248A21298F8A2005447DE</key>
		<dict>
			<key>fileEncoding</key>
			<string>4</string>
			<key>isa</key>
			<string>PBXFileReference</string>
			<key>lastKnownFileType</key>
			<string>text.xml</string>
			<key>name</key>
			<string>private.xml</string>
			<key>path</key>
			<string>Resources/private.xml</string>
			<key>sourceTree</key>
			<string>&lt;group&gt;</string>
		</dict>
		<key>345248A31298F8A2005447DE</key>
		<dict>
			<key>fileRef</key>
			<string>345248A21298F8A2005447DE</string>
			<key>isa</key>
			<string>PBXBuildFile</string>
		</dict>
		<key>345647341346A7AF00FD0C38</key>
		<dict>
			<key>fileEncoding</key>
			<string>4</string>
			<key>isa</key>
			<string>PBXFileReference</string>
			<key>lastKnownFileType</key>
			<string>sourcecode.c.h</string>
			<key>name</key>
			<string>UserClient_userspace.h</string>
			<key>path</key>
			<string>Classes/UserClient_userspace.h</string>
			<key>sourceTree</key>
			<string>&lt;group&gt;</string>
		</dict>
		<key>345647351346A7AF00FD0C38</key>
		<dict>
			<key>fileEncoding</key>
			<string>4</string>
			<key>isa</key>
			<string>PBXFileReference</string>
			<key>lastKnownFileType</key>
			<string>sourcecode.c.objc</string>
			<key>name</key>
			<string>UserClient_userspace.m</string>
			<key>path</key>
			<string>Classes/UserClient_userspace.m</string>
			<key>sourceTree</key>
			<string>&lt;group&gt;</string>
		</dict>
		<key>345647361346A7AF00FD0C38</key>
		<dict>
			<key>fileRef</key>
			<string>345647351346A7AF00FD0C38</string>
			<key>isa</key>
			<string>PBXBuildFile</string>
		</dict>
		<key>345647411346AE1700FD0C38</key>
		<dict>
			<key>isa</key>
			<string>PBXFileReference</string>
			<key>lastKnownFileType</key>
			<string>wrapper.framework</string>
			<key>name</key>
			<string>IOKit.framework</string>
			<key>path</key>
			<string>System/Library/Frameworks/IOKit.framework</string>
			<key>sourceTree</key>
			<string>SDKROOT</string>
		</dict>
		<key>345647421346AE1700FD0C38</key>
		<dict>
			<key>fileRef</key>
			<string>345647411346AE1700FD0C38</string>
			<key>isa</key>
			<string>PBXBuildFile</string>
		</dict>
		<key>34568414109F350100125F91</key>
		<dict>
			<key>isa</key>
			<string>PBXFileReference</string>
			<key>lastKnownFileType</key>
			<string>wrapper.framework</string>
			<key>name</key>
			<string>Carbon.framework</string>
			<key>path</key>
			<string>System/Library/Frameworks/Carbon.framework</string>
			<key>sourceTree</key>
			<string>SDKROOT</string>
		</dict>
		<key>34568415109F350100125F91</key>
		<dict>
			<key>fileRef</key>
			<string>34568414109F350100125F91</string>
			<key>isa</key>
			<string>PBXBuildFile</string>
		</dict>
		<key>34597768128DBFAE003398BD</key>
		<dict>
			<key>fileEncoding</key>
			<string>4</string>
			<key>isa</key>
			<string>PBXFileReference</string>
			<key>lastKnownFileType</key>
			<string>sourcecode.c.h</string>
			<key>name</key>
			<string>bridge.h</string>
			<key>path</key>
			<string>../../bridge/include/bridge.h</string>
			<key>sourceTree</key>
			<string>SOURCE_ROOT</string>
		</dict>
		<key>34656491194DE8D400235998</key>
		<dict>
			<key>fileEncoding</key>
			<string>4</string>
			<key>isa</key>
			<string>PBXFileReference</string>
			<key>lastKnownFileType</key>
			<string>sourcecode.c.h</string>
			<key>name</key>
			<string>KextLoader.h</string>
			<key>path</key>
			<string>Classes/KextLoader.h</string>
			<key>sourceTree</key>
			<string>&lt;group&gt;</string>
		</dict>
		<key>34656492194DE8D400235998</key>
		<dict>
			<key>fileEncoding</key>
			<string>4</string>
			<key>isa</key>
			<string>PBXFileReference</string>
			<key>lastKnownFileType</key>
			<string>sourcecode.c.objc</string>
			<key>name</key>
			<string>KextLoader.m</string>
			<key>path</key>
			<string>Classes/KextLoader.m</string>
			<key>sourceTree</key>
			<string>&lt;group&gt;</string>
		</dict>
		<key>34656493194DE8D400235998</key>
		<dict>
			<key>fileRef</key>
			<string>34656492194DE8D400235998</string>
			<key>isa</key>
			<string>PBXBuildFile</string>
		</dict>
		<key>34738784192589CC00F605BD</key>
		<dict>
			<key>fileEncoding</key>
			<string>4</string>
			<key>isa</key>
			<string>PBXFileReference</string>
			<key>lastKnownFileType</key>
			<string>text.xml</string>
			<key>name</key>
			<string>windownamedef.xml</string>
			<key>path</key>
			<string>Resources/windownamedef.xml</string>
			<key>sourceTree</key>
			<string>&lt;group&gt;</string>
		</dict>
		<key>34738785192589CC00F605BD</key>
		<dict>
			<key>fileRef</key>
			<string>34738784192589CC00F605BD</string>
			<key>isa</key>
			<string>PBXBuildFile</string>
		</dict>
		<key>347828F513EE5F3400D50AB1</key>
		<dict>
			<key>fileEncoding</key>
			<string>4</string>
			<key>isa</key>
			<string>PBXFileReference</string>
			<key>lastKnownFileType</key>
			<string>text</string>
			<key>name</key>
			<string>karabiner_pub.pem</string>
			<key>path</key>
			<string>Resources/karabiner_pub.pem</string>
			<key>sourceTree</key>
			<string>&lt;group&gt;</string>
		</dict>
		<key>347828F613EE5F3400D50AB1</key>
		<dict>
			<key>fileRef</key>
			<string>347828F513EE5F3400D50AB1</string>
			<key>isa</key>
			<string>PBXBuildFile</string>
		</dict>
		<key>3478EF8816C8C34F00AD2986</key>
		<dict>
			<key>fileEncoding</key>
			<string>4</string>
			<key>isa</key>
			<string>PBXFileReference</string>
			<key>lastKnownFileType</key>
			<string>text.xml</string>
			<key>name</key>
			<string>vkopenurldef.xml</string>
			<key>path</key>
			<string>Resources/vkopenurldef.xml</string>
			<key>sourceTree</key>
			<string>&lt;group&gt;</string>
		</dict>
		<key>3478EF8916C8C34F00AD2986</key>
		<dict>
			<key>fileRef</key>
			<string>3478EF8816C8C34F00AD2986</string>
			<key>isa</key>
			<string>PBXBuildFile</string>
		</dict>
		<key>3484825F152F526B00A9A3BE</key>
		<dict>
			<key>isa</key>
			<string>PBXFileReference</string>
			<key>lastKnownFileType</key>
			<string>archive.ar</string>
			<key>name</key>
			<string>libxml_compiler.a</string>
			<key>path</key>
			<string>../../lib/xml_compiler/build/Release/libxml_compiler.a</string>
			<key>sourceTree</key>
			<string>&lt;group&gt;</string>
		</dict>
		<key>34848260152F526B00A9A3BE</key>
		<dict>
			<key>fileRef</key>
			<string>3484825F152F526B00A9A3BE</string>
			<key>isa</key>
			<string>PBXBuildFile</string>
		</dict>
		<key>34848264152F533500A9A3BE</key>
		<dict>
			<key>fileEncoding</key>
			<string>4</string>
			<key>isa</key>
			<string>PBXFileReference</string>
			<key>lastKnownFileType</key>
			<string>sourcecode.c.h</string>
			<key>name</key>
			<string>XMLCompiler.h</string>
			<key>path</key>
			<string>Classes/XMLCompiler.h</string>
			<key>sourceTree</key>
			<string>&lt;group&gt;</string>
		</dict>
		<key>34848265152F54B700A9A3BE</key>
		<dict>
			<key>fileEncoding</key>
			<string>4</string>
			<key>isa</key>
			<string>PBXFileReference</string>
			<key>lastKnownFileType</key>
			<string>sourcecode.c.objc</string>
			<key>name</key>
			<string>XMLCompiler.m</string>
			<key>path</key>
			<string>Classes/XMLCompiler.m</string>
			<key>sourceTree</key>
			<string>&lt;group&gt;</string>
		</dict>
		<key>34848266152F54B700A9A3BE</key>
		<dict>
			<key>fileRef</key>
			<string>34848265152F54B700A9A3BE</string>
			<key>isa</key>
			<string>PBXBuildFile</string>
		</dict>
		<key>348C6A2C128E4504005F516D</key>
		<dict>
			<key>fileEncoding</key>
			<string>4</string>
			<key>isa</key>
			<string>PBXFileReference</string>
			<key>lastKnownFileType</key>
			<string>sourcecode.c.h</string>
			<key>name</key>
			<string>StatusBar.h</string>
			<key>path</key>
			<string>Classes/StatusBar.h</string>
			<key>sourceTree</key>
			<string>&lt;group&gt;</string>
		</dict>
		<key>348C6A2D128E4504005F516D</key>
		<dict>
			<key>fileEncoding</key>
			<string>4</string>
			<key>isa</key>
			<string>PBXFileReference</string>
			<key>lastKnownFileType</key>
			<string>sourcecode.c.objc</string>
			<key>name</key>
			<string>StatusBar.m</string>
			<key>path</key>
			<string>Classes/StatusBar.m</string>
			<key>sourceTree</key>
			<string>&lt;group&gt;</string>
		</dict>
		<key>348C6A2E128E4504005F516D</key>
		<dict>
			<key>fileRef</key>
			<string>348C6A2D128E4504005F516D</string>
			<key>isa</key>
			<string>PBXBuildFile</string>
		</dict>
		<key>348F120015EA8ADA008A2BDA</key>
		<dict>
			<key>fileEncoding</key>
			<string>4</string>
			<key>isa</key>
			<string>PBXFileReference</string>
			<key>lastKnownFileType</key>
			<string>text.xml</string>
			<key>name</key>
			<string>devicelocationdef.xml</string>
			<key>path</key>
			<string>Resources/devicelocationdef.xml</string>
			<key>sourceTree</key>
			<string>&lt;group&gt;</string>
		</dict>
		<key>348F120115EA8ADA008A2BDA</key>
		<dict>
			<key>fileRef</key>
			<string>348F120015EA8ADA008A2BDA</string>
			<key>isa</key>
			<string>PBXBuildFile</string>
		</dict>
		<key>349120461925E19C0088F2C3</key>
		<dict>
			<key>fileEncoding</key>
			<string>4</string>
			<key>isa</key>
			<string>PBXFileReference</string>
			<key>lastKnownFileType</key>
			<string>sourcecode.c.h</string>
			<key>name</key>
			<string>FrontmostWindow.h</string>
			<key>path</key>
			<string>../../share/FrontmostWindow.h</string>
			<key>sourceTree</key>
			<string>&lt;group&gt;</string>
		</dict>
		<key>349120471925E19C0088F2C3</key>
		<dict>
			<key>fileEncoding</key>
			<string>4</string>
			<key>isa</key>
			<string>PBXFileReference</string>
			<key>lastKnownFileType</key>
			<string>sourcecode.c.objc</string>
			<key>name</key>
			<string>FrontmostWindow.m</string>
			<key>path</key>
			<string>../../share/FrontmostWindow.m</string>
			<key>sourceTree</key>
			<string>&lt;group&gt;</string>
		</dict>
		<key>349120481925E19C0088F2C3</key>
		<dict>
			<key>fileRef</key>
			<string>349120471925E19C0088F2C3</string>
			<key>isa</key>
			<string>PBXBuildFile</string>
		</dict>
		<key>34A5572516EA03B3000E5399</key>
		<dict>
			<key>children</key>
			<array>
				<string>34A5572D16EA075E000E5399</string>
				<string>34A5572E16EA075E000E5399</string>
				<string>34A5573216EA1923000E5399</string>
				<string>34A5573316EA1923000E5399</string>
				<string>34A5572C16EA075E000E5399</string>
				<string>34A5573016EA10B4000E5399</string>
				<string>34A5572916EA04D6000E5399</string>
				<string>34A5572A16EA04D6000E5399</string>
			</array>
			<key>isa</key>
			<string>PBXGroup</string>
			<key>name</key>
			<string>StatusMessage</string>
			<key>sourceTree</key>
			<string>&lt;group&gt;</string>
		</dict>
		<key>34A5572916EA04D6000E5399</key>
		<dict>
			<key>fileEncoding</key>
			<string>4</string>
			<key>isa</key>
			<string>PBXFileReference</string>
			<key>lastKnownFileType</key>
			<string>sourcecode.c.h</string>
			<key>name</key>
			<string>StatusMessageView_normal.h</string>
			<key>path</key>
			<string>Classes/StatusMessage/StatusMessageView_normal.h</string>
			<key>sourceTree</key>
			<string>&lt;group&gt;</string>
		</dict>
		<key>34A5572A16EA04D6000E5399</key>
		<dict>
			<key>fileEncoding</key>
			<string>4</string>
			<key>isa</key>
			<string>PBXFileReference</string>
			<key>lastKnownFileType</key>
			<string>sourcecode.c.objc</string>
			<key>name</key>
			<string>StatusMessageView_normal.m</string>
			<key>path</key>
			<string>Classes/StatusMessage/StatusMessageView_normal.m</string>
			<key>sourceTree</key>
			<string>&lt;group&gt;</string>
		</dict>
		<key>34A5572B16EA04D6000E5399</key>
		<dict>
			<key>fileRef</key>
			<string>34A5572A16EA04D6000E5399</string>
			<key>isa</key>
			<string>PBXBuildFile</string>
		</dict>
		<key>34A5572C16EA075E000E5399</key>
		<dict>
			<key>fileEncoding</key>
			<string>4</string>
			<key>isa</key>
			<string>PBXFileReference</string>
			<key>lastKnownFileType</key>
			<string>sourcecode.c.h</string>
			<key>name</key>
			<string>StatusMessageView_nano.h</string>
			<key>path</key>
			<string>Classes/StatusMessage/StatusMessageView_nano.h</string>
			<key>sourceTree</key>
			<string>&lt;group&gt;</string>
		</dict>
		<key>34A5572D16EA075E000E5399</key>
		<dict>
			<key>fileEncoding</key>
			<string>4</string>
			<key>isa</key>
			<string>PBXFileReference</string>
			<key>lastKnownFileType</key>
			<string>sourcecode.c.h</string>
			<key>name</key>
			<string>StatusMessageView.h</string>
			<key>path</key>
			<string>Classes/StatusMessage/StatusMessageView.h</string>
			<key>sourceTree</key>
			<string>&lt;group&gt;</string>
		</dict>
		<key>34A5572E16EA075E000E5399</key>
		<dict>
			<key>fileEncoding</key>
			<string>4</string>
			<key>isa</key>
			<string>PBXFileReference</string>
			<key>lastKnownFileType</key>
			<string>sourcecode.c.objc</string>
			<key>name</key>
			<string>StatusMessageView.m</string>
			<key>path</key>
			<string>Classes/StatusMessage/StatusMessageView.m</string>
			<key>sourceTree</key>
			<string>&lt;group&gt;</string>
		</dict>
		<key>34A5572F16EA075E000E5399</key>
		<dict>
			<key>fileRef</key>
			<string>34A5572E16EA075E000E5399</string>
			<key>isa</key>
			<string>PBXBuildFile</string>
		</dict>
		<key>34A5573016EA10B4000E5399</key>
		<dict>
			<key>fileEncoding</key>
			<string>4</string>
			<key>isa</key>
			<string>PBXFileReference</string>
			<key>lastKnownFileType</key>
			<string>sourcecode.c.objc</string>
			<key>name</key>
			<string>StatusMessageView_nano.m</string>
			<key>path</key>
			<string>Classes/StatusMessage/StatusMessageView_nano.m</string>
			<key>sourceTree</key>
			<string>&lt;group&gt;</string>
		</dict>
		<key>34A5573116EA10B4000E5399</key>
		<dict>
			<key>fileRef</key>
			<string>34A5573016EA10B4000E5399</string>
			<key>isa</key>
			<string>PBXBuildFile</string>
		</dict>
		<key>34A5573216EA1923000E5399</key>
		<dict>
			<key>fileEncoding</key>
			<string>4</string>
			<key>isa</key>
			<string>PBXFileReference</string>
			<key>lastKnownFileType</key>
			<string>sourcecode.c.h</string>
			<key>name</key>
			<string>StatusMessageView_edge.h</string>
			<key>path</key>
			<string>Classes/StatusMessage/StatusMessageView_edge.h</string>
			<key>sourceTree</key>
			<string>&lt;group&gt;</string>
		</dict>
		<key>34A5573316EA1923000E5399</key>
		<dict>
			<key>fileEncoding</key>
			<string>4</string>
			<key>isa</key>
			<string>PBXFileReference</string>
			<key>lastKnownFileType</key>
			<string>sourcecode.c.objc</string>
			<key>name</key>
			<string>StatusMessageView_edge.m</string>
			<key>path</key>
			<string>Classes/StatusMessage/StatusMessageView_edge.m</string>
			<key>sourceTree</key>
			<string>&lt;group&gt;</string>
		</dict>
		<key>34A5573416EA1923000E5399</key>
		<dict>
			<key>fileRef</key>
			<string>34A5573316EA1923000E5399</string>
			<key>isa</key>
			<string>PBXBuildFile</string>
		</dict>
		<key>34A611921531707E0003894B</key>
		<dict>
			<key>fileEncoding</key>
			<string>4</string>
			<key>isa</key>
			<string>PBXFileReference</string>
			<key>lastKnownFileType</key>
			<string>text.xml</string>
			<key>name</key>
			<string>checkbox.xml</string>
			<key>path</key>
			<string>Resources/checkbox.xml</string>
			<key>sourceTree</key>
			<string>&lt;group&gt;</string>
		</dict>
		<key>34A611931531707E0003894B</key>
		<dict>
			<key>fileRef</key>
			<string>34A611921531707E0003894B</string>
			<key>isa</key>
			<string>PBXBuildFile</string>
		</dict>
		<key>34A83BCE144B1EAA00AE5687</key>
		<dict>
			<key>fileEncoding</key>
			<string>4</string>
			<key>isa</key>
			<string>PBXFileReference</string>
			<key>lastKnownFileType</key>
			<string>text.xml</string>
			<key>name</key>
			<string>appdef.xml</string>
			<key>path</key>
			<string>Resources/appdef.xml</string>
			<key>sourceTree</key>
			<string>&lt;group&gt;</string>
		</dict>
		<key>34A83BCF144B1EAA00AE5687</key>
		<dict>
			<key>fileRef</key>
			<string>34A83BCE144B1EAA00AE5687</string>
			<key>isa</key>
			<string>PBXBuildFile</string>
		</dict>
		<key>34AFABF1181C354C00146896</key>
		<dict>
			<key>isa</key>
			<string>PBXFileReference</string>
			<key>lastKnownFileType</key>
			<string>compiled.mach-o.dylib</string>
			<key>name</key>
			<string>libc++.dylib</string>
			<key>path</key>
			<string>usr/lib/libc++.dylib</string>
			<key>sourceTree</key>
			<string>SDKROOT</string>
		</dict>
		<key>34AFABF2181C354C00146896</key>
		<dict>
			<key>fileRef</key>
			<string>34AFABF1181C354C00146896</string>
			<key>isa</key>
			<string>PBXBuildFile</string>
		</dict>
		<key>34B2A65A13745B6000694134</key>
		<dict>
			<key>fileEncoding</key>
			<string>4</string>
			<key>isa</key>
			<string>PBXFileReference</string>
			<key>lastKnownFileType</key>
			<string>sourcecode.c.h</string>
			<key>name</key>
			<string>KarabinerKeys.h</string>
			<key>path</key>
			<string>../../share/KarabinerKeys.h</string>
			<key>sourceTree</key>
			<string>&lt;group&gt;</string>
		</dict>
		<key>34B41845194B5C1900707306</key>
		<dict>
			<key>fileEncoding</key>
			<string>4</string>
			<key>isa</key>
			<string>PBXFileReference</string>
			<key>lastKnownFileType</key>
			<string>sourcecode.c.h</string>
			<key>name</key>
			<string>MigrationUtilities.h</string>
			<key>path</key>
			<string>../../share/MigrationUtilities.h</string>
			<key>sourceTree</key>
			<string>&lt;group&gt;</string>
		</dict>
		<key>34B41846194B5C1900707306</key>
		<dict>
			<key>fileEncoding</key>
			<string>4</string>
			<key>isa</key>
			<string>PBXFileReference</string>
			<key>lastKnownFileType</key>
			<string>sourcecode.c.objc</string>
			<key>name</key>
			<string>MigrationUtilities.m</string>
			<key>path</key>
			<string>../../share/MigrationUtilities.m</string>
			<key>sourceTree</key>
			<string>&lt;group&gt;</string>
		</dict>
		<key>34B41847194B5C1900707306</key>
		<dict>
			<key>fileRef</key>
			<string>34B41846194B5C1900707306</string>
			<key>isa</key>
			<string>PBXBuildFile</string>
		</dict>
		<key>34B893FB128E448C00BC955A</key>
		<dict>
			<key>fileEncoding</key>
			<string>4</string>
			<key>isa</key>
			<string>PBXFileReference</string>
			<key>lastKnownFileType</key>
			<string>sourcecode.c.h</string>
			<key>name</key>
			<string>WorkSpaceData.h</string>
			<key>path</key>
			<string>Classes/WorkSpaceData.h</string>
			<key>sourceTree</key>
			<string>&lt;group&gt;</string>
		</dict>
		<key>34B893FC128E448C00BC955A</key>
		<dict>
			<key>fileEncoding</key>
			<string>4</string>
			<key>isa</key>
			<string>PBXFileReference</string>
			<key>lastKnownFileType</key>
			<string>sourcecode.c.objc</string>
			<key>name</key>
			<string>WorkSpaceData.m</string>
			<key>path</key>
			<string>Classes/WorkSpaceData.m</string>
			<key>sourceTree</key>
			<string>&lt;group&gt;</string>
		</dict>
		<key>34B893FF128E448C00BC955A</key>
		<dict>
			<key>fileRef</key>
			<string>34B893FC128E448C00BC955A</string>
			<key>isa</key>
			<string>PBXBuildFile</string>
		</dict>
		<key>34CB2F2E19565E2B00A6E0E3</key>
		<dict>
			<key>fileEncoding</key>
			<string>4</string>
			<key>isa</key>
			<string>PBXFileReference</string>
			<key>lastKnownFileType</key>
			<string>sourcecode.c.h</string>
			<key>name</key>
			<string>Relauncher.h</string>
			<key>path</key>
			<string>../../share/Relauncher.h</string>
			<key>sourceTree</key>
			<string>&lt;group&gt;</string>
		</dict>
		<key>34CB2F2F19565E2B00A6E0E3</key>
		<dict>
			<key>fileEncoding</key>
			<string>4</string>
			<key>isa</key>
			<string>PBXFileReference</string>
			<key>lastKnownFileType</key>
			<string>sourcecode.c.objc</string>
			<key>name</key>
			<string>Relauncher.m</string>
			<key>path</key>
			<string>../../share/Relauncher.m</string>
			<key>sourceTree</key>
			<string>&lt;group&gt;</string>
		</dict>
		<key>34CB2F3019565E2B00A6E0E3</key>
		<dict>
			<key>fileRef</key>
			<string>34CB2F2F19565E2B00A6E0E3</string>
			<key>isa</key>
			<string>PBXBuildFile</string>
		</dict>
		<key>34CE318E160EA045008A171D</key>
		<dict>
			<key>fileEncoding</key>
			<string>4</string>
			<key>isa</key>
			<string>PBXFileReference</string>
			<key>lastKnownFileType</key>
			<string>text.xml</string>
			<key>name</key>
			<string>vkchangeinputsourcedef.xml</string>
			<key>path</key>
			<string>Resources/vkchangeinputsourcedef.xml</string>
			<key>sourceTree</key>
			<string>&lt;group&gt;</string>
		</dict>
		<key>34CE318F160EA045008A171D</key>
		<dict>
			<key>fileRef</key>
			<string>34CE318E160EA045008A171D</string>
			<key>isa</key>
			<string>PBXBuildFile</string>
		</dict>
		<key>34D4F82612C4463B001819AA</key>
		<dict>
			<key>fileEncoding</key>
			<string>4</string>
			<key>isa</key>
			<string>PBXFileReference</string>
			<key>lastKnownFileType</key>
			<string>sourcecode.c.h</string>
			<key>name</key>
			<string>StatusWindow.h</string>
			<key>path</key>
			<string>Classes/StatusWindow.h</string>
			<key>sourceTree</key>
			<string>&lt;group&gt;</string>
		</dict>
		<key>34D4F82712C4463B001819AA</key>
		<dict>
			<key>fileEncoding</key>
			<string>4</string>
			<key>isa</key>
			<string>PBXFileReference</string>
			<key>lastKnownFileType</key>
			<string>sourcecode.c.objc</string>
			<key>name</key>
			<string>StatusWindow.m</string>
			<key>path</key>
			<string>Classes/StatusWindow.m</string>
			<key>sourceTree</key>
			<string>&lt;group&gt;</string>
		</dict>
		<key>34D4F82812C4463B001819AA</key>
		<dict>
			<key>fileRef</key>
			<string>34D4F82712C4463B001819AA</string>
			<key>isa</key>
			<string>PBXBuildFile</string>
		</dict>
		<key>34D4F83B12C45CF3001819AA</key>
		<dict>
			<key>fileEncoding</key>
			<string>4</string>
			<key>isa</key>
			<string>PBXFileReference</string>
			<key>lastKnownFileType</key>
			<string>sourcecode.c.objc</string>
			<key>name</key>
			<string>WorkSpaceData+InputSource.m</string>
			<key>path</key>
			<string>Classes/WorkSpaceData+InputSource.m</string>
			<key>sourceTree</key>
			<string>&lt;group&gt;</string>
		</dict>
		<key>34D4F83C12C45CF3001819AA</key>
		<dict>
			<key>fileRef</key>
			<string>34D4F83B12C45CF3001819AA</string>
			<key>isa</key>
			<string>PBXBuildFile</string>
		</dict>
		<key>34D590261531983100160DFC</key>
		<dict>
			<key>fileEncoding</key>
			<string>4</string>
			<key>isa</key>
			<string>PBXFileReference</string>
			<key>lastKnownFileType</key>
			<string>text.xml</string>
			<key>name</key>
			<string>number.xml</string>
			<key>path</key>
			<string>Resources/number.xml</string>
			<key>sourceTree</key>
			<string>&lt;group&gt;</string>
		</dict>
		<key>34D590271531983100160DFC</key>
		<dict>
			<key>fileRef</key>
			<string>34D590261531983100160DFC</string>
			<key>isa</key>
			<string>PBXBuildFile</string>
		</dict>
		<key>34D944401932164F0062E422</key>
		<dict>
			<key>children</key>
			<array>
				<string>349120461925E19C0088F2C3</string>
				<string>349120471925E19C0088F2C3</string>
				<string>34B2A65A13745B6000694134</string>
				<string>3401D0DE16586C0700CF962F</string>
				<string>34B41845194B5C1900707306</string>
				<string>34B41846194B5C1900707306</string>
				<string>34CB2F2E19565E2B00A6E0E3</string>
				<string>34CB2F2F19565E2B00A6E0E3</string>
				<string>34D94447193217A80062E422</string>
				<string>34D94448193217A80062E422</string>
			</array>
			<key>isa</key>
			<string>PBXGroup</string>
			<key>name</key>
			<string>share</string>
			<key>sourceTree</key>
			<string>&lt;group&gt;</string>
		</dict>
		<key>34D94447193217A80062E422</key>
		<dict>
			<key>fileEncoding</key>
			<string>4</string>
			<key>isa</key>
			<string>PBXFileReference</string>
			<key>lastKnownFileType</key>
			<string>sourcecode.c.h</string>
			<key>name</key>
			<string>StartAtLoginUtilities.h</string>
			<key>path</key>
			<string>../../share/StartAtLoginUtilities.h</string>
			<key>sourceTree</key>
			<string>&lt;group&gt;</string>
		</dict>
		<key>34D94448193217A80062E422</key>
		<dict>
			<key>fileEncoding</key>
			<string>4</string>
			<key>isa</key>
			<string>PBXFileReference</string>
			<key>lastKnownFileType</key>
			<string>sourcecode.c.objc</string>
			<key>name</key>
			<string>StartAtLoginUtilities.m</string>
			<key>path</key>
			<string>../../share/StartAtLoginUtilities.m</string>
			<key>sourceTree</key>
			<string>&lt;group&gt;</string>
		</dict>
		<key>34D94449193217A80062E422</key>
		<dict>
			<key>fileRef</key>
			<string>34D94448193217A80062E422</string>
			<key>isa</key>
			<string>PBXBuildFile</string>
		</dict>
		<key>34F37D53149A2E7800D4694B</key>
		<dict>
			<key>fileEncoding</key>
			<string>4</string>
			<key>isa</key>
			<string>PBXFileReference</string>
			<key>lastKnownFileType</key>
			<string>text.xml</string>
			<key>name</key>
			<string>inputsourcedef.xml</string>
			<key>path</key>
			<string>Resources/inputsourcedef.xml</string>
			<key>sourceTree</key>
			<string>&lt;group&gt;</string>
		</dict>
		<key>34F37D54149A2E7800D4694B</key>
		<dict>
			<key>fileRef</key>
			<string>34F37D53149A2E7800D4694B</string>
			<key>isa</key>
			<string>PBXBuildFile</string>
		</dict>
		<key>34FB9590128F98510088B235</key>
		<dict>
			<key>fileEncoding</key>
			<string>4</string>
			<key>isa</key>
			<string>PBXFileReference</string>
			<key>lastKnownFileType</key>
			<string>sourcecode.c.h</string>
			<key>name</key>
			<string>PreferencesManager.h</string>
			<key>path</key>
			<string>Classes/PreferencesManager.h</string>
			<key>sourceTree</key>
			<string>&lt;group&gt;</string>
		</dict>
		<key>34FB9591128F985A0088B235</key>
		<dict>
			<key>fileEncoding</key>
			<string>4</string>
			<key>isa</key>
			<string>PBXFileReference</string>
			<key>lastKnownFileType</key>
			<string>sourcecode.c.objc</string>
			<key>name</key>
			<string>PreferencesManager.m</string>
			<key>path</key>
			<string>Classes/PreferencesManager.m</string>
			<key>sourceTree</key>
			<string>&lt;group&gt;</string>
		</dict>
		<key>34FB9592128F985A0088B235</key>
		<dict>
			<key>fileRef</key>
			<string>34FB9591128F985A0088B235</string>
			<key>isa</key>
			<string>PBXBuildFile</string>
		</dict>
		<key>34FEAE4C148695AE0042D507</key>
		<dict>
			<key>fileEncoding</key>
			<string>4</string>
			<key>isa</key>
			<string>PBXFileReference</string>
			<key>lastKnownFileType</key>
			<string>text.xml</string>
			<key>name</key>
			<string>replacementdef.xml</string>
			<key>path</key>
			<string>Resources/replacementdef.xml</string>
			<key>sourceTree</key>
			<string>&lt;group&gt;</string>
		</dict>
		<key>34FEAE4D148695AE0042D507</key>
		<dict>
			<key>fileRef</key>
			<string>34FEAE4C148695AE0042D507</string>
			<key>isa</key>
			<string>PBXBuildFile</string>
		</dict>
		<key>71652C4109754A36B5D23F22</key>
		<dict>
			<key>buildActionMask</key>
			<string>2147483647</string>
			<key>files</key>
			<array/>
			<key>inputPaths</key>
			<array/>
			<key>isa</key>
			<string>PBXShellScriptBuildPhase</string>
			<key>name</key>
			<string>Check Pods Manifest.lock</string>
			<key>outputPaths</key>
			<array/>
			<key>runOnlyForDeploymentPostprocessing</key>
			<string>0</string>
			<key>shellPath</key>
			<string>/bin/sh</string>
			<key>shellScript</key>
			<string>diff "${PODS_ROOT}/../Podfile.lock" "${PODS_ROOT}/Manifest.lock" &gt; /dev/null
if [[ $? != 0 ]] ; then
    cat &lt;&lt; EOM
error: The sandbox is not in sync with the Podfile.lock. Run 'pod install' or update your CocoaPods installation.
EOM
    exit 1
fi
</string>
			<key>showEnvVarsInLog</key>
			<string>0</string>
		</dict>
		<key>80DC08B214B5982037B0D71D</key>
		<dict>
			<key>includeInIndex</key>
			<string>1</string>
			<key>isa</key>
			<string>PBXFileReference</string>
			<key>lastKnownFileType</key>
			<string>text.xcconfig</string>
			<key>name</key>
			<string>Pods.release.xcconfig</string>
			<key>path</key>
			<string>Pods/Target Support Files/Pods/Pods.release.xcconfig</string>
			<key>sourceTree</key>
			<string>&lt;group&gt;</string>
		</dict>
		<key>8A3CF001E9234DD19371E183</key>
		<dict>
			<key>explicitFileType</key>
			<string>archive.ar</string>
			<key>includeInIndex</key>
			<string>0</string>
			<key>isa</key>
			<string>PBXFileReference</string>
			<key>path</key>
			<string>libPods.a</string>
			<key>sourceTree</key>
			<string>BUILT_PRODUCTS_DIR</string>
		</dict>
		<key>8D1107260486CEB800E47090</key>
		<dict>
			<key>buildConfigurationList</key>
			<string>C01FCF4A08A954540054247B</string>
			<key>buildPhases</key>
			<array>
				<string>71652C4109754A36B5D23F22</string>
				<string>340A05911302CE8E00B7E1B1</string>
				<string>8D1107290486CEB800E47090</string>
				<string>8D11072C0486CEB800E47090</string>
				<string>8D11072E0486CEB800E47090</string>
				<string>BC7542612C3042C986DBE1B6</string>
			</array>
			<key>buildRules</key>
			<array/>
			<key>dependencies</key>
			<array/>
			<key>isa</key>
			<string>PBXNativeTarget</string>
			<key>name</key>
			<string>Karabiner_server</string>
			<key>productInstallPath</key>
			<string>$(HOME)/Applications</string>
			<key>productName</key>
			<string>Karabiner_server</string>
			<key>productReference</key>
			<string>8D1107320486CEB800E47090</string>
			<key>productType</key>
			<string>com.apple.product-type.application</string>
		</dict>
		<key>8D1107290486CEB800E47090</key>
		<dict>
			<key>buildActionMask</key>
			<string>2147483647</string>
			<key>files</key>
			<array>
				<string>343B2459153DCC7C0023BA6E</string>
				<string>8D11072B0486CEB800E47090</string>
				<string>1DDD58160DA1D0A300B32029</string>
				<string>345248A31298F8A2005447DE</string>
				<string>343BB0CA13E055B10037A81F</string>
				<string>347828F613EE5F3400D50AB1</string>
				<string>34A83BCF144B1EAA00AE5687</string>
				<string>3451A55114532D400030EAD7</string>
				<string>3451A55214532D400030EAD7</string>
				<string>34738785192589CC00F605BD</string>
				<string>34FEAE4D148695AE0042D507</string>
				<string>34192A8618FEC13000AC2390</string>
				<string>34F37D54149A2E7800D4694B</string>
				<string>343A17D91529A5B400F2E968</string>
				<string>3431D7CB19E1395D00AE3219</string>
				<string>34A611931531707E0003894B</string>
				<string>34D590271531983100160DFC</string>
				<string>348F120115EA8ADA008A2BDA</string>
				<string>34CE318F160EA045008A171D</string>
				<string>344F10261936539F00D240DC</string>
				<string>3478EF8916C8C34F00AD2986</string>
			</array>
			<key>isa</key>
			<string>PBXResourcesBuildPhase</string>
			<key>runOnlyForDeploymentPostprocessing</key>
			<string>0</string>
		</dict>
		<key>8D11072B0486CEB800E47090</key>
		<dict>
			<key>fileRef</key>
			<string>089C165CFE840E0CC02AAC07</string>
			<key>isa</key>
			<string>PBXBuildFile</string>
		</dict>
		<key>8D11072C0486CEB800E47090</key>
		<dict>
			<key>buildActionMask</key>
			<string>2147483647</string>
			<key>files</key>
			<array>
				<string>349120481925E19C0088F2C3</string>
				<string>8D11072D0486CEB800E47090</string>
				<string>256AC3DA0F4B6AC300CF3369</string>
				<string>34B893FF128E448C00BC955A</string>
				<string>348C6A2E128E4504005F516D</string>
				<string>34FB9592128F985A0088B235</string>
				<string>34CB2F3019565E2B00A6E0E3</string>
				<string>34D94449193217A80062E422</string>
				<string>34D4F82812C4463B001819AA</string>
				<string>34656493194DE8D400235998</string>
				<string>34D4F83C12C45CF3001819AA</string>
				<string>345647361346A7AF00FD0C38</string>
				<string>34848266152F54B700A9A3BE</string>
				<string>340B7E3F1545090D00FB3237</string>
				<string>3401D0D61657A18C00CF962F</string>
				<string>3401D0DA1657CE6A00CF962F</string>
				<string>3401D0DD1657DD4800CF962F</string>
				<string>34207C051666209F00E7FD08</string>
				<string>34B41847194B5C1900707306</string>
				<string>34207C061666209F00E7FD08</string>
				<string>34207C071666209F00E7FD08</string>
				<string>34207C081666209F00E7FD08</string>
				<string>3406F7111668ED7B00FE1E80</string>
				<string>342D245E16A68C4E00EF070F</string>
				<string>34A5572B16EA04D6000E5399</string>
				<string>34A5572F16EA075E000E5399</string>
				<string>34A5573116EA10B4000E5399</string>
				<string>34A5573416EA1923000E5399</string>
				<string>3429B706171A990000C7DB64</string>
			</array>
			<key>isa</key>
			<string>PBXSourcesBuildPhase</string>
			<key>runOnlyForDeploymentPostprocessing</key>
			<string>0</string>
		</dict>
		<key>8D11072D0486CEB800E47090</key>
		<dict>
			<key>fileRef</key>
			<string>29B97316FDCFA39411CA2CEA</string>
			<key>isa</key>
			<string>PBXBuildFile</string>
			<key>settings</key>
			<dict>
				<key>ATTRIBUTES</key>
				<array/>
			</dict>
		</dict>
		<key>8D11072E0486CEB800E47090</key>
		<dict>
			<key>buildActionMask</key>
			<string>2147483647</string>
			<key>files</key>
			<array>
				<string>34AFABF2181C354C00146896</string>
				<string>34848260152F526B00A9A3BE</string>
				<string>8D11072F0486CEB800E47090</string>
				<string>34568415109F350100125F91</string>
				<string>345647421346AE1700FD0C38</string>
				<string>3085CBDF22704D4592A84EE8</string>
			</array>
			<key>isa</key>
			<string>PBXFrameworksBuildPhase</string>
			<key>runOnlyForDeploymentPostprocessing</key>
			<string>0</string>
		</dict>
		<key>8D11072F0486CEB800E47090</key>
		<dict>
			<key>fileRef</key>
			<string>1058C7A1FEA54F0111CA2CBB</string>
			<key>isa</key>
			<string>PBXBuildFile</string>
		</dict>
		<key>8D1107310486CEB800E47090</key>
		<dict>
			<key>fileEncoding</key>
			<string>4</string>
			<key>isa</key>
			<string>PBXFileReference</string>
			<key>lastKnownFileType</key>
			<string>text.plist.xml</string>
			<key>path</key>
			<string>Info.plist</string>
			<key>sourceTree</key>
			<string>&lt;group&gt;</string>
		</dict>
		<key>8D1107320486CEB800E47090</key>
		<dict>
			<key>explicitFileType</key>
			<string>wrapper.application</string>
			<key>includeInIndex</key>
			<string>0</string>
			<key>isa</key>
			<string>PBXFileReference</string>
			<key>path</key>
			<string>Karabiner.app</string>
			<key>sourceTree</key>
			<string>BUILT_PRODUCTS_DIR</string>
		</dict>
		<key>95FB7AD060E3F1BF4C00C465</key>
		<dict>
			<key>children</key>
			<array>
				<string>80DC08B214B5982037B0D71D</string>
			</array>
			<key>isa</key>
			<string>PBXGroup</string>
			<key>name</key>
			<string>Pods</string>
			<key>sourceTree</key>
			<string>&lt;group&gt;</string>
		</dict>
		<key>BC7542612C3042C986DBE1B6</key>
		<dict>
			<key>buildActionMask</key>
			<string>2147483647</string>
			<key>files</key>
			<array/>
			<key>inputPaths</key>
			<array/>
			<key>isa</key>
			<string>PBXShellScriptBuildPhase</string>
			<key>name</key>
			<string>Copy Pods Resources</string>
			<key>outputPaths</key>
			<array/>
			<key>runOnlyForDeploymentPostprocessing</key>
			<string>0</string>
			<key>shellPath</key>
			<string>/bin/sh</string>
			<key>shellScript</key>
			<string>"${SRCROOT}/Pods/Target Support Files/Pods/Pods-resources.sh"
</string>
			<key>showEnvVarsInLog</key>
			<string>0</string>
		</dict>
		<key>C01FCF4A08A954540054247B</key>
		<dict>
			<key>buildConfigurations</key>
			<array>
				<string>C01FCF4C08A954540054247B</string>
			</array>
			<key>defaultConfigurationIsVisible</key>
			<string>0</string>
			<key>defaultConfigurationName</key>
			<string>Release</string>
			<key>isa</key>
			<string>XCConfigurationList</string>
		</dict>
		<key>C01FCF4C08A954540054247B</key>
		<dict>
			<key>baseConfigurationReference</key>
			<string>80DC08B214B5982037B0D71D</string>
			<key>buildSettings</key>
			<dict>
				<key>ALWAYS_SEARCH_USER_PATHS</key>
				<string>NO</string>
				<key>CLANG_ENABLE_OBJC_ARC</key>
				<string>YES</string>
				<key>COMBINE_HIDPI_IMAGES</key>
				<string>YES</string>
				<key>DEBUG_INFORMATION_FORMAT</key>
				<string>dwarf-with-dsym</string>
				<key>GCC_MODEL_TUNING</key>
				<string>G5</string>
				<key>GCC_PRECOMPILE_PREFIX_HEADER</key>
				<string>YES</string>
				<key>GCC_PREFIX_HEADER</key>
				<string>Karabiner_server_Prefix.pch</string>
				<key>INFOPLIST_FILE</key>
				<string>Info.plist</string>
				<key>INSTALL_PATH</key>
				<string>$(HOME)/Applications</string>
				<key>LIBRARY_SEARCH_PATHS</key>
				<array>
					<string>$(inherited)</string>
					<string>"$(SRCROOT)/../../lib/xml_compiler/build/Release"</string>
				</array>
				<key>PRODUCT_NAME</key>
				<string>Karabiner</string>
			</dict>
			<key>isa</key>
			<string>XCBuildConfiguration</string>
			<key>name</key>
			<string>Release</string>
		</dict>
		<key>C01FCF4E08A954540054247B</key>
		<dict>
			<key>buildConfigurations</key>
			<array>
				<string>C01FCF5008A954540054247B</string>
			</array>
			<key>defaultConfigurationIsVisible</key>
			<string>0</string>
			<key>defaultConfigurationName</key>
			<string>Release</string>
			<key>isa</key>
			<string>XCConfigurationList</string>
		</dict>
		<key>C01FCF5008A954540054247B</key>
		<dict>
			<key>buildSettings</key>
			<dict>
				<key>CLANG_ENABLE_MODULES</key>
				<string>YES</string>
				<key>GCC_C_LANGUAGE_STANDARD</key>
				<string>gnu99</string>
				<key>GCC_TREAT_WARNINGS_AS_ERRORS</key>
				<string>YES</string>
				<key>GCC_WARN_64_TO_32_BIT_CONVERSION</key>
				<string>YES</string>
				<key>GCC_WARN_ABOUT_MISSING_NEWLINE</key>
				<string>YES</string>
				<key>GCC_WARN_ABOUT_MISSING_PROTOTYPES</key>
				<string>YES</string>
				<key>GCC_WARN_ABOUT_RETURN_TYPE</key>
				<string>YES</string>
				<key>GCC_WARN_CHECK_SWITCH_STATEMENTS</key>
				<string>YES</string>
				<key>GCC_WARN_MISSING_PARENTHESES</key>
				<string>YES</string>
				<key>GCC_WARN_NON_VIRTUAL_DESTRUCTOR</key>
				<string>YES</string>
				<key>GCC_WARN_SHADOW</key>
				<string>YES</string>
				<key>GCC_WARN_SIGN_COMPARE</key>
				<string>YES</string>
				<key>GCC_WARN_UNDECLARED_SELECTOR</key>
				<string>YES</string>
				<key>GCC_WARN_UNINITIALIZED_AUTOS</key>
				<string>YES</string>
				<key>GCC_WARN_UNUSED_FUNCTION</key>
				<string>YES</string>
				<key>GCC_WARN_UNUSED_LABEL</key>
				<string>YES</string>
				<key>GCC_WARN_UNUSED_VALUE</key>
				<string>YES</string>
				<key>GCC_WARN_UNUSED_VARIABLE</key>
				<string>YES</string>
				<key>MACOSX_DEPLOYMENT_TARGET</key>
				<string>10.9</string>
				<key>RUN_CLANG_STATIC_ANALYZER</key>
				<string>YES</string>
				<key>SDKROOT</key>
				<string>macosx</string>
				<key>USER_HEADER_SEARCH_PATHS</key>
				<string>../../lib/xml_compiler/include</string>
			</dict>
			<key>isa</key>
			<string>XCBuildConfiguration</string>
			<key>name</key>
			<string>Release</string>
		</dict>
	</dict>
	<key>rootObject</key>
	<string>29B97313FDCFA39411CA2CEA</string>
</dict>
</plist>
