// !$*UTF8*$!
{
	archiveVersion = 1;
	classes = {
	};
	objectVersion = 46;
	objects = {

/* Begin PBXBuildFile section */
		32D94FC80562CBF700B6AF17 /* InfoPlist.strings in Resources */ = {isa = PBXBuildFile; fileRef = 089C167DFE841241C02AAC07 /* InfoPlist.strings */; };
		34012A6E0E7AED010069FE39 /* TimerWrapper.cpp in Sources */ = {isa = PBXBuildFile; fileRef = 34012A6C0E7AED010069FE39 /* TimerWrapper.cpp */; };
		34012A6F0E7AED010069FE39 /* TimerWrapper.hpp in Headers */ = {isa = PBXBuildFile; fileRef = 34012A6D0E7AED010069FE39 /* TimerWrapper.hpp */; };
		340E0BFD111489020030A382 /* KeyFloodChecker.cpp in Sources */ = {isa = PBXBuildFile; fileRef = 340E0BFB111489020030A382 /* KeyFloodChecker.cpp */; };
		340E0BFE111489020030A382 /* KeyFloodChecker.hpp in Headers */ = {isa = PBXBuildFile; fileRef = 340E0BFC111489020030A382 /* KeyFloodChecker.hpp */; };
		3430E93310C558CA00FC2D64 /* EventWatcher.cpp in Sources */ = {isa = PBXBuildFile; fileRef = 3430E93110C558CA00FC2D64 /* EventWatcher.cpp */; };
		3430E93410C558CA00FC2D64 /* EventWatcher.hpp in Headers */ = {isa = PBXBuildFile; fileRef = 3430E93210C558CA00FC2D64 /* EventWatcher.hpp */; };
		345004AD0E7CE48F0075324B /* Core.cpp in Sources */ = {isa = PBXBuildFile; fileRef = 345004A80E7CE48F0075324B /* Core.cpp */; };
		345004AE0E7CE48F0075324B /* Core.hpp in Headers */ = {isa = PBXBuildFile; fileRef = 345004A90E7CE48F0075324B /* Core.hpp */; };
		345004AF0E7CE48F0075324B /* Driver.cpp in Sources */ = {isa = PBXBuildFile; fileRef = 345004AA0E7CE48F0075324B /* Driver.cpp */; };
		345004B00E7CE48F0075324B /* Driver.hpp in Headers */ = {isa = PBXBuildFile; fileRef = 345004AB0E7CE48F0075324B /* Driver.hpp */; };
		3453149310FB44D3005EBFAF /* auto_ptr.hpp in Headers */ = {isa = PBXBuildFile; fileRef = 3453149210FB44D3005EBFAF /* auto_ptr.hpp */; };
		3456837C10DA734200D7E2E6 /* VirtualKey.cpp in Sources */ = {isa = PBXBuildFile; fileRef = 3456837A10DA734100D7E2E6 /* VirtualKey.cpp */; };
		3456837D10DA734200D7E2E6 /* VirtualKey.hpp in Headers */ = {isa = PBXBuildFile; fileRef = 3456837B10DA734200D7E2E6 /* VirtualKey.hpp */; };
		3459F55C10C418D700DAB1FE /* KeyboardRepeat.cpp in Sources */ = {isa = PBXBuildFile; fileRef = 3459F55A10C418D700DAB1FE /* KeyboardRepeat.cpp */; };
		3459F55D10C418D700DAB1FE /* KeyboardRepeat.hpp in Headers */ = {isa = PBXBuildFile; fileRef = 3459F55B10C418D700DAB1FE /* KeyboardRepeat.hpp */; };
		345B06AD0DB21A88000023FD /* Client.cpp in Sources */ = {isa = PBXBuildFile; fileRef = 345B06AB0DB21A88000023FD /* Client.cpp */; };
		345B06AE0DB21A88000023FD /* Client.hpp in Headers */ = {isa = PBXBuildFile; fileRef = 345B06AC0DB21A88000023FD /* Client.hpp */; };
		345B06B80DB21ABF000023FD /* bridge.hpp in Headers */ = {isa = PBXBuildFile; fileRef = 345B06B70DB21ABF000023FD /* bridge.hpp */; };
		3465DB6010A2E93300DFCEC5 /* IOLockWrapper.hpp in Headers */ = {isa = PBXBuildFile; fileRef = 3465DB5F10A2E93300DFCEC5 /* IOLockWrapper.hpp */; };
		346B753E0E72C0BA00F9A79F /* FlagStatus.cpp in Sources */ = {isa = PBXBuildFile; fileRef = 346B753C0E72C0BA00F9A79F /* FlagStatus.cpp */; };
		346B753F0E72C0BA00F9A79F /* FlagStatus.hpp in Headers */ = {isa = PBXBuildFile; fileRef = 346B753D0E72C0BA00F9A79F /* FlagStatus.hpp */; };
		3475BBFF11CEDC5F007BC76A /* FromKeyChecker.hpp in Headers */ = {isa = PBXBuildFile; fileRef = 3475BBFE11CEDC5F007BC76A /* FromKeyChecker.hpp */; };
		3477E3BB11CFAC9D00DC05C9 /* RemapClass.cpp in Sources */ = {isa = PBXBuildFile; fileRef = 3477E3B911CFAC9D00DC05C9 /* RemapClass.cpp */; };
		3477E3BC11CFAC9D00DC05C9 /* RemapClass.hpp in Headers */ = {isa = PBXBuildFile; fileRef = 3477E3BA11CFAC9D00DC05C9 /* RemapClass.hpp */; };
		347A27EA1168C09F00EB155B /* KeyEventInputQueue.cpp in Sources */ = {isa = PBXBuildFile; fileRef = 347A27E81168C09F00EB155B /* KeyEventInputQueue.cpp */; };
		347A27EB1168C09F00EB155B /* KeyEventInputQueue.hpp in Headers */ = {isa = PBXBuildFile; fileRef = 347A27E91168C09F00EB155B /* KeyEventInputQueue.hpp */; };
		348ED8340CE467FD00E179EC /* remap.cpp in Sources */ = {isa = PBXBuildFile; fileRef = 348ED8330CE467FD00E179EC /* remap.cpp */; };
		348ED8360CE4680F00E179EC /* remap.hpp in Headers */ = {isa = PBXBuildFile; fileRef = 348ED8350CE4680F00E179EC /* remap.hpp */; };
		348ED83A0CE4682000E179EC /* version.hpp in Headers */ = {isa = PBXBuildFile; fileRef = 348ED8390CE4682000E179EC /* version.hpp */; };
		348ED8470CE47D9400E179EC /* RemapUtil.cpp in Sources */ = {isa = PBXBuildFile; fileRef = 348ED8460CE47D9400E179EC /* RemapUtil.cpp */; };
		348ED8490CE47D9D00E179EC /* RemapUtil.hpp in Headers */ = {isa = PBXBuildFile; fileRef = 348ED8480CE47D9D00E179EC /* RemapUtil.hpp */; };
		349581080E7232A5003773EC /* PressDownKeys.cpp in Sources */ = {isa = PBXBuildFile; fileRef = 349581060E7232A5003773EC /* PressDownKeys.cpp */; };
		349581090E7232A5003773EC /* PressDownKeys.hpp in Headers */ = {isa = PBXBuildFile; fileRef = 349581070E7232A5003773EC /* PressDownKeys.hpp */; };
		34A59B881065C00B0048D1E7 /* ListHookedConsumer.cpp in Sources */ = {isa = PBXBuildFile; fileRef = 34A59B861065C00B0048D1E7 /* ListHookedConsumer.cpp */; };
		34A59B891065C00B0048D1E7 /* ListHookedConsumer.hpp in Headers */ = {isa = PBXBuildFile; fileRef = 34A59B871065C00B0048D1E7 /* ListHookedConsumer.hpp */; };
		34A7883010CBD79100DF72FD /* KeyCode.cpp in Sources */ = {isa = PBXBuildFile; fileRef = 34A7882E10CBD79100DF72FD /* KeyCode.cpp */; };
		34A7883110CBD79100DF72FD /* KeyCode.hpp in Headers */ = {isa = PBXBuildFile; fileRef = 34A7882F10CBD79100DF72FD /* KeyCode.hpp */; };
		34A7884810CBF92D00DF72FD /* CommonData.hpp in Headers */ = {isa = PBXBuildFile; fileRef = 34A7884710CBF92D00DF72FD /* CommonData.hpp */; };
		34A7885110CBFBDC00DF72FD /* CommonData.cpp in Sources */ = {isa = PBXBuildFile; fileRef = 34A7885010CBFBDC00DF72FD /* CommonData.cpp */; };
		34AA1F351065B1EE00E9A418 /* ListHookedDevice.cpp in Sources */ = {isa = PBXBuildFile; fileRef = 34AA1F331065B1EE00E9A418 /* ListHookedDevice.cpp */; };
		34AA1F361065B1EE00E9A418 /* ListHookedDevice.hpp in Headers */ = {isa = PBXBuildFile; fileRef = 34AA1F341065B1EE00E9A418 /* ListHookedDevice.hpp */; };
		34C382D511BB3F3600EFB9A6 /* Queue.cpp in Sources */ = {isa = PBXBuildFile; fileRef = 34C382D311BB3F3600EFB9A6 /* Queue.cpp */; };
		34C382D611BB3F3600EFB9A6 /* Queue.hpp in Headers */ = {isa = PBXBuildFile; fileRef = 34C382D411BB3F3600EFB9A6 /* Queue.hpp */; };
		34C7A9A20CE45EA400C98397 /* Config.cpp in Sources */ = {isa = PBXBuildFile; fileRef = 34C7A9A10CE45EA400C98397 /* Config.cpp */; };
		34C7A9B00CE4605B00C98397 /* Config.hpp in Headers */ = {isa = PBXBuildFile; fileRef = 34C7A9AF0CE4605B00C98397 /* Config.hpp */; };
		34CFB93211C340B000E5E7F9 /* ButtonStatus.cpp in Sources */ = {isa = PBXBuildFile; fileRef = 34CFB93011C340B000E5E7F9 /* ButtonStatus.cpp */; };
		34CFB93311C340B000E5E7F9 /* ButtonStatus.hpp in Headers */ = {isa = PBXBuildFile; fileRef = 34CFB93111C340B000E5E7F9 /* ButtonStatus.hpp */; };
		34F13A860E73E69D006EB163 /* IntervalChecker.cpp in Sources */ = {isa = PBXBuildFile; fileRef = 34F13A840E73E69D006EB163 /* IntervalChecker.cpp */; };
		34F13A870E73E69D006EB163 /* IntervalChecker.hpp in Headers */ = {isa = PBXBuildFile; fileRef = 34F13A850E73E69D006EB163 /* IntervalChecker.hpp */; };
		34F14BAE0E861FC5001C15F3 /* CallBackWrapper.cpp in Sources */ = {isa = PBXBuildFile; fileRef = 34F14BAC0E861FC5001C15F3 /* CallBackWrapper.cpp */; };
		34F14BAF0E861FC5001C15F3 /* CallBackWrapper.hpp in Headers */ = {isa = PBXBuildFile; fileRef = 34F14BAD0E861FC5001C15F3 /* CallBackWrapper.hpp */; };
		34F14BB40E86205E001C15F3 /* ListHookedKeyboard.cpp in Sources */ = {isa = PBXBuildFile; fileRef = 34F14BB20E86205E001C15F3 /* ListHookedKeyboard.cpp */; };
		34F14BB50E86205E001C15F3 /* ListHookedKeyboard.hpp in Headers */ = {isa = PBXBuildFile; fileRef = 34F14BB30E86205E001C15F3 /* ListHookedKeyboard.hpp */; };
		34F14BB80E862109001C15F3 /* ListHookedPointing.cpp in Sources */ = {isa = PBXBuildFile; fileRef = 34F14BB60E862109001C15F3 /* ListHookedPointing.cpp */; };
		34F14BB90E862109001C15F3 /* ListHookedPointing.hpp in Headers */ = {isa = PBXBuildFile; fileRef = 34F14BB70E862109001C15F3 /* ListHookedPointing.hpp */; };
		34F14BC00E867884001C15F3 /* NumHeldDownKeys.cpp in Sources */ = {isa = PBXBuildFile; fileRef = 34F14BBE0E867884001C15F3 /* NumHeldDownKeys.cpp */; };
		34F14BC10E867884001C15F3 /* NumHeldDownKeys.hpp in Headers */ = {isa = PBXBuildFile; fileRef = 34F14BBF0E867884001C15F3 /* NumHeldDownKeys.hpp */; };
		34FB835F0CE5DBFF00BD6A24 /* base.hpp in Headers */ = {isa = PBXBuildFile; fileRef = 34FB835E0CE5DBFF00BD6A24 /* base.hpp */; };
/* End PBXBuildFile section */

/* Begin PBXFileReference section */
		089C167EFE841241C02AAC07 /* English */ = {isa = PBXFileReference; fileEncoding = 10; lastKnownFileType = text.plist.strings; name = English; path = English.lproj/InfoPlist.strings; sourceTree = "<group>"; };
		32D94FCF0562CBF700B6AF17 /* Info.plist */ = {isa = PBXFileReference; lastKnownFileType = text.plist.xml; path = Info.plist; sourceTree = "<group>"; };
		32D94FD00562CBF700B6AF17 /* KeyRemap4MacBook.kext */ = {isa = PBXFileReference; explicitFileType = wrapper.cfbundle; includeInIndex = 0; path = KeyRemap4MacBook.kext; sourceTree = BUILT_PRODUCTS_DIR; };
		34012A6C0E7AED010069FE39 /* TimerWrapper.cpp */ = {isa = PBXFileReference; fileEncoding = 4; lastKnownFileType = sourcecode.cpp.cpp; name = TimerWrapper.cpp; path = util/TimerWrapper.cpp; sourceTree = "<group>"; };
		34012A6D0E7AED010069FE39 /* TimerWrapper.hpp */ = {isa = PBXFileReference; fileEncoding = 4; lastKnownFileType = sourcecode.cpp.h; name = TimerWrapper.hpp; path = util/TimerWrapper.hpp; sourceTree = "<group>"; };
		340E0BFB111489020030A382 /* KeyFloodChecker.cpp */ = {isa = PBXFileReference; fileEncoding = 4; lastKnownFileType = sourcecode.cpp.cpp; name = KeyFloodChecker.cpp; path = util/KeyFloodChecker.cpp; sourceTree = "<group>"; };
		340E0BFC111489020030A382 /* KeyFloodChecker.hpp */ = {isa = PBXFileReference; fileEncoding = 4; lastKnownFileType = sourcecode.cpp.h; name = KeyFloodChecker.hpp; path = util/KeyFloodChecker.hpp; sourceTree = "<group>"; };
		3430E93110C558CA00FC2D64 /* EventWatcher.cpp */ = {isa = PBXFileReference; fileEncoding = 4; lastKnownFileType = sourcecode.cpp.cpp; name = EventWatcher.cpp; path = util/EventWatcher.cpp; sourceTree = "<group>"; };
		3430E93210C558CA00FC2D64 /* EventWatcher.hpp */ = {isa = PBXFileReference; fileEncoding = 4; lastKnownFileType = sourcecode.cpp.h; name = EventWatcher.hpp; path = util/EventWatcher.hpp; sourceTree = "<group>"; };
		345004A80E7CE48F0075324B /* Core.cpp */ = {isa = PBXFileReference; fileEncoding = 4; lastKnownFileType = sourcecode.cpp.cpp; path = Core.cpp; sourceTree = "<group>"; };
		345004A90E7CE48F0075324B /* Core.hpp */ = {isa = PBXFileReference; fileEncoding = 4; lastKnownFileType = sourcecode.cpp.h; path = Core.hpp; sourceTree = "<group>"; };
		345004AA0E7CE48F0075324B /* Driver.cpp */ = {isa = PBXFileReference; fileEncoding = 4; lastKnownFileType = sourcecode.cpp.cpp; path = Driver.cpp; sourceTree = "<group>"; };
		345004AB0E7CE48F0075324B /* Driver.hpp */ = {isa = PBXFileReference; fileEncoding = 4; lastKnownFileType = sourcecode.cpp.h; path = Driver.hpp; sourceTree = "<group>"; };
		3453149210FB44D3005EBFAF /* auto_ptr.hpp */ = {isa = PBXFileReference; fileEncoding = 4; lastKnownFileType = sourcecode.cpp.h; name = auto_ptr.hpp; path = util/auto_ptr.hpp; sourceTree = "<group>"; };
		3456837A10DA734100D7E2E6 /* VirtualKey.cpp */ = {isa = PBXFileReference; fileEncoding = 4; lastKnownFileType = sourcecode.cpp.cpp; path = VirtualKey.cpp; sourceTree = "<group>"; };
		3456837B10DA734200D7E2E6 /* VirtualKey.hpp */ = {isa = PBXFileReference; fileEncoding = 4; lastKnownFileType = sourcecode.cpp.h; path = VirtualKey.hpp; sourceTree = "<group>"; };
		3459F55A10C418D700DAB1FE /* KeyboardRepeat.cpp */ = {isa = PBXFileReference; fileEncoding = 4; lastKnownFileType = sourcecode.cpp.cpp; name = KeyboardRepeat.cpp; path = util/KeyboardRepeat.cpp; sourceTree = "<group>"; };
		3459F55B10C418D700DAB1FE /* KeyboardRepeat.hpp */ = {isa = PBXFileReference; fileEncoding = 4; lastKnownFileType = sourcecode.cpp.h; name = KeyboardRepeat.hpp; path = util/KeyboardRepeat.hpp; sourceTree = "<group>"; };
		345B06AB0DB21A88000023FD /* Client.cpp */ = {isa = PBXFileReference; fileEncoding = 4; lastKnownFileType = sourcecode.cpp.cpp; path = Client.cpp; sourceTree = "<group>"; };
		345B06AC0DB21A88000023FD /* Client.hpp */ = {isa = PBXFileReference; fileEncoding = 4; lastKnownFileType = sourcecode.cpp.h; path = Client.hpp; sourceTree = "<group>"; };
		345B06B70DB21ABF000023FD /* bridge.hpp */ = {isa = PBXFileReference; fileEncoding = 4; lastKnownFileType = sourcecode.cpp.h; name = bridge.hpp; path = ../bridge/bridge.hpp; sourceTree = SOURCE_ROOT; };
		3465DB5F10A2E93300DFCEC5 /* IOLockWrapper.hpp */ = {isa = PBXFileReference; fileEncoding = 4; lastKnownFileType = sourcecode.cpp.h; name = IOLockWrapper.hpp; path = util/IOLockWrapper.hpp; sourceTree = "<group>"; };
		346B753C0E72C0BA00F9A79F /* FlagStatus.cpp */ = {isa = PBXFileReference; fileEncoding = 4; lastKnownFileType = sourcecode.cpp.cpp; name = FlagStatus.cpp; path = util/FlagStatus.cpp; sourceTree = "<group>"; };
		346B753D0E72C0BA00F9A79F /* FlagStatus.hpp */ = {isa = PBXFileReference; fileEncoding = 4; lastKnownFileType = sourcecode.cpp.h; name = FlagStatus.hpp; path = util/FlagStatus.hpp; sourceTree = "<group>"; };
		3475BBFE11CEDC5F007BC76A /* FromKeyChecker.hpp */ = {isa = PBXFileReference; fileEncoding = 4; lastKnownFileType = sourcecode.cpp.h; name = FromKeyChecker.hpp; path = util/FromKeyChecker.hpp; sourceTree = "<group>"; };
		3477E3B911CFAC9D00DC05C9 /* RemapClass.cpp */ = {isa = PBXFileReference; fileEncoding = 4; lastKnownFileType = sourcecode.cpp.cpp; path = RemapClass.cpp; sourceTree = "<group>"; };
		3477E3BA11CFAC9D00DC05C9 /* RemapClass.hpp */ = {isa = PBXFileReference; fileEncoding = 4; lastKnownFileType = sourcecode.cpp.h; path = RemapClass.hpp; sourceTree = "<group>"; };
		347A27E81168C09F00EB155B /* KeyEventInputQueue.cpp */ = {isa = PBXFileReference; fileEncoding = 4; lastKnownFileType = sourcecode.cpp.cpp; name = KeyEventInputQueue.cpp; path = util/KeyEventInputQueue.cpp; sourceTree = "<group>"; };
		347A27E91168C09F00EB155B /* KeyEventInputQueue.hpp */ = {isa = PBXFileReference; fileEncoding = 4; lastKnownFileType = sourcecode.cpp.h; name = KeyEventInputQueue.hpp; path = util/KeyEventInputQueue.hpp; sourceTree = "<group>"; };
		348ED8330CE467FD00E179EC /* remap.cpp */ = {isa = PBXFileReference; fileEncoding = 4; lastKnownFileType = sourcecode.cpp.cpp; path = remap.cpp; sourceTree = "<group>"; };
		348ED8350CE4680F00E179EC /* remap.hpp */ = {isa = PBXFileReference; fileEncoding = 4; lastKnownFileType = sourcecode.cpp.h; path = remap.hpp; sourceTree = "<group>"; };
		348ED8390CE4682000E179EC /* version.hpp */ = {isa = PBXFileReference; fileEncoding = 4; lastKnownFileType = sourcecode.cpp.h; path = version.hpp; sourceTree = "<group>"; };
		348ED8460CE47D9400E179EC /* RemapUtil.cpp */ = {isa = PBXFileReference; fileEncoding = 4; lastKnownFileType = sourcecode.cpp.cpp; path = RemapUtil.cpp; sourceTree = "<group>"; };
		348ED8480CE47D9D00E179EC /* RemapUtil.hpp */ = {isa = PBXFileReference; fileEncoding = 4; lastKnownFileType = sourcecode.cpp.h; path = RemapUtil.hpp; sourceTree = "<group>"; };
		349581060E7232A5003773EC /* PressDownKeys.cpp */ = {isa = PBXFileReference; fileEncoding = 4; lastKnownFileType = sourcecode.cpp.cpp; name = PressDownKeys.cpp; path = util/PressDownKeys.cpp; sourceTree = "<group>"; };
		349581070E7232A5003773EC /* PressDownKeys.hpp */ = {isa = PBXFileReference; fileEncoding = 4; lastKnownFileType = sourcecode.cpp.h; name = PressDownKeys.hpp; path = util/PressDownKeys.hpp; sourceTree = "<group>"; };
		34A59B861065C00B0048D1E7 /* ListHookedConsumer.cpp */ = {isa = PBXFileReference; fileEncoding = 4; lastKnownFileType = sourcecode.cpp.cpp; name = ListHookedConsumer.cpp; path = util/ListHookedConsumer.cpp; sourceTree = "<group>"; };
		34A59B871065C00B0048D1E7 /* ListHookedConsumer.hpp */ = {isa = PBXFileReference; fileEncoding = 4; lastKnownFileType = sourcecode.cpp.h; name = ListHookedConsumer.hpp; path = util/ListHookedConsumer.hpp; sourceTree = "<group>"; };
		34A7882E10CBD79100DF72FD /* KeyCode.cpp */ = {isa = PBXFileReference; fileEncoding = 4; lastKnownFileType = sourcecode.cpp.cpp; path = KeyCode.cpp; sourceTree = "<group>"; };
		34A7882F10CBD79100DF72FD /* KeyCode.hpp */ = {isa = PBXFileReference; fileEncoding = 4; lastKnownFileType = sourcecode.cpp.h; path = KeyCode.hpp; sourceTree = "<group>"; };
		34A7884710CBF92D00DF72FD /* CommonData.hpp */ = {isa = PBXFileReference; fileEncoding = 4; lastKnownFileType = sourcecode.cpp.h; name = CommonData.hpp; path = util/CommonData.hpp; sourceTree = "<group>"; };
		34A7885010CBFBDC00DF72FD /* CommonData.cpp */ = {isa = PBXFileReference; fileEncoding = 4; lastKnownFileType = sourcecode.cpp.cpp; name = CommonData.cpp; path = util/CommonData.cpp; sourceTree = "<group>"; };
		34AA1F331065B1EE00E9A418 /* ListHookedDevice.cpp */ = {isa = PBXFileReference; fileEncoding = 4; lastKnownFileType = sourcecode.cpp.cpp; name = ListHookedDevice.cpp; path = util/ListHookedDevice.cpp; sourceTree = "<group>"; };
		34AA1F341065B1EE00E9A418 /* ListHookedDevice.hpp */ = {isa = PBXFileReference; fileEncoding = 4; lastKnownFileType = sourcecode.cpp.h; name = ListHookedDevice.hpp; path = util/ListHookedDevice.hpp; sourceTree = "<group>"; };
		34C382D311BB3F3600EFB9A6 /* Queue.cpp */ = {isa = PBXFileReference; fileEncoding = 4; lastKnownFileType = sourcecode.cpp.cpp; name = Queue.cpp; path = util/Queue.cpp; sourceTree = "<group>"; };
		34C382D411BB3F3600EFB9A6 /* Queue.hpp */ = {isa = PBXFileReference; fileEncoding = 4; lastKnownFileType = sourcecode.cpp.h; name = Queue.hpp; path = util/Queue.hpp; sourceTree = "<group>"; };
		34C7A9A10CE45EA400C98397 /* Config.cpp */ = {isa = PBXFileReference; fileEncoding = 4; lastKnownFileType = sourcecode.cpp.cpp; path = Config.cpp; sourceTree = "<group>"; };
		34C7A9AF0CE4605B00C98397 /* Config.hpp */ = {isa = PBXFileReference; fileEncoding = 4; lastKnownFileType = sourcecode.cpp.h; path = Config.hpp; sourceTree = "<group>"; };
		34CFB93011C340B000E5E7F9 /* ButtonStatus.cpp */ = {isa = PBXFileReference; fileEncoding = 4; lastKnownFileType = sourcecode.cpp.cpp; name = ButtonStatus.cpp; path = util/ButtonStatus.cpp; sourceTree = "<group>"; };
		34CFB93111C340B000E5E7F9 /* ButtonStatus.hpp */ = {isa = PBXFileReference; fileEncoding = 4; lastKnownFileType = sourcecode.cpp.h; name = ButtonStatus.hpp; path = util/ButtonStatus.hpp; sourceTree = "<group>"; };
		34F13A840E73E69D006EB163 /* IntervalChecker.cpp */ = {isa = PBXFileReference; fileEncoding = 4; lastKnownFileType = sourcecode.cpp.cpp; name = IntervalChecker.cpp; path = util/IntervalChecker.cpp; sourceTree = "<group>"; };
		34F13A850E73E69D006EB163 /* IntervalChecker.hpp */ = {isa = PBXFileReference; fileEncoding = 4; lastKnownFileType = sourcecode.cpp.h; name = IntervalChecker.hpp; path = util/IntervalChecker.hpp; sourceTree = "<group>"; };
		34F14BAC0E861FC5001C15F3 /* CallBackWrapper.cpp */ = {isa = PBXFileReference; fileEncoding = 4; lastKnownFileType = sourcecode.cpp.cpp; name = CallBackWrapper.cpp; path = util/CallBackWrapper.cpp; sourceTree = "<group>"; };
		34F14BAD0E861FC5001C15F3 /* CallBackWrapper.hpp */ = {isa = PBXFileReference; fileEncoding = 4; lastKnownFileType = sourcecode.cpp.h; name = CallBackWrapper.hpp; path = util/CallBackWrapper.hpp; sourceTree = "<group>"; };
		34F14BB20E86205E001C15F3 /* ListHookedKeyboard.cpp */ = {isa = PBXFileReference; fileEncoding = 4; lastKnownFileType = sourcecode.cpp.cpp; name = ListHookedKeyboard.cpp; path = util/ListHookedKeyboard.cpp; sourceTree = "<group>"; };
		34F14BB30E86205E001C15F3 /* ListHookedKeyboard.hpp */ = {isa = PBXFileReference; fileEncoding = 4; lastKnownFileType = sourcecode.cpp.h; name = ListHookedKeyboard.hpp; path = util/ListHookedKeyboard.hpp; sourceTree = "<group>"; };
		34F14BB60E862109001C15F3 /* ListHookedPointing.cpp */ = {isa = PBXFileReference; fileEncoding = 4; lastKnownFileType = sourcecode.cpp.cpp; name = ListHookedPointing.cpp; path = util/ListHookedPointing.cpp; sourceTree = "<group>"; };
		34F14BB70E862109001C15F3 /* ListHookedPointing.hpp */ = {isa = PBXFileReference; fileEncoding = 4; lastKnownFileType = sourcecode.cpp.h; name = ListHookedPointing.hpp; path = util/ListHookedPointing.hpp; sourceTree = "<group>"; };
		34F14BBE0E867884001C15F3 /* NumHeldDownKeys.cpp */ = {isa = PBXFileReference; fileEncoding = 4; lastKnownFileType = sourcecode.cpp.cpp; name = NumHeldDownKeys.cpp; path = util/NumHeldDownKeys.cpp; sourceTree = "<group>"; };
		34F14BBF0E867884001C15F3 /* NumHeldDownKeys.hpp */ = {isa = PBXFileReference; fileEncoding = 4; lastKnownFileType = sourcecode.cpp.h; name = NumHeldDownKeys.hpp; path = util/NumHeldDownKeys.hpp; sourceTree = "<group>"; };
		34FB835E0CE5DBFF00BD6A24 /* base.hpp */ = {isa = PBXFileReference; fileEncoding = 4; lastKnownFileType = sourcecode.cpp.h; path = base.hpp; sourceTree = "<group>"; };
		8DA8362C06AD9B9200E5AC22 /* Kernel.framework */ = {isa = PBXFileReference; lastKnownFileType = wrapper.framework; name = Kernel.framework; path = /System/Library/Frameworks/Kernel.framework; sourceTree = "<absolute>"; };
/* End PBXFileReference section */

/* Begin PBXFrameworksBuildPhase section */
		32D94FCB0562CBF700B6AF17 /* Frameworks */ = {
			isa = PBXFrameworksBuildPhase;
			buildActionMask = 2147483647;
			files = (
			);
			runOnlyForDeploymentPostprocessing = 0;
		};
/* End PBXFrameworksBuildPhase section */

/* Begin PBXGroup section */
		089C166AFE841209C02AAC07 /* KeyRemap4MacBook */ = {
			isa = PBXGroup;
			children = (
				247142CAFF3F8F9811CA285C /* Source */,
				8DA8362C06AD9B9200E5AC22 /* Kernel.framework */,
				089C167CFE841241C02AAC07 /* Resources */,
				19C28FB6FE9D52B211CA2CBB /* Products */,
			);
			name = KeyRemap4MacBook;
			sourceTree = "<group>";
		};
		089C167CFE841241C02AAC07 /* Resources */ = {
			isa = PBXGroup;
			children = (
				32D94FCF0562CBF700B6AF17 /* Info.plist */,
				089C167DFE841241C02AAC07 /* InfoPlist.strings */,
			);
			name = Resources;
			sourceTree = "<group>";
		};
		19C28FB6FE9D52B211CA2CBB /* Products */ = {
			isa = PBXGroup;
			children = (
				32D94FD00562CBF700B6AF17 /* KeyRemap4MacBook.kext */,
			);
			name = Products;
			sourceTree = "<group>";
		};
		247142CAFF3F8F9811CA285C /* Source */ = {
			isa = PBXGroup;
			children = (
				3477E3B911CFAC9D00DC05C9 /* RemapClass.cpp */,
				3477E3BA11CFAC9D00DC05C9 /* RemapClass.hpp */,
				3456837A10DA734100D7E2E6 /* VirtualKey.cpp */,
				3456837B10DA734200D7E2E6 /* VirtualKey.hpp */,
				34A7882E10CBD79100DF72FD /* KeyCode.cpp */,
				34A7882F10CBD79100DF72FD /* KeyCode.hpp */,
				345004A80E7CE48F0075324B /* Core.cpp */,
				345004A90E7CE48F0075324B /* Core.hpp */,
				345004AA0E7CE48F0075324B /* Driver.cpp */,
				345004AB0E7CE48F0075324B /* Driver.hpp */,
				345B06B70DB21ABF000023FD /* bridge.hpp */,
				348ED8350CE4680F00E179EC /* remap.hpp */,
				348ED8480CE47D9D00E179EC /* RemapUtil.hpp */,
				348ED8390CE4682000E179EC /* version.hpp */,
				34FB835E0CE5DBFF00BD6A24 /* base.hpp */,
				34C7A9AF0CE4605B00C98397 /* Config.hpp */,
				345B06AB0DB21A88000023FD /* Client.cpp */,
				345B06AC0DB21A88000023FD /* Client.hpp */,
				348ED8460CE47D9400E179EC /* RemapUtil.cpp */,
				348ED8330CE467FD00E179EC /* remap.cpp */,
				34C7A9A10CE45EA400C98397 /* Config.cpp */,
				346B753B0E72C0A200F9A79F /* util */,
			);
			name = Source;
			sourceTree = "<group>";
		};
		346B753B0E72C0A200F9A79F /* util */ = {
			isa = PBXGroup;
			children = (
				3475BBFE11CEDC5F007BC76A /* FromKeyChecker.hpp */,
				34CFB93011C340B000E5E7F9 /* ButtonStatus.cpp */,
				34CFB93111C340B000E5E7F9 /* ButtonStatus.hpp */,
				34C382D311BB3F3600EFB9A6 /* Queue.cpp */,
				34C382D411BB3F3600EFB9A6 /* Queue.hpp */,
				347A27E81168C09F00EB155B /* KeyEventInputQueue.cpp */,
				347A27E91168C09F00EB155B /* KeyEventInputQueue.hpp */,
				340E0BFB111489020030A382 /* KeyFloodChecker.cpp */,
				340E0BFC111489020030A382 /* KeyFloodChecker.hpp */,
				3453149210FB44D3005EBFAF /* auto_ptr.hpp */,
				34A7885010CBFBDC00DF72FD /* CommonData.cpp */,
				34A7884710CBF92D00DF72FD /* CommonData.hpp */,
				34A59B861065C00B0048D1E7 /* ListHookedConsumer.cpp */,
				34A59B871065C00B0048D1E7 /* ListHookedConsumer.hpp */,
				34AA1F331065B1EE00E9A418 /* ListHookedDevice.cpp */,
				34AA1F341065B1EE00E9A418 /* ListHookedDevice.hpp */,
				3430E93110C558CA00FC2D64 /* EventWatcher.cpp */,
				3430E93210C558CA00FC2D64 /* EventWatcher.hpp */,
				3459F55A10C418D700DAB1FE /* KeyboardRepeat.cpp */,
				3459F55B10C418D700DAB1FE /* KeyboardRepeat.hpp */,
				3465DB5F10A2E93300DFCEC5 /* IOLockWrapper.hpp */,
				34F14BBE0E867884001C15F3 /* NumHeldDownKeys.cpp */,
				34F14BBF0E867884001C15F3 /* NumHeldDownKeys.hpp */,
				34F14BB60E862109001C15F3 /* ListHookedPointing.cpp */,
				34F14BB70E862109001C15F3 /* ListHookedPointing.hpp */,
				34F14BB20E86205E001C15F3 /* ListHookedKeyboard.cpp */,
				34F14BB30E86205E001C15F3 /* ListHookedKeyboard.hpp */,
				34F14BAC0E861FC5001C15F3 /* CallBackWrapper.cpp */,
				34F14BAD0E861FC5001C15F3 /* CallBackWrapper.hpp */,
				34012A6C0E7AED010069FE39 /* TimerWrapper.cpp */,
				34012A6D0E7AED010069FE39 /* TimerWrapper.hpp */,
				34F13A840E73E69D006EB163 /* IntervalChecker.cpp */,
				34F13A850E73E69D006EB163 /* IntervalChecker.hpp */,
				346B753C0E72C0BA00F9A79F /* FlagStatus.cpp */,
				346B753D0E72C0BA00F9A79F /* FlagStatus.hpp */,
				349581060E7232A5003773EC /* PressDownKeys.cpp */,
				349581070E7232A5003773EC /* PressDownKeys.hpp */,
			);
			name = util;
			sourceTree = "<group>";
		};
/* End PBXGroup section */

/* Begin PBXHeadersBuildPhase section */
		32D94FC50562CBF700B6AF17 /* Headers */ = {
			isa = PBXHeadersBuildPhase;
			buildActionMask = 2147483647;
			files = (
				34C7A9B00CE4605B00C98397 /* Config.hpp in Headers */,
				348ED8360CE4680F00E179EC /* remap.hpp in Headers */,
				348ED83A0CE4682000E179EC /* version.hpp in Headers */,
				348ED8490CE47D9D00E179EC /* RemapUtil.hpp in Headers */,
				34FB835F0CE5DBFF00BD6A24 /* base.hpp in Headers */,
				345B06AE0DB21A88000023FD /* Client.hpp in Headers */,
				345B06B80DB21ABF000023FD /* bridge.hpp in Headers */,
				349581090E7232A5003773EC /* PressDownKeys.hpp in Headers */,
				346B753F0E72C0BA00F9A79F /* FlagStatus.hpp in Headers */,
				34F13A870E73E69D006EB163 /* IntervalChecker.hpp in Headers */,
				34012A6F0E7AED010069FE39 /* TimerWrapper.hpp in Headers */,
				345004AE0E7CE48F0075324B /* Core.hpp in Headers */,
				345004B00E7CE48F0075324B /* Driver.hpp in Headers */,
				34F14BAF0E861FC5001C15F3 /* CallBackWrapper.hpp in Headers */,
				34F14BB50E86205E001C15F3 /* ListHookedKeyboard.hpp in Headers */,
				34F14BB90E862109001C15F3 /* ListHookedPointing.hpp in Headers */,
				34F14BC10E867884001C15F3 /* NumHeldDownKeys.hpp in Headers */,
				34AA1F361065B1EE00E9A418 /* ListHookedDevice.hpp in Headers */,
				34A59B891065C00B0048D1E7 /* ListHookedConsumer.hpp in Headers */,
				3465DB6010A2E93300DFCEC5 /* IOLockWrapper.hpp in Headers */,
				3459F55D10C418D700DAB1FE /* KeyboardRepeat.hpp in Headers */,
				3430E93410C558CA00FC2D64 /* EventWatcher.hpp in Headers */,
				34A7883110CBD79100DF72FD /* KeyCode.hpp in Headers */,
				34A7884810CBF92D00DF72FD /* CommonData.hpp in Headers */,
				3456837D10DA734200D7E2E6 /* VirtualKey.hpp in Headers */,
				3453149310FB44D3005EBFAF /* auto_ptr.hpp in Headers */,
				340E0BFE111489020030A382 /* KeyFloodChecker.hpp in Headers */,
				347A27EB1168C09F00EB155B /* KeyEventInputQueue.hpp in Headers */,
				34C382D611BB3F3600EFB9A6 /* Queue.hpp in Headers */,
				34CFB93311C340B000E5E7F9 /* ButtonStatus.hpp in Headers */,
				3475BBFF11CEDC5F007BC76A /* FromKeyChecker.hpp in Headers */,
				3477E3BC11CFAC9D00DC05C9 /* RemapClass.hpp in Headers */,
			);
			runOnlyForDeploymentPostprocessing = 0;
		};
/* End PBXHeadersBuildPhase section */

/* Begin PBXNativeTarget section */
		32D94FC30562CBF700B6AF17 /* KeyRemap4MacBook */ = {
			isa = PBXNativeTarget;
			buildConfigurationList = 1DEB91D908733DB10010E9CD /* Build configuration list for PBXNativeTarget "KeyRemap4MacBook" */;
			buildPhases = (
				32D94FC50562CBF700B6AF17 /* Headers */,
				32D94FC70562CBF700B6AF17 /* Resources */,
				32D94FC90562CBF700B6AF17 /* Sources */,
				32D94FCB0562CBF700B6AF17 /* Frameworks */,
				32D94FCC0562CBF700B6AF17 /* Rez */,
			);
			buildRules = (
			);
			dependencies = (
			);
			name = KeyRemap4MacBook;
			productInstallPath = "$(SYSTEM_LIBRARY_DIR)/Extensions";
			productName = KeyRemap4MacBook;
			productReference = 32D94FD00562CBF700B6AF17 /* KeyRemap4MacBook.kext */;
			productType = "com.apple.product-type.kernel-extension.iokit";
		};
/* End PBXNativeTarget section */

/* Begin PBXProject section */
		089C1669FE841209C02AAC07 /* Project object */ = {
			isa = PBXProject;
			buildConfigurationList = 1DEB91DD08733DB10010E9CD /* Build configuration list for PBXProject "KeyRemap4MacBook" */;
			compatibilityVersion = "Xcode 3.2";
			hasScannedForEncodings = 1;
			mainGroup = 089C166AFE841209C02AAC07 /* KeyRemap4MacBook */;
			projectDirPath = "";
			projectRoot = "";
			targets = (
				32D94FC30562CBF700B6AF17 /* KeyRemap4MacBook */,
			);
		};
/* End PBXProject section */

/* Begin PBXResourcesBuildPhase section */
		32D94FC70562CBF700B6AF17 /* Resources */ = {
			isa = PBXResourcesBuildPhase;
			buildActionMask = 2147483647;
			files = (
				32D94FC80562CBF700B6AF17 /* InfoPlist.strings in Resources */,
			);
			runOnlyForDeploymentPostprocessing = 0;
		};
/* End PBXResourcesBuildPhase section */

/* Begin PBXRezBuildPhase section */
		32D94FCC0562CBF700B6AF17 /* Rez */ = {
			isa = PBXRezBuildPhase;
			buildActionMask = 2147483647;
			files = (
			);
			runOnlyForDeploymentPostprocessing = 0;
		};
/* End PBXRezBuildPhase section */

/* Begin PBXSourcesBuildPhase section */
		32D94FC90562CBF700B6AF17 /* Sources */ = {
			isa = PBXSourcesBuildPhase;
			buildActionMask = 2147483647;
			files = (
				34C7A9A20CE45EA400C98397 /* Config.cpp in Sources */,
				348ED8340CE467FD00E179EC /* remap.cpp in Sources */,
				348ED8470CE47D9400E179EC /* RemapUtil.cpp in Sources */,
				345B06AD0DB21A88000023FD /* Client.cpp in Sources */,
				349581080E7232A5003773EC /* PressDownKeys.cpp in Sources */,
				346B753E0E72C0BA00F9A79F /* FlagStatus.cpp in Sources */,
				34F13A860E73E69D006EB163 /* IntervalChecker.cpp in Sources */,
				34012A6E0E7AED010069FE39 /* TimerWrapper.cpp in Sources */,
				345004AD0E7CE48F0075324B /* Core.cpp in Sources */,
				345004AF0E7CE48F0075324B /* Driver.cpp in Sources */,
				34F14BAE0E861FC5001C15F3 /* CallBackWrapper.cpp in Sources */,
				34F14BB40E86205E001C15F3 /* ListHookedKeyboard.cpp in Sources */,
				34F14BB80E862109001C15F3 /* ListHookedPointing.cpp in Sources */,
				34F14BC00E867884001C15F3 /* NumHeldDownKeys.cpp in Sources */,
				34AA1F351065B1EE00E9A418 /* ListHookedDevice.cpp in Sources */,
				34A59B881065C00B0048D1E7 /* ListHookedConsumer.cpp in Sources */,
				3459F55C10C418D700DAB1FE /* KeyboardRepeat.cpp in Sources */,
				3430E93310C558CA00FC2D64 /* EventWatcher.cpp in Sources */,
				34A7883010CBD79100DF72FD /* KeyCode.cpp in Sources */,
				34A7885110CBFBDC00DF72FD /* CommonData.cpp in Sources */,
				3456837C10DA734200D7E2E6 /* VirtualKey.cpp in Sources */,
				340E0BFD111489020030A382 /* KeyFloodChecker.cpp in Sources */,
				347A27EA1168C09F00EB155B /* KeyEventInputQueue.cpp in Sources */,
				34C382D511BB3F3600EFB9A6 /* Queue.cpp in Sources */,
				34CFB93211C340B000E5E7F9 /* ButtonStatus.cpp in Sources */,
				3477E3BB11CFAC9D00DC05C9 /* RemapClass.cpp in Sources */,
			);
			runOnlyForDeploymentPostprocessing = 0;
		};
/* End PBXSourcesBuildPhase section */

/* Begin PBXVariantGroup section */
		089C167DFE841241C02AAC07 /* InfoPlist.strings */ = {
			isa = PBXVariantGroup;
			children = (
				089C167EFE841241C02AAC07 /* English */,
			);
			name = InfoPlist.strings;
			sourceTree = "<group>";
		};
/* End PBXVariantGroup section */

/* Begin XCBuildConfiguration section */
		1DEB91DB08733DB10010E9CD /* Release */ = {
			isa = XCBuildConfiguration;
			buildSettings = {
				CURRENT_PROJECT_VERSION = 1.0.0d1;
				GCC_MODEL_TUNING = G5;
				INFOPLIST_FILE = Info.plist;
				INFOPLIST_PREPROCESS = YES;
				INSTALL_PATH = "$(SYSTEM_LIBRARY_DIR)/Extensions";
				MODULE_NAME = org.pqrs.driver.KeyRemap4MacBook;
				MODULE_VERSION = 1.0.0d1;
				PRODUCT_NAME = KeyRemap4MacBook;
				WRAPPER_EXTENSION = kext;
			};
			name = Release;
		};
		1DEB91DF08733DB10010E9CD /* Release */ = {
			isa = XCBuildConfiguration;
			buildSettings = {
				ARCHS = "$(ARCHS_STANDARD_32_64_BIT)";
				GCC_ENABLE_KERNEL_DEVELOPMENT = YES;
				GCC_ENABLE_OBJC_GC = supported;
				GCC_GENERATE_DEBUGGING_SYMBOLS = NO;
				GCC_OPTIMIZATION_LEVEL = s;
				GCC_TREAT_WARNINGS_AS_ERRORS = YES;
				GCC_VERSION = com.apple.compilers.llvmgcc42;
				GCC_WARN_64_TO_32_BIT_CONVERSION = YES;
				GCC_WARN_ABOUT_MISSING_NEWLINE = YES;
				GCC_WARN_ABOUT_MISSING_PROTOTYPES = YES;
				GCC_WARN_ABOUT_RETURN_TYPE = YES;
				GCC_WARN_CHECK_SWITCH_STATEMENTS = YES;
				GCC_WARN_MISSING_PARENTHESES = YES;
				GCC_WARN_SHADOW = YES;
				GCC_WARN_SIGN_COMPARE = YES;
				GCC_WARN_UNINITIALIZED_AUTOS = YES;
				GCC_WARN_UNUSED_FUNCTION = YES;
				GCC_WARN_UNUSED_LABEL = YES;
				GCC_WARN_UNUSED_VALUE = YES;
				GCC_WARN_UNUSED_VARIABLE = YES;
				OTHER_CFLAGS = "-no-cpp-precomp";
				OTHER_CPLUSPLUSFLAGS = "-no-cpp-precomp";
				PREBINDING = NO;
				PRECOMPS_INCLUDE_HEADERS_FROM_BUILT_PRODUCTS_DIR = YES;
				SDKROOT = macosx10.6;
				VALID_ARCHS = "i386 x86_64";
			};
			name = Release;
		};
/* End XCBuildConfiguration section */

/* Begin XCConfigurationList section */
		1DEB91D908733DB10010E9CD /* Build configuration list for PBXNativeTarget "KeyRemap4MacBook" */ = {
			isa = XCConfigurationList;
			buildConfigurations = (
				1DEB91DB08733DB10010E9CD /* Release */,
			);
			defaultConfigurationIsVisible = 0;
			defaultConfigurationName = Release;
		};
		1DEB91DD08733DB10010E9CD /* Build configuration list for PBXProject "KeyRemap4MacBook" */ = {
			isa = XCConfigurationList;
			buildConfigurations = (
				1DEB91DF08733DB10010E9CD /* Release */,
			);
			defaultConfigurationIsVisible = 0;
			defaultConfigurationName = Release;
		};
/* End XCConfigurationList section */
	};
	rootObject = 089C1669FE841209C02AAC07 /* Project object */;
}
