// !$*UTF8*$!
{
	archiveVersion = 1;
	classes = {
	};
	objectVersion = 42;
	objects = {

/* Begin PBXBuildFile section */
		3412EA110D94225F0007906B /* Common.h in Headers */ = {isa = PBXBuildFile; fileRef = 3412EA0F0D94225F0007906B /* Common.h */; };
		3412EA120D94225F0007906B /* Common.m in Sources */ = {isa = PBXBuildFile; fileRef = 3412EA100D94225F0007906B /* Common.m */; };
		346842E30DC87D910094A095 /* OutlineViewUtil.h in Headers */ = {isa = PBXBuildFile; fileRef = 346842E10DC87D910094A095 /* OutlineViewUtil.h */; };
		346842E40DC87D910094A095 /* OutlineViewUtil.m in Sources */ = {isa = PBXBuildFile; fileRef = 346842E20DC87D910094A095 /* OutlineViewUtil.m */; };
		349FDBBF0D545C2200EED33C /* Security.framework in Frameworks */ = {isa = PBXBuildFile; fileRef = 349FDBBE0D545C2200EED33C /* Security.framework */; };
		34A482980D94ECD7002CF803 /* XMLTreeWrapper.h in Headers */ = {isa = PBXBuildFile; fileRef = 34A482960D94ECD7002CF803 /* XMLTreeWrapper.h */; };
		34A482990D94ECD7002CF803 /* XMLTreeWrapper.m in Sources */ = {isa = PBXBuildFile; fileRef = 34A482970D94ECD7002CF803 /* XMLTreeWrapper.m */; };
		34CBFDDB0D94CEC00087D9DB /* OutlineView_checkbox.h in Headers */ = {isa = PBXBuildFile; fileRef = 34CBFDD50D94CEC00087D9DB /* OutlineView_checkbox.h */; };
		34CBFDDC0D94CEC00087D9DB /* OutlineView_checkbox.m in Sources */ = {isa = PBXBuildFile; fileRef = 34CBFDD60D94CEC00087D9DB /* OutlineView_checkbox.m */; };
		34CBFDDD0D94CEC00087D9DB /* OutlineView_number.h in Headers */ = {isa = PBXBuildFile; fileRef = 34CBFDD70D94CEC00087D9DB /* OutlineView_number.h */; };
		34CBFDDE0D94CEC00087D9DB /* OutlineView_number.m in Sources */ = {isa = PBXBuildFile; fileRef = 34CBFDD80D94CEC00087D9DB /* OutlineView_number.m */; };
		34E409DB0D54C4C1008441E7 /* SysctlWrapper.h in Headers */ = {isa = PBXBuildFile; fileRef = 34E409D70D54C4C1008441E7 /* SysctlWrapper.h */; };
		34E409DC0D54C4C1008441E7 /* SysctlWrapper.m in Sources */ = {isa = PBXBuildFile; fileRef = 34E409D80D54C4C1008441E7 /* SysctlWrapper.m */; };
		8D202CEA0486D31800D8A456 /* KeyRemap4MacBook_Prefix.pch in Headers */ = {isa = PBXBuildFile; fileRef = 32DBCFA20370C41700C91783 /* KeyRemap4MacBook_Prefix.pch */; };
		8D202CEB0486D31800D8A456 /* KeyRemap4MacBookPref.h in Headers */ = {isa = PBXBuildFile; fileRef = F506C03C013D9D7901CA16C8 /* KeyRemap4MacBookPref.h */; };
		8D202CED0486D31800D8A456 /* InfoPlist.strings in Resources */ = {isa = PBXBuildFile; fileRef = 089C167DFE841241C02AAC07 /* InfoPlist.strings */; };
		8D202CEE0486D31800D8A456 /* KeyRemap4MacBookPref.tiff in Resources */ = {isa = PBXBuildFile; fileRef = F506C040013D9D8001CA16C8 /* KeyRemap4MacBookPref.tiff */; };
		8D202CEF0486D31800D8A456 /* KeyRemap4MacBookPref.nib in Resources */ = {isa = PBXBuildFile; fileRef = F506C042013D9D8C01CA16C8 /* KeyRemap4MacBookPref.nib */; };
		8D202CF10486D31800D8A456 /* KeyRemap4MacBookPref.m in Sources */ = {isa = PBXBuildFile; fileRef = F506C03D013D9D7901CA16C8 /* KeyRemap4MacBookPref.m */; };
		8D202CF30486D31800D8A456 /* Cocoa.framework in Frameworks */ = {isa = PBXBuildFile; fileRef = 1058C7ADFEA557BF11CA2CBB /* Cocoa.framework */; };
		8D202CF40486D31800D8A456 /* PreferencePanes.framework in Frameworks */ = {isa = PBXBuildFile; fileRef = F506C035013D953901CA16C8 /* PreferencePanes.framework */; };
/* End PBXBuildFile section */

/* Begin PBXFileReference section */
		089C1672FE841209C02AAC07 /* Foundation.framework */ = {isa = PBXFileReference; lastKnownFileType = wrapper.framework; name = Foundation.framework; path = /System/Library/Frameworks/Foundation.framework; sourceTree = "<absolute>"; };
		089C167EFE841241C02AAC07 /* English */ = {isa = PBXFileReference; fileEncoding = 10; lastKnownFileType = text.plist.strings; name = English; path = English.lproj/InfoPlist.strings; sourceTree = "<group>"; };
		089C167FFE841241C02AAC07 /* AppKit.framework */ = {isa = PBXFileReference; lastKnownFileType = wrapper.framework; name = AppKit.framework; path = /System/Library/Frameworks/AppKit.framework; sourceTree = "<absolute>"; };
		1058C7ADFEA557BF11CA2CBB /* Cocoa.framework */ = {isa = PBXFileReference; lastKnownFileType = wrapper.framework; name = Cocoa.framework; path = /System/Library/Frameworks/Cocoa.framework; sourceTree = "<absolute>"; };
		32DBCFA20370C41700C91783 /* KeyRemap4MacBook_Prefix.pch */ = {isa = PBXFileReference; fileEncoding = 4; lastKnownFileType = sourcecode.c.h; path = KeyRemap4MacBook_Prefix.pch; sourceTree = "<group>"; };
		3412EA0F0D94225F0007906B /* Common.h */ = {isa = PBXFileReference; fileEncoding = 4; lastKnownFileType = sourcecode.c.h; path = Common.h; sourceTree = "<group>"; };
		3412EA100D94225F0007906B /* Common.m */ = {isa = PBXFileReference; fileEncoding = 4; lastKnownFileType = sourcecode.c.objc; path = Common.m; sourceTree = "<group>"; };
		346842E10DC87D910094A095 /* OutlineViewUtil.h */ = {isa = PBXFileReference; fileEncoding = 4; lastKnownFileType = sourcecode.c.h; name = OutlineViewUtil.h; path = sharecode/OutlineViewUtil.h; sourceTree = "<group>"; };
		346842E20DC87D910094A095 /* OutlineViewUtil.m */ = {isa = PBXFileReference; fileEncoding = 4; lastKnownFileType = sourcecode.c.objc; name = OutlineViewUtil.m; path = sharecode/OutlineViewUtil.m; sourceTree = "<group>"; };
		349FDBBE0D545C2200EED33C /* Security.framework */ = {isa = PBXFileReference; lastKnownFileType = wrapper.framework; name = Security.framework; path = /System/Library/Frameworks/Security.framework; sourceTree = "<absolute>"; };
		34A482960D94ECD7002CF803 /* XMLTreeWrapper.h */ = {isa = PBXFileReference; fileEncoding = 4; lastKnownFileType = sourcecode.c.h; name = XMLTreeWrapper.h; path = sharecode/XMLTreeWrapper.h; sourceTree = "<group>"; };
		34A482970D94ECD7002CF803 /* XMLTreeWrapper.m */ = {isa = PBXFileReference; fileEncoding = 4; lastKnownFileType = sourcecode.c.objc; name = XMLTreeWrapper.m; path = sharecode/XMLTreeWrapper.m; sourceTree = "<group>"; };
		34CBFDD50D94CEC00087D9DB /* OutlineView_checkbox.h */ = {isa = PBXFileReference; fileEncoding = 4; lastKnownFileType = sourcecode.c.h; path = OutlineView_checkbox.h; sourceTree = "<group>"; };
		34CBFDD60D94CEC00087D9DB /* OutlineView_checkbox.m */ = {isa = PBXFileReference; fileEncoding = 4; lastKnownFileType = sourcecode.c.objc; path = OutlineView_checkbox.m; sourceTree = "<group>"; };
		34CBFDD70D94CEC00087D9DB /* OutlineView_number.h */ = {isa = PBXFileReference; fileEncoding = 4; lastKnownFileType = sourcecode.c.h; path = OutlineView_number.h; sourceTree = "<group>"; };
		34CBFDD80D94CEC00087D9DB /* OutlineView_number.m */ = {isa = PBXFileReference; fileEncoding = 4; lastKnownFileType = sourcecode.c.objc; path = OutlineView_number.m; sourceTree = "<group>"; };
		34E409D70D54C4C1008441E7 /* SysctlWrapper.h */ = {isa = PBXFileReference; fileEncoding = 4; lastKnownFileType = sourcecode.c.h; name = SysctlWrapper.h; path = sharecode/SysctlWrapper.h; sourceTree = "<group>"; };
		34E409D80D54C4C1008441E7 /* SysctlWrapper.m */ = {isa = PBXFileReference; fileEncoding = 4; lastKnownFileType = sourcecode.c.objc; name = SysctlWrapper.m; path = sharecode/SysctlWrapper.m; sourceTree = "<group>"; };
		8D202CF70486D31800D8A456 /* Info.plist */ = {isa = PBXFileReference; fileEncoding = 4; lastKnownFileType = text.plist; path = Info.plist; sourceTree = "<group>"; };
		8D202CF80486D31800D8A456 /* KeyRemap4MacBook.prefPane */ = {isa = PBXFileReference; explicitFileType = wrapper.cfbundle; includeInIndex = 0; path = KeyRemap4MacBook.prefPane; sourceTree = BUILT_PRODUCTS_DIR; };
		F506C035013D953901CA16C8 /* PreferencePanes.framework */ = {isa = PBXFileReference; lastKnownFileType = wrapper.framework; name = PreferencePanes.framework; path = /System/Library/Frameworks/PreferencePanes.framework; sourceTree = "<absolute>"; };
		F506C03C013D9D7901CA16C8 /* KeyRemap4MacBookPref.h */ = {isa = PBXFileReference; fileEncoding = 4; lastKnownFileType = sourcecode.c.h; path = KeyRemap4MacBookPref.h; sourceTree = "<group>"; };
		F506C03D013D9D7901CA16C8 /* KeyRemap4MacBookPref.m */ = {isa = PBXFileReference; fileEncoding = 4; lastKnownFileType = sourcecode.c.objc; path = KeyRemap4MacBookPref.m; sourceTree = "<group>"; };
		F506C040013D9D8001CA16C8 /* KeyRemap4MacBookPref.tiff */ = {isa = PBXFileReference; lastKnownFileType = image.tiff; path = KeyRemap4MacBookPref.tiff; sourceTree = "<group>"; };
		F506C043013D9D8C01CA16C8 /* English */ = {isa = PBXFileReference; lastKnownFileType = wrapper.nib; name = English; path = English.lproj/KeyRemap4MacBookPref.nib; sourceTree = "<group>"; };
/* End PBXFileReference section */

/* Begin PBXFrameworksBuildPhase section */
		8D202CF20486D31800D8A456 /* Frameworks */ = {
			isa = PBXFrameworksBuildPhase;
			buildActionMask = 2147483647;
			files = (
				8D202CF30486D31800D8A456 /* Cocoa.framework in Frameworks */,
				8D202CF40486D31800D8A456 /* PreferencePanes.framework in Frameworks */,
				349FDBBF0D545C2200EED33C /* Security.framework in Frameworks */,
			);
			runOnlyForDeploymentPostprocessing = 0;
		};
/* End PBXFrameworksBuildPhase section */

/* Begin PBXGroup section */
		089C166AFE841209C02AAC07 /* KeyRemap4MacBook */ = {
			isa = PBXGroup;
			children = (
				08FB77AFFE84173DC02AAC07 /* Classes */,
				32DBCFA10370C40200C91783 /* Other Sources */,
				089C167CFE841241C02AAC07 /* Resources */,
				089C1671FE841209C02AAC07 /* Frameworks and Libraries */,
				19C28FB8FE9D52D311CA2CBB /* Products */,
			);
			name = KeyRemap4MacBook;
			sourceTree = "<group>";
		};
		089C1671FE841209C02AAC07 /* Frameworks and Libraries */ = {
			isa = PBXGroup;
			children = (
				349FDBBE0D545C2200EED33C /* Security.framework */,
				1058C7ACFEA557BF11CA2CBB /* Linked Frameworks */,
				1058C7AEFEA557BF11CA2CBB /* Other Frameworks */,
			);
			name = "Frameworks and Libraries";
			sourceTree = "<group>";
		};
		089C167CFE841241C02AAC07 /* Resources */ = {
			isa = PBXGroup;
			children = (
				8D202CF70486D31800D8A456 /* Info.plist */,
				089C167DFE841241C02AAC07 /* InfoPlist.strings */,
				F506C040013D9D8001CA16C8 /* KeyRemap4MacBookPref.tiff */,
				F506C042013D9D8C01CA16C8 /* KeyRemap4MacBookPref.nib */,
			);
			name = Resources;
			sourceTree = "<group>";
		};
		08FB77AFFE84173DC02AAC07 /* Classes */ = {
			isa = PBXGroup;
			children = (
				346842E10DC87D910094A095 /* OutlineViewUtil.h */,
				346842E20DC87D910094A095 /* OutlineViewUtil.m */,
				34A482960D94ECD7002CF803 /* XMLTreeWrapper.h */,
				34A482970D94ECD7002CF803 /* XMLTreeWrapper.m */,
				34CBFDD50D94CEC00087D9DB /* OutlineView_checkbox.h */,
				34CBFDD60D94CEC00087D9DB /* OutlineView_checkbox.m */,
				34CBFDD70D94CEC00087D9DB /* OutlineView_number.h */,
				34CBFDD80D94CEC00087D9DB /* OutlineView_number.m */,
				3412EA0F0D94225F0007906B /* Common.h */,
				3412EA100D94225F0007906B /* Common.m */,
				34E409D70D54C4C1008441E7 /* SysctlWrapper.h */,
				34E409D80D54C4C1008441E7 /* SysctlWrapper.m */,
				F506C03C013D9D7901CA16C8 /* KeyRemap4MacBookPref.h */,
				F506C03D013D9D7901CA16C8 /* KeyRemap4MacBookPref.m */,
			);
			name = Classes;
			sourceTree = "<group>";
		};
		1058C7ACFEA557BF11CA2CBB /* Linked Frameworks */ = {
			isa = PBXGroup;
			children = (
				1058C7ADFEA557BF11CA2CBB /* Cocoa.framework */,
				F506C035013D953901CA16C8 /* PreferencePanes.framework */,
			);
			name = "Linked Frameworks";
			sourceTree = "<group>";
		};
		1058C7AEFEA557BF11CA2CBB /* Other Frameworks */ = {
			isa = PBXGroup;
			children = (
				089C1672FE841209C02AAC07 /* Foundation.framework */,
				089C167FFE841241C02AAC07 /* AppKit.framework */,
			);
			name = "Other Frameworks";
			sourceTree = "<group>";
		};
		19C28FB8FE9D52D311CA2CBB /* Products */ = {
			isa = PBXGroup;
			children = (
				8D202CF80486D31800D8A456 /* KeyRemap4MacBook.prefPane */,
			);
			name = Products;
			sourceTree = "<group>";
		};
		32DBCFA10370C40200C91783 /* Other Sources */ = {
			isa = PBXGroup;
			children = (
				32DBCFA20370C41700C91783 /* KeyRemap4MacBook_Prefix.pch */,
			);
			name = "Other Sources";
			sourceTree = "<group>";
		};
/* End PBXGroup section */

/* Begin PBXHeadersBuildPhase section */
		8D202CE90486D31800D8A456 /* Headers */ = {
			isa = PBXHeadersBuildPhase;
			buildActionMask = 2147483647;
			files = (
				8D202CEA0486D31800D8A456 /* KeyRemap4MacBook_Prefix.pch in Headers */,
				8D202CEB0486D31800D8A456 /* KeyRemap4MacBookPref.h in Headers */,
				34E409DB0D54C4C1008441E7 /* SysctlWrapper.h in Headers */,
				3412EA110D94225F0007906B /* Common.h in Headers */,
				34CBFDDB0D94CEC00087D9DB /* OutlineView_checkbox.h in Headers */,
				34CBFDDD0D94CEC00087D9DB /* OutlineView_number.h in Headers */,
				34A482980D94ECD7002CF803 /* XMLTreeWrapper.h in Headers */,
				346842E30DC87D910094A095 /* OutlineViewUtil.h in Headers */,
			);
			runOnlyForDeploymentPostprocessing = 0;
		};
/* End PBXHeadersBuildPhase section */

/* Begin PBXNativeTarget section */
		8D202CE80486D31800D8A456 /* KeyRemap4MacBook */ = {
			isa = PBXNativeTarget;
			buildConfigurationList = 1DBD214808BA80EA00186707 /* Build configuration list for PBXNativeTarget "KeyRemap4MacBook" */;
			buildPhases = (
				8D202CE90486D31800D8A456 /* Headers */,
				8D202CEC0486D31800D8A456 /* Resources */,
				8D202CF00486D31800D8A456 /* Sources */,
				8D202CF20486D31800D8A456 /* Frameworks */,
				8D202CF50486D31800D8A456 /* Rez */,
			);
			buildRules = (
			);
			dependencies = (
			);
			name = KeyRemap4MacBook;
			productInstallPath = "$(HOME)/Library/PreferencePanes";
			productName = KeyRemap4MacBook;
			productReference = 8D202CF80486D31800D8A456 /* KeyRemap4MacBook.prefPane */;
			productType = "com.apple.product-type.bundle";
		};
/* End PBXNativeTarget section */

/* Begin PBXProject section */
		089C1669FE841209C02AAC07 /* Project object */ = {
			isa = PBXProject;
			buildConfigurationList = 1DBD214C08BA80EA00186707 /* Build configuration list for PBXProject "KeyRemap4MacBook" */;
			compatibilityVersion = "Xcode 2.4";
			hasScannedForEncodings = 1;
			mainGroup = 089C166AFE841209C02AAC07 /* KeyRemap4MacBook */;
			projectDirPath = "";
			projectRoot = "";
			targets = (
				8D202CE80486D31800D8A456 /* KeyRemap4MacBook */,
			);
		};
/* End PBXProject section */

/* Begin PBXResourcesBuildPhase section */
		8D202CEC0486D31800D8A456 /* Resources */ = {
			isa = PBXResourcesBuildPhase;
			buildActionMask = 2147483647;
			files = (
				8D202CED0486D31800D8A456 /* InfoPlist.strings in Resources */,
				8D202CEE0486D31800D8A456 /* KeyRemap4MacBookPref.tiff in Resources */,
				8D202CEF0486D31800D8A456 /* KeyRemap4MacBookPref.nib in Resources */,
			);
			runOnlyForDeploymentPostprocessing = 0;
		};
/* End PBXResourcesBuildPhase section */

/* Begin PBXRezBuildPhase section */
		8D202CF50486D31800D8A456 /* Rez */ = {
			isa = PBXRezBuildPhase;
			buildActionMask = 2147483647;
			files = (
			);
			runOnlyForDeploymentPostprocessing = 0;
		};
/* End PBXRezBuildPhase section */

/* Begin PBXSourcesBuildPhase section */
		8D202CF00486D31800D8A456 /* Sources */ = {
			isa = PBXSourcesBuildPhase;
			buildActionMask = 2147483647;
			files = (
				8D202CF10486D31800D8A456 /* KeyRemap4MacBookPref.m in Sources */,
				34E409DC0D54C4C1008441E7 /* SysctlWrapper.m in Sources */,
				3412EA120D94225F0007906B /* Common.m in Sources */,
				34CBFDDC0D94CEC00087D9DB /* OutlineView_checkbox.m in Sources */,
				34CBFDDE0D94CEC00087D9DB /* OutlineView_number.m in Sources */,
				34A482990D94ECD7002CF803 /* XMLTreeWrapper.m in Sources */,
				346842E40DC87D910094A095 /* OutlineViewUtil.m in Sources */,
			);
			runOnlyForDeploymentPostprocessing = 0;
		};
/* End PBXSourcesBuildPhase section */

/* Begin PBXVariantGroup section */
		089C167DFE841241C02AAC07 /* InfoPlist.strings */ = {
			isa = PBXVariantGroup;
			children = (
				089C167EFE841241C02AAC07 /* English */,
			);
			name = InfoPlist.strings;
			sourceTree = "<group>";
		};
		F506C042013D9D8C01CA16C8 /* KeyRemap4MacBookPref.nib */ = {
			isa = PBXVariantGroup;
			children = (
				F506C043013D9D8C01CA16C8 /* English */,
			);
			name = KeyRemap4MacBookPref.nib;
			sourceTree = "<group>";
		};
/* End PBXVariantGroup section */

/* Begin XCBuildConfiguration section */
		1DBD214908BA80EA00186707 /* Debug */ = {
			isa = XCBuildConfiguration;
			buildSettings = {
				COPY_PHASE_STRIP = NO;
				GCC_DYNAMIC_NO_PIC = NO;
				GCC_ENABLE_FIX_AND_CONTINUE = YES;
				GCC_MODEL_TUNING = G5;
				GCC_OPTIMIZATION_LEVEL = 0;
				GCC_PRECOMPILE_PREFIX_HEADER = YES;
				GCC_PREFIX_HEADER = KeyRemap4MacBook_Prefix.pch;
				INFOPLIST_FILE = Info.plist;
				INSTALL_PATH = "$(HOME)/Library/PreferencePanes";
				PRODUCT_NAME = KeyRemap4MacBook;
				WRAPPER_EXTENSION = prefPane;
				ZERO_LINK = YES;
			};
			name = Debug;
		};
		1DBD214A08BA80EA00186707 /* Release */ = {
			isa = XCBuildConfiguration;
			buildSettings = {
				DEBUG_INFORMATION_FORMAT = "dwarf-with-dsym";
				GCC_MODEL_TUNING = G5;
				GCC_PRECOMPILE_PREFIX_HEADER = YES;
				GCC_PREFIX_HEADER = KeyRemap4MacBook_Prefix.pch;
				INFOPLIST_FILE = Info.plist;
				INSTALL_PATH = "$(HOME)/Library/PreferencePanes";
				PRODUCT_NAME = KeyRemap4MacBook;
				WRAPPER_EXTENSION = prefPane;
			};
			name = Release;
		};
		1DBD214D08BA80EA00186707 /* Debug */ = {
			isa = XCBuildConfiguration;
			buildSettings = {
				GCC_WARN_ABOUT_RETURN_TYPE = YES;
				GCC_WARN_UNUSED_VARIABLE = YES;
				PREBINDING = NO;
				SDKROOT = /Developer/SDKs/MacOSX10.4u.sdk;
			};
			name = Debug;
		};
		1DBD214E08BA80EA00186707 /* Release */ = {
			isa = XCBuildConfiguration;
			buildSettings = {
				ARCHS = (
					ppc,
					i386,
				);
				GCC_WARN_ABOUT_RETURN_TYPE = YES;
				GCC_WARN_UNUSED_VARIABLE = YES;
				PREBINDING = NO;
				SDKROOT = /Developer/SDKs/MacOSX10.4u.sdk;
			};
			name = Release;
		};
/* End XCBuildConfiguration section */

/* Begin XCConfigurationList section */
		1DBD214808BA80EA00186707 /* Build configuration list for PBXNativeTarget "KeyRemap4MacBook" */ = {
			isa = XCConfigurationList;
			buildConfigurations = (
				1DBD214908BA80EA00186707 /* Debug */,
				1DBD214A08BA80EA00186707 /* Release */,
			);
			defaultConfigurationIsVisible = 0;
			defaultConfigurationName = Release;
		};
		1DBD214C08BA80EA00186707 /* Build configuration list for PBXProject "KeyRemap4MacBook" */ = {
			isa = XCConfigurationList;
			buildConfigurations = (
				1DBD214D08BA80EA00186707 /* Debug */,
				1DBD214E08BA80EA00186707 /* Release */,
			);
			defaultConfigurationIsVisible = 0;
			defaultConfigurationName = Release;
		};
/* End XCConfigurationList section */
	};
	rootObject = 089C1669FE841209C02AAC07 /* Project object */;
}
